
Microsoft Visual Studio Solution File, Format Version 12.00
# Visual Studio 14
VisualStudioVersion = 14.0.22823.1
MinimumVisualStudioVersion = 10.0.40219.1
Project("{FAE04EC0-301F-11D3-BF4B-00C04F79EFBC}") = "Pegasus.Phone.XF.Droid", "Pegasus.Phone.XF\Pegasus.Phone.XF.Droid\Pegasus.Phone.XF.Droid.csproj", "{1BCD305A-1CFC-4A8A-BBF9-922418B6B10B}"
EndProject
Project("{FAE04EC0-301F-11D3-BF4B-00C04F79EFBC}") = "Piraeus.ServiceModel.Protocols.Coap.Phone", "Piraeus.ServiceModel.Protocols.Coap.Phone\Piraeus.ServiceModel.Protocols.Coap.Phone.csproj", "{F4297D99-D786-4F0D-944B-77EA9E4B13A9}"
EndProject
Project("{FAE04EC0-301F-11D3-BF4B-00C04F79EFBC}") = "Piraeus.ServiceModel.Protocols.Coap.Phone.PCLTimer", "Piraeus.ServiceModel.Protocols.Coap.Phone.PCLTimer\Piraeus.ServiceModel.Protocols.Coap.Phone.PCLTimer.csproj", "{990C1D79-A460-40B9-AA26-F8790FE3BD6B}"
EndProject
Project("{FAE04EC0-301F-11D3-BF4B-00C04F79EFBC}") = "Pegasus.Data", "..\Shared\Pegasus.Data\Pegasus.Data.csproj", "{F3033E0C-1DB5-406E-B6A7-E1C794FAD7F3}"
EndProject
Project("{FAE04EC0-301F-11D3-BF4B-00C04F79EFBC}") = "Pegasus.Phone.XF.WinPhone81", "Pegasus.Phone.XF\Pegasus.Phone.XF.WinPhone81\Pegasus.Phone.XF.WinPhone81.csproj", "{1E9127A6-A3CF-4F94-92FE-13FB4252DA0E}"
EndProject
Project("{FAE04EC0-301F-11D3-BF4B-00C04F79EFBC}") = "Pegasus.Phone.XF", "Pegasus.Phone.XF\Pegasus.Phone.XF\Pegasus.Phone.XF.csproj", "{1CD058F6-A9F9-4956-98CD-C001E5BEE0BC}"
EndProject
Project("{2150E333-8FDC-42A3-9474-1A3956D46DE8}") = "WebSockets", "WebSockets", "{4BBB5683-D611-4181-A67B-F924FAF58427}"
EndProject
Project("{FAE04EC0-301F-11D3-BF4B-00C04F79EFBC}") = "Piraeus.Web.WebSockets.Net45", "..\Shared\WebSockets\Piraeus.Web.WebSockets.Net45\Piraeus.Web.WebSockets.Net45.csproj", "{9D95E266-CE63-41FE-976E-2AA3ABF6564A}"
EndProject
Project("{FAE04EC0-301F-11D3-BF4B-00C04F79EFBC}") = "Piraeus.Web.WebSockets", "..\Shared\WebSockets\Piraeus.Web.WebSockets\Piraeus.Web.WebSockets.csproj", "{01108527-BD86-4172-8206-F5AAB861E293}"
EndProject
Project("{FAE04EC0-301F-11D3-BF4B-00C04F79EFBC}") = "Piraeus.Web.WebSockets.WinRT", "..\Shared\WebSockets\Piraeus.Web.WebSockets.WinRT\Piraeus.Web.WebSockets.WinRT.csproj", "{0C83443F-1196-425C-89F2-370C03C0A5D1}"
EndProject
Project("{FAE04EC0-301F-11D3-BF4B-00C04F79EFBC}") = "WebSocketTestClient", "..\Shared\WebSockets\WebSocketTestClient\WebSocketTestClient.csproj", "{C16C92FF-ABAA-4BEF-AA25-9964C1007AD6}"
EndProject
Project("{FAE04EC0-301F-11D3-BF4B-00C04F79EFBC}") = "Pegasus.Phone.XF.Windows", "Pegasus.Phone.XF\Pegasus.Phone.XF.Windows\Pegasus.Phone.XF.Windows.csproj", "{47AB0825-43D6-4640-A8D0-7FC77DDB9225}"
EndProject
Project("{D954291E-2A0B-460D-934E-DC6B0785DB48}") = "Pegasus.Phone.XF.Shared", "Pegasus.Phone.XF\Pegasus.Phone.XF.Shared\Pegasus.Phone.XF.Shared.shproj", "{F634EB8D-02E9-4D1C-8137-0EF1530187BF}"
EndProject
Project("{2150E333-8FDC-42A3-9474-1A3956D46DE8}") = "Xamarin.Forms.Maps", "Xamarin.Forms.Maps", "{79A24B6B-CAAB-4641-A777-6DCA7B0CC2D2}"
EndProject
Project("{FAE04EC0-301F-11D3-BF4B-00C04F79EFBC}") = "Xamarin.Forms.Maps", "Xamarin.Forms.Maps\Xamarin.Forms.Maps\Xamarin.Forms.Maps.csproj", "{382FFE07-3D3E-4B9B-8AA9-FFF6A6478CA3}"
EndProject
Project("{FAE04EC0-301F-11D3-BF4B-00C04F79EFBC}") = "Xamarin.Forms.Maps.Android", "Xamarin.Forms.Maps\Xamarin.Forms.Maps.Android\Xamarin.Forms.Maps.Android.csproj", "{54969E75-E286-434C-9C4C-EA5AA82AFE4C}"
EndProject
Project("{2150E333-8FDC-42A3-9474-1A3956D46DE8}") = "TelemetryGenerator", "TelemetryGenerator", "{902CD485-79E3-4DCB-B4B4-250F1761175E}"
EndProject
Project("{FAE04EC0-301F-11D3-BF4B-00C04F79EFBC}") = "Piraeus.Protocols", "..\Shared\Piraeus.Protocols\Piraeus.Protocols.csproj", "{51658C77-2E00-4D4B-93BA-8A950FF281BE}"
EndProject
Project("{FAE04EC0-301F-11D3-BF4B-00C04F79EFBC}") = "P2TelemetryGenerator", "..\Shared\P2TelemetryGenerator\P2TelemetryGenerator.csproj", "{252E0151-D2CE-4DFD-945D-5E8689EE9689}"
EndProject
Global
	GlobalSection(SharedMSBuildProjectFiles) = preSolution
		Pegasus.Phone.XF\Pegasus.Phone.XF.Shared\Pegasus.Phone.XF.Shared.projitems*{1bcd305a-1cfc-4a8a-bbf9-922418b6b10b}*SharedItemsImports = 4
		Pegasus.Phone.XF\Pegasus.Phone.XF.Shared\Pegasus.Phone.XF.Shared.projitems*{1e9127a6-a3cf-4f94-92fe-13fb4252da0e}*SharedItemsImports = 4
		Pegasus.Phone.XF\Pegasus.Phone.XF.Shared\Pegasus.Phone.XF.Shared.projitems*{f634eb8d-02e9-4d1c-8137-0ef1530187bf}*SharedItemsImports = 13
		Pegasus.Phone.XF\Pegasus.Phone.XF.Shared\Pegasus.Phone.XF.Shared.projitems*{47ab0825-43d6-4640-a8d0-7fc77ddb9225}*SharedItemsImports = 4
	EndGlobalSection
	GlobalSection(SolutionConfigurationPlatforms) = preSolution
		Ad-Hoc|Any CPU = Ad-Hoc|Any CPU
		Ad-Hoc|ARM = Ad-Hoc|ARM
		Ad-Hoc|iPhone = Ad-Hoc|iPhone
		Ad-Hoc|iPhoneSimulator = Ad-Hoc|iPhoneSimulator
		Ad-Hoc|Mixed Platforms = Ad-Hoc|Mixed Platforms
		Ad-Hoc|x64 = Ad-Hoc|x64
		Ad-Hoc|x86 = Ad-Hoc|x86
		AppStore|Any CPU = AppStore|Any CPU
		AppStore|ARM = AppStore|ARM
		AppStore|iPhone = AppStore|iPhone
		AppStore|iPhoneSimulator = AppStore|iPhoneSimulator
		AppStore|Mixed Platforms = AppStore|Mixed Platforms
		AppStore|x64 = AppStore|x64
		AppStore|x86 = AppStore|x86
		Debug|Any CPU = Debug|Any CPU
		Debug|ARM = Debug|ARM
		Debug|iPhone = Debug|iPhone
		Debug|iPhoneSimulator = Debug|iPhoneSimulator
		Debug|Mixed Platforms = Debug|Mixed Platforms
		Debug|x64 = Debug|x64
		Debug|x86 = Debug|x86
		Release|Any CPU = Release|Any CPU
		Release|ARM = Release|ARM
		Release|iPhone = Release|iPhone
		Release|iPhoneSimulator = Release|iPhoneSimulator
		Release|Mixed Platforms = Release|Mixed Platforms
		Release|x64 = Release|x64
		Release|x86 = Release|x86
	EndGlobalSection
	GlobalSection(ProjectConfigurationPlatforms) = postSolution
		{1BCD305A-1CFC-4A8A-BBF9-922418B6B10B}.Ad-Hoc|Any CPU.ActiveCfg = Release|Any CPU
		{1BCD305A-1CFC-4A8A-BBF9-922418B6B10B}.Ad-Hoc|Any CPU.Build.0 = Release|Any CPU
		{1BCD305A-1CFC-4A8A-BBF9-922418B6B10B}.Ad-Hoc|Any CPU.Deploy.0 = Release|Any CPU
		{1BCD305A-1CFC-4A8A-BBF9-922418B6B10B}.Ad-Hoc|ARM.ActiveCfg = Release|Any CPU
		{1BCD305A-1CFC-4A8A-BBF9-922418B6B10B}.Ad-Hoc|ARM.Build.0 = Release|Any CPU
		{1BCD305A-1CFC-4A8A-BBF9-922418B6B10B}.Ad-Hoc|ARM.Deploy.0 = Release|Any CPU
		{1BCD305A-1CFC-4A8A-BBF9-922418B6B10B}.Ad-Hoc|iPhone.ActiveCfg = Release|Any CPU
		{1BCD305A-1CFC-4A8A-BBF9-922418B6B10B}.Ad-Hoc|iPhone.Build.0 = Release|Any CPU
		{1BCD305A-1CFC-4A8A-BBF9-922418B6B10B}.Ad-Hoc|iPhone.Deploy.0 = Release|Any CPU
		{1BCD305A-1CFC-4A8A-BBF9-922418B6B10B}.Ad-Hoc|iPhoneSimulator.ActiveCfg = Release|Any CPU
		{1BCD305A-1CFC-4A8A-BBF9-922418B6B10B}.Ad-Hoc|iPhoneSimulator.Build.0 = Release|Any CPU
		{1BCD305A-1CFC-4A8A-BBF9-922418B6B10B}.Ad-Hoc|iPhoneSimulator.Deploy.0 = Release|Any CPU
		{1BCD305A-1CFC-4A8A-BBF9-922418B6B10B}.Ad-Hoc|Mixed Platforms.ActiveCfg = Debug|Any CPU
		{1BCD305A-1CFC-4A8A-BBF9-922418B6B10B}.Ad-Hoc|Mixed Platforms.Build.0 = Debug|Any CPU
		{1BCD305A-1CFC-4A8A-BBF9-922418B6B10B}.Ad-Hoc|Mixed Platforms.Deploy.0 = Debug|Any CPU
		{1BCD305A-1CFC-4A8A-BBF9-922418B6B10B}.Ad-Hoc|x64.ActiveCfg = Debug|Any CPU
		{1BCD305A-1CFC-4A8A-BBF9-922418B6B10B}.Ad-Hoc|x64.Build.0 = Debug|Any CPU
		{1BCD305A-1CFC-4A8A-BBF9-922418B6B10B}.Ad-Hoc|x64.Deploy.0 = Debug|Any CPU
		{1BCD305A-1CFC-4A8A-BBF9-922418B6B10B}.Ad-Hoc|x86.ActiveCfg = Release|Any CPU
		{1BCD305A-1CFC-4A8A-BBF9-922418B6B10B}.Ad-Hoc|x86.Build.0 = Release|Any CPU
		{1BCD305A-1CFC-4A8A-BBF9-922418B6B10B}.Ad-Hoc|x86.Deploy.0 = Release|Any CPU
		{1BCD305A-1CFC-4A8A-BBF9-922418B6B10B}.AppStore|Any CPU.ActiveCfg = Release|Any CPU
		{1BCD305A-1CFC-4A8A-BBF9-922418B6B10B}.AppStore|Any CPU.Build.0 = Release|Any CPU
		{1BCD305A-1CFC-4A8A-BBF9-922418B6B10B}.AppStore|Any CPU.Deploy.0 = Release|Any CPU
		{1BCD305A-1CFC-4A8A-BBF9-922418B6B10B}.AppStore|ARM.ActiveCfg = Release|Any CPU
		{1BCD305A-1CFC-4A8A-BBF9-922418B6B10B}.AppStore|ARM.Build.0 = Release|Any CPU
		{1BCD305A-1CFC-4A8A-BBF9-922418B6B10B}.AppStore|ARM.Deploy.0 = Release|Any CPU
		{1BCD305A-1CFC-4A8A-BBF9-922418B6B10B}.AppStore|iPhone.ActiveCfg = Release|Any CPU
		{1BCD305A-1CFC-4A8A-BBF9-922418B6B10B}.AppStore|iPhone.Build.0 = Release|Any CPU
		{1BCD305A-1CFC-4A8A-BBF9-922418B6B10B}.AppStore|iPhone.Deploy.0 = Release|Any CPU
		{1BCD305A-1CFC-4A8A-BBF9-922418B6B10B}.AppStore|iPhoneSimulator.ActiveCfg = Release|Any CPU
		{1BCD305A-1CFC-4A8A-BBF9-922418B6B10B}.AppStore|iPhoneSimulator.Build.0 = Release|Any CPU
		{1BCD305A-1CFC-4A8A-BBF9-922418B6B10B}.AppStore|iPhoneSimulator.Deploy.0 = Release|Any CPU
		{1BCD305A-1CFC-4A8A-BBF9-922418B6B10B}.AppStore|Mixed Platforms.ActiveCfg = Debug|Any CPU
		{1BCD305A-1CFC-4A8A-BBF9-922418B6B10B}.AppStore|Mixed Platforms.Build.0 = Debug|Any CPU
		{1BCD305A-1CFC-4A8A-BBF9-922418B6B10B}.AppStore|Mixed Platforms.Deploy.0 = Debug|Any CPU
		{1BCD305A-1CFC-4A8A-BBF9-922418B6B10B}.AppStore|x64.ActiveCfg = Debug|Any CPU
		{1BCD305A-1CFC-4A8A-BBF9-922418B6B10B}.AppStore|x64.Build.0 = Debug|Any CPU
		{1BCD305A-1CFC-4A8A-BBF9-922418B6B10B}.AppStore|x64.Deploy.0 = Debug|Any CPU
		{1BCD305A-1CFC-4A8A-BBF9-922418B6B10B}.AppStore|x86.ActiveCfg = Release|Any CPU
		{1BCD305A-1CFC-4A8A-BBF9-922418B6B10B}.AppStore|x86.Build.0 = Release|Any CPU
		{1BCD305A-1CFC-4A8A-BBF9-922418B6B10B}.AppStore|x86.Deploy.0 = Release|Any CPU
		{1BCD305A-1CFC-4A8A-BBF9-922418B6B10B}.Debug|Any CPU.ActiveCfg = Debug|Any CPU
		{1BCD305A-1CFC-4A8A-BBF9-922418B6B10B}.Debug|Any CPU.Build.0 = Debug|Any CPU
		{1BCD305A-1CFC-4A8A-BBF9-922418B6B10B}.Debug|Any CPU.Deploy.0 = Debug|Any CPU
		{1BCD305A-1CFC-4A8A-BBF9-922418B6B10B}.Debug|ARM.ActiveCfg = Debug|Any CPU
		{1BCD305A-1CFC-4A8A-BBF9-922418B6B10B}.Debug|ARM.Build.0 = Debug|Any CPU
		{1BCD305A-1CFC-4A8A-BBF9-922418B6B10B}.Debug|ARM.Deploy.0 = Debug|Any CPU
		{1BCD305A-1CFC-4A8A-BBF9-922418B6B10B}.Debug|iPhone.ActiveCfg = Debug|Any CPU
		{1BCD305A-1CFC-4A8A-BBF9-922418B6B10B}.Debug|iPhone.Build.0 = Debug|Any CPU
		{1BCD305A-1CFC-4A8A-BBF9-922418B6B10B}.Debug|iPhone.Deploy.0 = Debug|Any CPU
		{1BCD305A-1CFC-4A8A-BBF9-922418B6B10B}.Debug|iPhoneSimulator.ActiveCfg = Debug|Any CPU
		{1BCD305A-1CFC-4A8A-BBF9-922418B6B10B}.Debug|iPhoneSimulator.Build.0 = Debug|Any CPU
		{1BCD305A-1CFC-4A8A-BBF9-922418B6B10B}.Debug|iPhoneSimulator.Deploy.0 = Debug|Any CPU
		{1BCD305A-1CFC-4A8A-BBF9-922418B6B10B}.Debug|Mixed Platforms.ActiveCfg = Debug|Any CPU
		{1BCD305A-1CFC-4A8A-BBF9-922418B6B10B}.Debug|Mixed Platforms.Build.0 = Debug|Any CPU
		{1BCD305A-1CFC-4A8A-BBF9-922418B6B10B}.Debug|Mixed Platforms.Deploy.0 = Debug|Any CPU
		{1BCD305A-1CFC-4A8A-BBF9-922418B6B10B}.Debug|x64.ActiveCfg = Debug|Any CPU
		{1BCD305A-1CFC-4A8A-BBF9-922418B6B10B}.Debug|x64.Build.0 = Debug|Any CPU
		{1BCD305A-1CFC-4A8A-BBF9-922418B6B10B}.Debug|x64.Deploy.0 = Debug|Any CPU
		{1BCD305A-1CFC-4A8A-BBF9-922418B6B10B}.Debug|x86.ActiveCfg = Debug|Any CPU
		{1BCD305A-1CFC-4A8A-BBF9-922418B6B10B}.Debug|x86.Build.0 = Debug|Any CPU
		{1BCD305A-1CFC-4A8A-BBF9-922418B6B10B}.Debug|x86.Deploy.0 = Debug|Any CPU
		{1BCD305A-1CFC-4A8A-BBF9-922418B6B10B}.Release|Any CPU.ActiveCfg = Release|Any CPU
		{1BCD305A-1CFC-4A8A-BBF9-922418B6B10B}.Release|Any CPU.Build.0 = Release|Any CPU
		{1BCD305A-1CFC-4A8A-BBF9-922418B6B10B}.Release|Any CPU.Deploy.0 = Release|Any CPU
		{1BCD305A-1CFC-4A8A-BBF9-922418B6B10B}.Release|ARM.ActiveCfg = Release|Any CPU
		{1BCD305A-1CFC-4A8A-BBF9-922418B6B10B}.Release|ARM.Build.0 = Release|Any CPU
		{1BCD305A-1CFC-4A8A-BBF9-922418B6B10B}.Release|ARM.Deploy.0 = Release|Any CPU
		{1BCD305A-1CFC-4A8A-BBF9-922418B6B10B}.Release|iPhone.ActiveCfg = Release|Any CPU
		{1BCD305A-1CFC-4A8A-BBF9-922418B6B10B}.Release|iPhone.Build.0 = Release|Any CPU
		{1BCD305A-1CFC-4A8A-BBF9-922418B6B10B}.Release|iPhone.Deploy.0 = Release|Any CPU
		{1BCD305A-1CFC-4A8A-BBF9-922418B6B10B}.Release|iPhoneSimulator.ActiveCfg = Release|Any CPU
		{1BCD305A-1CFC-4A8A-BBF9-922418B6B10B}.Release|iPhoneSimulator.Build.0 = Release|Any CPU
		{1BCD305A-1CFC-4A8A-BBF9-922418B6B10B}.Release|iPhoneSimulator.Deploy.0 = Release|Any CPU
		{1BCD305A-1CFC-4A8A-BBF9-922418B6B10B}.Release|Mixed Platforms.ActiveCfg = Release|Any CPU
		{1BCD305A-1CFC-4A8A-BBF9-922418B6B10B}.Release|Mixed Platforms.Build.0 = Release|Any CPU
		{1BCD305A-1CFC-4A8A-BBF9-922418B6B10B}.Release|Mixed Platforms.Deploy.0 = Release|Any CPU
		{1BCD305A-1CFC-4A8A-BBF9-922418B6B10B}.Release|x64.ActiveCfg = Release|Any CPU
		{1BCD305A-1CFC-4A8A-BBF9-922418B6B10B}.Release|x64.Build.0 = Release|Any CPU
		{1BCD305A-1CFC-4A8A-BBF9-922418B6B10B}.Release|x64.Deploy.0 = Release|Any CPU
		{1BCD305A-1CFC-4A8A-BBF9-922418B6B10B}.Release|x86.ActiveCfg = Release|Any CPU
		{1BCD305A-1CFC-4A8A-BBF9-922418B6B10B}.Release|x86.Build.0 = Release|Any CPU
		{1BCD305A-1CFC-4A8A-BBF9-922418B6B10B}.Release|x86.Deploy.0 = Release|Any CPU
		{F4297D99-D786-4F0D-944B-77EA9E4B13A9}.Ad-Hoc|Any CPU.ActiveCfg = Release|Any CPU
		{F4297D99-D786-4F0D-944B-77EA9E4B13A9}.Ad-Hoc|Any CPU.Build.0 = Release|Any CPU
		{F4297D99-D786-4F0D-944B-77EA9E4B13A9}.Ad-Hoc|ARM.ActiveCfg = Release|Any CPU
		{F4297D99-D786-4F0D-944B-77EA9E4B13A9}.Ad-Hoc|ARM.Build.0 = Release|Any CPU
		{F4297D99-D786-4F0D-944B-77EA9E4B13A9}.Ad-Hoc|iPhone.ActiveCfg = Release|Any CPU
		{F4297D99-D786-4F0D-944B-77EA9E4B13A9}.Ad-Hoc|iPhone.Build.0 = Release|Any CPU
		{F4297D99-D786-4F0D-944B-77EA9E4B13A9}.Ad-Hoc|iPhoneSimulator.ActiveCfg = Release|Any CPU
		{F4297D99-D786-4F0D-944B-77EA9E4B13A9}.Ad-Hoc|iPhoneSimulator.Build.0 = Release|Any CPU
		{F4297D99-D786-4F0D-944B-77EA9E4B13A9}.Ad-Hoc|Mixed Platforms.ActiveCfg = Debug|Any CPU
		{F4297D99-D786-4F0D-944B-77EA9E4B13A9}.Ad-Hoc|Mixed Platforms.Build.0 = Debug|Any CPU
		{F4297D99-D786-4F0D-944B-77EA9E4B13A9}.Ad-Hoc|x64.ActiveCfg = Debug|Any CPU
		{F4297D99-D786-4F0D-944B-77EA9E4B13A9}.Ad-Hoc|x64.Build.0 = Debug|Any CPU
		{F4297D99-D786-4F0D-944B-77EA9E4B13A9}.Ad-Hoc|x86.ActiveCfg = Release|Any CPU
		{F4297D99-D786-4F0D-944B-77EA9E4B13A9}.Ad-Hoc|x86.Build.0 = Release|Any CPU
		{F4297D99-D786-4F0D-944B-77EA9E4B13A9}.AppStore|Any CPU.ActiveCfg = Release|Any CPU
		{F4297D99-D786-4F0D-944B-77EA9E4B13A9}.AppStore|Any CPU.Build.0 = Release|Any CPU
		{F4297D99-D786-4F0D-944B-77EA9E4B13A9}.AppStore|ARM.ActiveCfg = Release|Any CPU
		{F4297D99-D786-4F0D-944B-77EA9E4B13A9}.AppStore|ARM.Build.0 = Release|Any CPU
		{F4297D99-D786-4F0D-944B-77EA9E4B13A9}.AppStore|iPhone.ActiveCfg = Release|Any CPU
		{F4297D99-D786-4F0D-944B-77EA9E4B13A9}.AppStore|iPhone.Build.0 = Release|Any CPU
		{F4297D99-D786-4F0D-944B-77EA9E4B13A9}.AppStore|iPhoneSimulator.ActiveCfg = Release|Any CPU
		{F4297D99-D786-4F0D-944B-77EA9E4B13A9}.AppStore|iPhoneSimulator.Build.0 = Release|Any CPU
		{F4297D99-D786-4F0D-944B-77EA9E4B13A9}.AppStore|Mixed Platforms.ActiveCfg = Debug|Any CPU
		{F4297D99-D786-4F0D-944B-77EA9E4B13A9}.AppStore|Mixed Platforms.Build.0 = Debug|Any CPU
		{F4297D99-D786-4F0D-944B-77EA9E4B13A9}.AppStore|x64.ActiveCfg = Debug|Any CPU
		{F4297D99-D786-4F0D-944B-77EA9E4B13A9}.AppStore|x64.Build.0 = Debug|Any CPU
		{F4297D99-D786-4F0D-944B-77EA9E4B13A9}.AppStore|x86.ActiveCfg = Release|Any CPU
		{F4297D99-D786-4F0D-944B-77EA9E4B13A9}.AppStore|x86.Build.0 = Release|Any CPU
		{F4297D99-D786-4F0D-944B-77EA9E4B13A9}.Debug|Any CPU.ActiveCfg = Debug|Any CPU
		{F4297D99-D786-4F0D-944B-77EA9E4B13A9}.Debug|Any CPU.Build.0 = Debug|Any CPU
		{F4297D99-D786-4F0D-944B-77EA9E4B13A9}.Debug|ARM.ActiveCfg = Debug|Any CPU
		{F4297D99-D786-4F0D-944B-77EA9E4B13A9}.Debug|ARM.Build.0 = Debug|Any CPU
		{F4297D99-D786-4F0D-944B-77EA9E4B13A9}.Debug|iPhone.ActiveCfg = Debug|Any CPU
		{F4297D99-D786-4F0D-944B-77EA9E4B13A9}.Debug|iPhone.Build.0 = Debug|Any CPU
		{F4297D99-D786-4F0D-944B-77EA9E4B13A9}.Debug|iPhoneSimulator.ActiveCfg = Debug|Any CPU
		{F4297D99-D786-4F0D-944B-77EA9E4B13A9}.Debug|iPhoneSimulator.Build.0 = Debug|Any CPU
		{F4297D99-D786-4F0D-944B-77EA9E4B13A9}.Debug|Mixed Platforms.ActiveCfg = Debug|Any CPU
		{F4297D99-D786-4F0D-944B-77EA9E4B13A9}.Debug|Mixed Platforms.Build.0 = Debug|Any CPU
		{F4297D99-D786-4F0D-944B-77EA9E4B13A9}.Debug|x64.ActiveCfg = Debug|Any CPU
		{F4297D99-D786-4F0D-944B-77EA9E4B13A9}.Debug|x64.Build.0 = Debug|Any CPU
		{F4297D99-D786-4F0D-944B-77EA9E4B13A9}.Debug|x86.ActiveCfg = Debug|Any CPU
		{F4297D99-D786-4F0D-944B-77EA9E4B13A9}.Debug|x86.Build.0 = Debug|Any CPU
		{F4297D99-D786-4F0D-944B-77EA9E4B13A9}.Release|Any CPU.ActiveCfg = Release|Any CPU
		{F4297D99-D786-4F0D-944B-77EA9E4B13A9}.Release|Any CPU.Build.0 = Release|Any CPU
		{F4297D99-D786-4F0D-944B-77EA9E4B13A9}.Release|ARM.ActiveCfg = Release|Any CPU
		{F4297D99-D786-4F0D-944B-77EA9E4B13A9}.Release|ARM.Build.0 = Release|Any CPU
		{F4297D99-D786-4F0D-944B-77EA9E4B13A9}.Release|iPhone.ActiveCfg = Release|Any CPU
		{F4297D99-D786-4F0D-944B-77EA9E4B13A9}.Release|iPhone.Build.0 = Release|Any CPU
		{F4297D99-D786-4F0D-944B-77EA9E4B13A9}.Release|iPhoneSimulator.ActiveCfg = Release|Any CPU
		{F4297D99-D786-4F0D-944B-77EA9E4B13A9}.Release|iPhoneSimulator.Build.0 = Release|Any CPU
		{F4297D99-D786-4F0D-944B-77EA9E4B13A9}.Release|Mixed Platforms.ActiveCfg = Release|Any CPU
		{F4297D99-D786-4F0D-944B-77EA9E4B13A9}.Release|Mixed Platforms.Build.0 = Release|Any CPU
		{F4297D99-D786-4F0D-944B-77EA9E4B13A9}.Release|x64.ActiveCfg = Release|Any CPU
		{F4297D99-D786-4F0D-944B-77EA9E4B13A9}.Release|x64.Build.0 = Release|Any CPU
		{F4297D99-D786-4F0D-944B-77EA9E4B13A9}.Release|x86.ActiveCfg = Release|Any CPU
		{F4297D99-D786-4F0D-944B-77EA9E4B13A9}.Release|x86.Build.0 = Release|Any CPU
		{990C1D79-A460-40B9-AA26-F8790FE3BD6B}.Ad-Hoc|Any CPU.ActiveCfg = Release|Any CPU
		{990C1D79-A460-40B9-AA26-F8790FE3BD6B}.Ad-Hoc|Any CPU.Build.0 = Release|Any CPU
		{990C1D79-A460-40B9-AA26-F8790FE3BD6B}.Ad-Hoc|ARM.ActiveCfg = Release|Any CPU
		{990C1D79-A460-40B9-AA26-F8790FE3BD6B}.Ad-Hoc|ARM.Build.0 = Release|Any CPU
		{990C1D79-A460-40B9-AA26-F8790FE3BD6B}.Ad-Hoc|iPhone.ActiveCfg = Release|Any CPU
		{990C1D79-A460-40B9-AA26-F8790FE3BD6B}.Ad-Hoc|iPhone.Build.0 = Release|Any CPU
		{990C1D79-A460-40B9-AA26-F8790FE3BD6B}.Ad-Hoc|iPhoneSimulator.ActiveCfg = Release|Any CPU
		{990C1D79-A460-40B9-AA26-F8790FE3BD6B}.Ad-Hoc|iPhoneSimulator.Build.0 = Release|Any CPU
		{990C1D79-A460-40B9-AA26-F8790FE3BD6B}.Ad-Hoc|Mixed Platforms.ActiveCfg = Debug|Any CPU
		{990C1D79-A460-40B9-AA26-F8790FE3BD6B}.Ad-Hoc|Mixed Platforms.Build.0 = Debug|Any CPU
		{990C1D79-A460-40B9-AA26-F8790FE3BD6B}.Ad-Hoc|x64.ActiveCfg = Debug|Any CPU
		{990C1D79-A460-40B9-AA26-F8790FE3BD6B}.Ad-Hoc|x64.Build.0 = Debug|Any CPU
		{990C1D79-A460-40B9-AA26-F8790FE3BD6B}.Ad-Hoc|x86.ActiveCfg = Release|Any CPU
		{990C1D79-A460-40B9-AA26-F8790FE3BD6B}.Ad-Hoc|x86.Build.0 = Release|Any CPU
		{990C1D79-A460-40B9-AA26-F8790FE3BD6B}.AppStore|Any CPU.ActiveCfg = Release|Any CPU
		{990C1D79-A460-40B9-AA26-F8790FE3BD6B}.AppStore|Any CPU.Build.0 = Release|Any CPU
		{990C1D79-A460-40B9-AA26-F8790FE3BD6B}.AppStore|ARM.ActiveCfg = Release|Any CPU
		{990C1D79-A460-40B9-AA26-F8790FE3BD6B}.AppStore|ARM.Build.0 = Release|Any CPU
		{990C1D79-A460-40B9-AA26-F8790FE3BD6B}.AppStore|iPhone.ActiveCfg = Release|Any CPU
		{990C1D79-A460-40B9-AA26-F8790FE3BD6B}.AppStore|iPhone.Build.0 = Release|Any CPU
		{990C1D79-A460-40B9-AA26-F8790FE3BD6B}.AppStore|iPhoneSimulator.ActiveCfg = Release|Any CPU
		{990C1D79-A460-40B9-AA26-F8790FE3BD6B}.AppStore|iPhoneSimulator.Build.0 = Release|Any CPU
		{990C1D79-A460-40B9-AA26-F8790FE3BD6B}.AppStore|Mixed Platforms.ActiveCfg = Debug|Any CPU
		{990C1D79-A460-40B9-AA26-F8790FE3BD6B}.AppStore|Mixed Platforms.Build.0 = Debug|Any CPU
		{990C1D79-A460-40B9-AA26-F8790FE3BD6B}.AppStore|x64.ActiveCfg = Debug|Any CPU
		{990C1D79-A460-40B9-AA26-F8790FE3BD6B}.AppStore|x64.Build.0 = Debug|Any CPU
		{990C1D79-A460-40B9-AA26-F8790FE3BD6B}.AppStore|x86.ActiveCfg = Release|Any CPU
		{990C1D79-A460-40B9-AA26-F8790FE3BD6B}.AppStore|x86.Build.0 = Release|Any CPU
		{990C1D79-A460-40B9-AA26-F8790FE3BD6B}.Debug|Any CPU.ActiveCfg = Debug|Any CPU
		{990C1D79-A460-40B9-AA26-F8790FE3BD6B}.Debug|Any CPU.Build.0 = Debug|Any CPU
		{990C1D79-A460-40B9-AA26-F8790FE3BD6B}.Debug|ARM.ActiveCfg = Debug|Any CPU
		{990C1D79-A460-40B9-AA26-F8790FE3BD6B}.Debug|ARM.Build.0 = Debug|Any CPU
		{990C1D79-A460-40B9-AA26-F8790FE3BD6B}.Debug|iPhone.ActiveCfg = Debug|Any CPU
		{990C1D79-A460-40B9-AA26-F8790FE3BD6B}.Debug|iPhone.Build.0 = Debug|Any CPU
		{990C1D79-A460-40B9-AA26-F8790FE3BD6B}.Debug|iPhoneSimulator.ActiveCfg = Debug|Any CPU
		{990C1D79-A460-40B9-AA26-F8790FE3BD6B}.Debug|iPhoneSimulator.Build.0 = Debug|Any CPU
		{990C1D79-A460-40B9-AA26-F8790FE3BD6B}.Debug|Mixed Platforms.ActiveCfg = Debug|Any CPU
		{990C1D79-A460-40B9-AA26-F8790FE3BD6B}.Debug|Mixed Platforms.Build.0 = Debug|Any CPU
		{990C1D79-A460-40B9-AA26-F8790FE3BD6B}.Debug|x64.ActiveCfg = Debug|Any CPU
		{990C1D79-A460-40B9-AA26-F8790FE3BD6B}.Debug|x64.Build.0 = Debug|Any CPU
		{990C1D79-A460-40B9-AA26-F8790FE3BD6B}.Debug|x86.ActiveCfg = Debug|Any CPU
		{990C1D79-A460-40B9-AA26-F8790FE3BD6B}.Debug|x86.Build.0 = Debug|Any CPU
		{990C1D79-A460-40B9-AA26-F8790FE3BD6B}.Release|Any CPU.ActiveCfg = Release|Any CPU
		{990C1D79-A460-40B9-AA26-F8790FE3BD6B}.Release|Any CPU.Build.0 = Release|Any CPU
		{990C1D79-A460-40B9-AA26-F8790FE3BD6B}.Release|ARM.ActiveCfg = Release|Any CPU
		{990C1D79-A460-40B9-AA26-F8790FE3BD6B}.Release|ARM.Build.0 = Release|Any CPU
		{990C1D79-A460-40B9-AA26-F8790FE3BD6B}.Release|iPhone.ActiveCfg = Release|Any CPU
		{990C1D79-A460-40B9-AA26-F8790FE3BD6B}.Release|iPhone.Build.0 = Release|Any CPU
		{990C1D79-A460-40B9-AA26-F8790FE3BD6B}.Release|iPhoneSimulator.ActiveCfg = Release|Any CPU
		{990C1D79-A460-40B9-AA26-F8790FE3BD6B}.Release|iPhoneSimulator.Build.0 = Release|Any CPU
		{990C1D79-A460-40B9-AA26-F8790FE3BD6B}.Release|Mixed Platforms.ActiveCfg = Release|Any CPU
		{990C1D79-A460-40B9-AA26-F8790FE3BD6B}.Release|Mixed Platforms.Build.0 = Release|Any CPU
		{990C1D79-A460-40B9-AA26-F8790FE3BD6B}.Release|x64.ActiveCfg = Release|Any CPU
		{990C1D79-A460-40B9-AA26-F8790FE3BD6B}.Release|x64.Build.0 = Release|Any CPU
		{990C1D79-A460-40B9-AA26-F8790FE3BD6B}.Release|x86.ActiveCfg = Release|Any CPU
		{990C1D79-A460-40B9-AA26-F8790FE3BD6B}.Release|x86.Build.0 = Release|Any CPU
		{F3033E0C-1DB5-406E-B6A7-E1C794FAD7F3}.Ad-Hoc|Any CPU.ActiveCfg = Release|Any CPU
		{F3033E0C-1DB5-406E-B6A7-E1C794FAD7F3}.Ad-Hoc|Any CPU.Build.0 = Release|Any CPU
		{F3033E0C-1DB5-406E-B6A7-E1C794FAD7F3}.Ad-Hoc|ARM.ActiveCfg = Release|Any CPU
		{F3033E0C-1DB5-406E-B6A7-E1C794FAD7F3}.Ad-Hoc|ARM.Build.0 = Release|Any CPU
		{F3033E0C-1DB5-406E-B6A7-E1C794FAD7F3}.Ad-Hoc|iPhone.ActiveCfg = Release|Any CPU
		{F3033E0C-1DB5-406E-B6A7-E1C794FAD7F3}.Ad-Hoc|iPhone.Build.0 = Release|Any CPU
		{F3033E0C-1DB5-406E-B6A7-E1C794FAD7F3}.Ad-Hoc|iPhoneSimulator.ActiveCfg = Release|Any CPU
		{F3033E0C-1DB5-406E-B6A7-E1C794FAD7F3}.Ad-Hoc|iPhoneSimulator.Build.0 = Release|Any CPU
		{F3033E0C-1DB5-406E-B6A7-E1C794FAD7F3}.Ad-Hoc|Mixed Platforms.ActiveCfg = Debug|Any CPU
		{F3033E0C-1DB5-406E-B6A7-E1C794FAD7F3}.Ad-Hoc|Mixed Platforms.Build.0 = Debug|Any CPU
		{F3033E0C-1DB5-406E-B6A7-E1C794FAD7F3}.Ad-Hoc|x64.ActiveCfg = Debug|Any CPU
		{F3033E0C-1DB5-406E-B6A7-E1C794FAD7F3}.Ad-Hoc|x64.Build.0 = Debug|Any CPU
		{F3033E0C-1DB5-406E-B6A7-E1C794FAD7F3}.Ad-Hoc|x86.ActiveCfg = Release|Any CPU
		{F3033E0C-1DB5-406E-B6A7-E1C794FAD7F3}.Ad-Hoc|x86.Build.0 = Release|Any CPU
		{F3033E0C-1DB5-406E-B6A7-E1C794FAD7F3}.AppStore|Any CPU.ActiveCfg = Release|Any CPU
		{F3033E0C-1DB5-406E-B6A7-E1C794FAD7F3}.AppStore|Any CPU.Build.0 = Release|Any CPU
		{F3033E0C-1DB5-406E-B6A7-E1C794FAD7F3}.AppStore|ARM.ActiveCfg = Release|Any CPU
		{F3033E0C-1DB5-406E-B6A7-E1C794FAD7F3}.AppStore|ARM.Build.0 = Release|Any CPU
		{F3033E0C-1DB5-406E-B6A7-E1C794FAD7F3}.AppStore|iPhone.ActiveCfg = Release|Any CPU
		{F3033E0C-1DB5-406E-B6A7-E1C794FAD7F3}.AppStore|iPhone.Build.0 = Release|Any CPU
		{F3033E0C-1DB5-406E-B6A7-E1C794FAD7F3}.AppStore|iPhoneSimulator.ActiveCfg = Release|Any CPU
		{F3033E0C-1DB5-406E-B6A7-E1C794FAD7F3}.AppStore|iPhoneSimulator.Build.0 = Release|Any CPU
		{F3033E0C-1DB5-406E-B6A7-E1C794FAD7F3}.AppStore|Mixed Platforms.ActiveCfg = Debug|Any CPU
		{F3033E0C-1DB5-406E-B6A7-E1C794FAD7F3}.AppStore|Mixed Platforms.Build.0 = Debug|Any CPU
		{F3033E0C-1DB5-406E-B6A7-E1C794FAD7F3}.AppStore|x64.ActiveCfg = Debug|Any CPU
		{F3033E0C-1DB5-406E-B6A7-E1C794FAD7F3}.AppStore|x64.Build.0 = Debug|Any CPU
		{F3033E0C-1DB5-406E-B6A7-E1C794FAD7F3}.AppStore|x86.ActiveCfg = Release|Any CPU
		{F3033E0C-1DB5-406E-B6A7-E1C794FAD7F3}.AppStore|x86.Build.0 = Release|Any CPU
		{F3033E0C-1DB5-406E-B6A7-E1C794FAD7F3}.Debug|Any CPU.ActiveCfg = Debug|Any CPU
		{F3033E0C-1DB5-406E-B6A7-E1C794FAD7F3}.Debug|Any CPU.Build.0 = Debug|Any CPU
		{F3033E0C-1DB5-406E-B6A7-E1C794FAD7F3}.Debug|ARM.ActiveCfg = Debug|Any CPU
		{F3033E0C-1DB5-406E-B6A7-E1C794FAD7F3}.Debug|ARM.Build.0 = Debug|Any CPU
		{F3033E0C-1DB5-406E-B6A7-E1C794FAD7F3}.Debug|iPhone.ActiveCfg = Debug|Any CPU
		{F3033E0C-1DB5-406E-B6A7-E1C794FAD7F3}.Debug|iPhone.Build.0 = Debug|Any CPU
		{F3033E0C-1DB5-406E-B6A7-E1C794FAD7F3}.Debug|iPhoneSimulator.ActiveCfg = Debug|Any CPU
		{F3033E0C-1DB5-406E-B6A7-E1C794FAD7F3}.Debug|iPhoneSimulator.Build.0 = Debug|Any CPU
		{F3033E0C-1DB5-406E-B6A7-E1C794FAD7F3}.Debug|Mixed Platforms.ActiveCfg = Debug|Any CPU
		{F3033E0C-1DB5-406E-B6A7-E1C794FAD7F3}.Debug|Mixed Platforms.Build.0 = Debug|Any CPU
		{F3033E0C-1DB5-406E-B6A7-E1C794FAD7F3}.Debug|x64.ActiveCfg = Debug|Any CPU
		{F3033E0C-1DB5-406E-B6A7-E1C794FAD7F3}.Debug|x64.Build.0 = Debug|Any CPU
		{F3033E0C-1DB5-406E-B6A7-E1C794FAD7F3}.Debug|x86.ActiveCfg = Debug|Any CPU
		{F3033E0C-1DB5-406E-B6A7-E1C794FAD7F3}.Debug|x86.Build.0 = Debug|Any CPU
		{F3033E0C-1DB5-406E-B6A7-E1C794FAD7F3}.Release|Any CPU.ActiveCfg = Release|Any CPU
		{F3033E0C-1DB5-406E-B6A7-E1C794FAD7F3}.Release|Any CPU.Build.0 = Release|Any CPU
		{F3033E0C-1DB5-406E-B6A7-E1C794FAD7F3}.Release|ARM.ActiveCfg = Release|Any CPU
		{F3033E0C-1DB5-406E-B6A7-E1C794FAD7F3}.Release|ARM.Build.0 = Release|Any CPU
		{F3033E0C-1DB5-406E-B6A7-E1C794FAD7F3}.Release|iPhone.ActiveCfg = Release|Any CPU
		{F3033E0C-1DB5-406E-B6A7-E1C794FAD7F3}.Release|iPhone.Build.0 = Release|Any CPU
		{F3033E0C-1DB5-406E-B6A7-E1C794FAD7F3}.Release|iPhoneSimulator.ActiveCfg = Release|Any CPU
		{F3033E0C-1DB5-406E-B6A7-E1C794FAD7F3}.Release|iPhoneSimulator.Build.0 = Release|Any CPU
		{F3033E0C-1DB5-406E-B6A7-E1C794FAD7F3}.Release|Mixed Platforms.ActiveCfg = Release|Any CPU
		{F3033E0C-1DB5-406E-B6A7-E1C794FAD7F3}.Release|Mixed Platforms.Build.0 = Release|Any CPU
		{F3033E0C-1DB5-406E-B6A7-E1C794FAD7F3}.Release|x64.ActiveCfg = Release|Any CPU
		{F3033E0C-1DB5-406E-B6A7-E1C794FAD7F3}.Release|x64.Build.0 = Release|Any CPU
		{F3033E0C-1DB5-406E-B6A7-E1C794FAD7F3}.Release|x86.ActiveCfg = Release|Any CPU
		{F3033E0C-1DB5-406E-B6A7-E1C794FAD7F3}.Release|x86.Build.0 = Release|Any CPU
		{1E9127A6-A3CF-4F94-92FE-13FB4252DA0E}.Ad-Hoc|Any CPU.ActiveCfg = Release|Any CPU
		{1E9127A6-A3CF-4F94-92FE-13FB4252DA0E}.Ad-Hoc|Any CPU.Build.0 = Release|Any CPU
		{1E9127A6-A3CF-4F94-92FE-13FB4252DA0E}.Ad-Hoc|Any CPU.Deploy.0 = Release|Any CPU
		{1E9127A6-A3CF-4F94-92FE-13FB4252DA0E}.Ad-Hoc|ARM.ActiveCfg = Release|ARM
		{1E9127A6-A3CF-4F94-92FE-13FB4252DA0E}.Ad-Hoc|ARM.Build.0 = Release|ARM
		{1E9127A6-A3CF-4F94-92FE-13FB4252DA0E}.Ad-Hoc|ARM.Deploy.0 = Release|ARM
		{1E9127A6-A3CF-4F94-92FE-13FB4252DA0E}.Ad-Hoc|iPhone.ActiveCfg = Release|Any CPU
		{1E9127A6-A3CF-4F94-92FE-13FB4252DA0E}.Ad-Hoc|iPhone.Build.0 = Release|Any CPU
		{1E9127A6-A3CF-4F94-92FE-13FB4252DA0E}.Ad-Hoc|iPhone.Deploy.0 = Release|Any CPU
		{1E9127A6-A3CF-4F94-92FE-13FB4252DA0E}.Ad-Hoc|iPhoneSimulator.ActiveCfg = Release|Any CPU
		{1E9127A6-A3CF-4F94-92FE-13FB4252DA0E}.Ad-Hoc|iPhoneSimulator.Build.0 = Release|Any CPU
		{1E9127A6-A3CF-4F94-92FE-13FB4252DA0E}.Ad-Hoc|iPhoneSimulator.Deploy.0 = Release|Any CPU
		{1E9127A6-A3CF-4F94-92FE-13FB4252DA0E}.Ad-Hoc|Mixed Platforms.ActiveCfg = Debug|x86
		{1E9127A6-A3CF-4F94-92FE-13FB4252DA0E}.Ad-Hoc|Mixed Platforms.Build.0 = Debug|x86
		{1E9127A6-A3CF-4F94-92FE-13FB4252DA0E}.Ad-Hoc|Mixed Platforms.Deploy.0 = Debug|x86
		{1E9127A6-A3CF-4F94-92FE-13FB4252DA0E}.Ad-Hoc|x64.ActiveCfg = Debug|Any CPU
		{1E9127A6-A3CF-4F94-92FE-13FB4252DA0E}.Ad-Hoc|x64.Build.0 = Debug|Any CPU
		{1E9127A6-A3CF-4F94-92FE-13FB4252DA0E}.Ad-Hoc|x64.Deploy.0 = Debug|Any CPU
		{1E9127A6-A3CF-4F94-92FE-13FB4252DA0E}.Ad-Hoc|x86.ActiveCfg = Release|x86
		{1E9127A6-A3CF-4F94-92FE-13FB4252DA0E}.Ad-Hoc|x86.Build.0 = Release|x86
		{1E9127A6-A3CF-4F94-92FE-13FB4252DA0E}.Ad-Hoc|x86.Deploy.0 = Release|x86
		{1E9127A6-A3CF-4F94-92FE-13FB4252DA0E}.AppStore|Any CPU.ActiveCfg = Release|Any CPU
		{1E9127A6-A3CF-4F94-92FE-13FB4252DA0E}.AppStore|Any CPU.Build.0 = Release|Any CPU
		{1E9127A6-A3CF-4F94-92FE-13FB4252DA0E}.AppStore|Any CPU.Deploy.0 = Release|Any CPU
		{1E9127A6-A3CF-4F94-92FE-13FB4252DA0E}.AppStore|ARM.ActiveCfg = Release|ARM
		{1E9127A6-A3CF-4F94-92FE-13FB4252DA0E}.AppStore|ARM.Build.0 = Release|ARM
		{1E9127A6-A3CF-4F94-92FE-13FB4252DA0E}.AppStore|ARM.Deploy.0 = Release|ARM
		{1E9127A6-A3CF-4F94-92FE-13FB4252DA0E}.AppStore|iPhone.ActiveCfg = Release|Any CPU
		{1E9127A6-A3CF-4F94-92FE-13FB4252DA0E}.AppStore|iPhone.Build.0 = Release|Any CPU
		{1E9127A6-A3CF-4F94-92FE-13FB4252DA0E}.AppStore|iPhone.Deploy.0 = Release|Any CPU
		{1E9127A6-A3CF-4F94-92FE-13FB4252DA0E}.AppStore|iPhoneSimulator.ActiveCfg = Release|Any CPU
		{1E9127A6-A3CF-4F94-92FE-13FB4252DA0E}.AppStore|iPhoneSimulator.Build.0 = Release|Any CPU
		{1E9127A6-A3CF-4F94-92FE-13FB4252DA0E}.AppStore|iPhoneSimulator.Deploy.0 = Release|Any CPU
		{1E9127A6-A3CF-4F94-92FE-13FB4252DA0E}.AppStore|Mixed Platforms.ActiveCfg = Debug|x86
		{1E9127A6-A3CF-4F94-92FE-13FB4252DA0E}.AppStore|Mixed Platforms.Build.0 = Debug|x86
		{1E9127A6-A3CF-4F94-92FE-13FB4252DA0E}.AppStore|Mixed Platforms.Deploy.0 = Debug|x86
		{1E9127A6-A3CF-4F94-92FE-13FB4252DA0E}.AppStore|x64.ActiveCfg = Debug|Any CPU
		{1E9127A6-A3CF-4F94-92FE-13FB4252DA0E}.AppStore|x64.Build.0 = Debug|Any CPU
		{1E9127A6-A3CF-4F94-92FE-13FB4252DA0E}.AppStore|x64.Deploy.0 = Debug|Any CPU
		{1E9127A6-A3CF-4F94-92FE-13FB4252DA0E}.AppStore|x86.ActiveCfg = Release|x86
		{1E9127A6-A3CF-4F94-92FE-13FB4252DA0E}.AppStore|x86.Build.0 = Release|x86
		{1E9127A6-A3CF-4F94-92FE-13FB4252DA0E}.AppStore|x86.Deploy.0 = Release|x86
		{1E9127A6-A3CF-4F94-92FE-13FB4252DA0E}.Debug|Any CPU.ActiveCfg = Debug|Any CPU
		{1E9127A6-A3CF-4F94-92FE-13FB4252DA0E}.Debug|Any CPU.Build.0 = Debug|Any CPU
		{1E9127A6-A3CF-4F94-92FE-13FB4252DA0E}.Debug|Any CPU.Deploy.0 = Debug|Any CPU
		{1E9127A6-A3CF-4F94-92FE-13FB4252DA0E}.Debug|ARM.ActiveCfg = Debug|ARM
		{1E9127A6-A3CF-4F94-92FE-13FB4252DA0E}.Debug|ARM.Build.0 = Debug|ARM
		{1E9127A6-A3CF-4F94-92FE-13FB4252DA0E}.Debug|ARM.Deploy.0 = Debug|ARM
		{1E9127A6-A3CF-4F94-92FE-13FB4252DA0E}.Debug|iPhone.ActiveCfg = Debug|Any CPU
		{1E9127A6-A3CF-4F94-92FE-13FB4252DA0E}.Debug|iPhone.Build.0 = Debug|Any CPU
		{1E9127A6-A3CF-4F94-92FE-13FB4252DA0E}.Debug|iPhone.Deploy.0 = Debug|Any CPU
		{1E9127A6-A3CF-4F94-92FE-13FB4252DA0E}.Debug|iPhoneSimulator.ActiveCfg = Debug|Any CPU
		{1E9127A6-A3CF-4F94-92FE-13FB4252DA0E}.Debug|iPhoneSimulator.Build.0 = Debug|Any CPU
		{1E9127A6-A3CF-4F94-92FE-13FB4252DA0E}.Debug|iPhoneSimulator.Deploy.0 = Debug|Any CPU
		{1E9127A6-A3CF-4F94-92FE-13FB4252DA0E}.Debug|Mixed Platforms.ActiveCfg = Debug|Any CPU
		{1E9127A6-A3CF-4F94-92FE-13FB4252DA0E}.Debug|Mixed Platforms.Build.0 = Debug|Any CPU
		{1E9127A6-A3CF-4F94-92FE-13FB4252DA0E}.Debug|Mixed Platforms.Deploy.0 = Debug|Any CPU
		{1E9127A6-A3CF-4F94-92FE-13FB4252DA0E}.Debug|x64.ActiveCfg = Debug|Any CPU
		{1E9127A6-A3CF-4F94-92FE-13FB4252DA0E}.Debug|x64.Build.0 = Debug|Any CPU
		{1E9127A6-A3CF-4F94-92FE-13FB4252DA0E}.Debug|x64.Deploy.0 = Debug|Any CPU
		{1E9127A6-A3CF-4F94-92FE-13FB4252DA0E}.Debug|x86.ActiveCfg = Debug|x86
		{1E9127A6-A3CF-4F94-92FE-13FB4252DA0E}.Debug|x86.Build.0 = Debug|x86
		{1E9127A6-A3CF-4F94-92FE-13FB4252DA0E}.Debug|x86.Deploy.0 = Debug|x86
		{1E9127A6-A3CF-4F94-92FE-13FB4252DA0E}.Release|Any CPU.ActiveCfg = Release|Any CPU
		{1E9127A6-A3CF-4F94-92FE-13FB4252DA0E}.Release|Any CPU.Build.0 = Release|Any CPU
		{1E9127A6-A3CF-4F94-92FE-13FB4252DA0E}.Release|Any CPU.Deploy.0 = Release|Any CPU
		{1E9127A6-A3CF-4F94-92FE-13FB4252DA0E}.Release|ARM.ActiveCfg = Release|ARM
		{1E9127A6-A3CF-4F94-92FE-13FB4252DA0E}.Release|ARM.Build.0 = Release|ARM
		{1E9127A6-A3CF-4F94-92FE-13FB4252DA0E}.Release|ARM.Deploy.0 = Release|ARM
		{1E9127A6-A3CF-4F94-92FE-13FB4252DA0E}.Release|iPhone.ActiveCfg = Release|Any CPU
		{1E9127A6-A3CF-4F94-92FE-13FB4252DA0E}.Release|iPhone.Build.0 = Release|Any CPU
		{1E9127A6-A3CF-4F94-92FE-13FB4252DA0E}.Release|iPhone.Deploy.0 = Release|Any CPU
		{1E9127A6-A3CF-4F94-92FE-13FB4252DA0E}.Release|iPhoneSimulator.ActiveCfg = Release|Any CPU
		{1E9127A6-A3CF-4F94-92FE-13FB4252DA0E}.Release|iPhoneSimulator.Build.0 = Release|Any CPU
		{1E9127A6-A3CF-4F94-92FE-13FB4252DA0E}.Release|iPhoneSimulator.Deploy.0 = Release|Any CPU
		{1E9127A6-A3CF-4F94-92FE-13FB4252DA0E}.Release|Mixed Platforms.ActiveCfg = Release|x86
		{1E9127A6-A3CF-4F94-92FE-13FB4252DA0E}.Release|Mixed Platforms.Build.0 = Release|x86
		{1E9127A6-A3CF-4F94-92FE-13FB4252DA0E}.Release|Mixed Platforms.Deploy.0 = Release|x86
		{1E9127A6-A3CF-4F94-92FE-13FB4252DA0E}.Release|x64.ActiveCfg = Release|Any CPU
		{1E9127A6-A3CF-4F94-92FE-13FB4252DA0E}.Release|x64.Build.0 = Release|Any CPU
		{1E9127A6-A3CF-4F94-92FE-13FB4252DA0E}.Release|x64.Deploy.0 = Release|Any CPU
		{1E9127A6-A3CF-4F94-92FE-13FB4252DA0E}.Release|x86.ActiveCfg = Release|x86
		{1E9127A6-A3CF-4F94-92FE-13FB4252DA0E}.Release|x86.Build.0 = Release|x86
		{1E9127A6-A3CF-4F94-92FE-13FB4252DA0E}.Release|x86.Deploy.0 = Release|x86
		{1CD058F6-A9F9-4956-98CD-C001E5BEE0BC}.Ad-Hoc|Any CPU.ActiveCfg = Release|Any CPU
		{1CD058F6-A9F9-4956-98CD-C001E5BEE0BC}.Ad-Hoc|Any CPU.Build.0 = Release|Any CPU
		{1CD058F6-A9F9-4956-98CD-C001E5BEE0BC}.Ad-Hoc|ARM.ActiveCfg = Release|Any CPU
		{1CD058F6-A9F9-4956-98CD-C001E5BEE0BC}.Ad-Hoc|ARM.Build.0 = Release|Any CPU
		{1CD058F6-A9F9-4956-98CD-C001E5BEE0BC}.Ad-Hoc|iPhone.ActiveCfg = Release|Any CPU
		{1CD058F6-A9F9-4956-98CD-C001E5BEE0BC}.Ad-Hoc|iPhone.Build.0 = Release|Any CPU
		{1CD058F6-A9F9-4956-98CD-C001E5BEE0BC}.Ad-Hoc|iPhoneSimulator.ActiveCfg = Release|Any CPU
		{1CD058F6-A9F9-4956-98CD-C001E5BEE0BC}.Ad-Hoc|iPhoneSimulator.Build.0 = Release|Any CPU
		{1CD058F6-A9F9-4956-98CD-C001E5BEE0BC}.Ad-Hoc|Mixed Platforms.ActiveCfg = Debug|Any CPU
		{1CD058F6-A9F9-4956-98CD-C001E5BEE0BC}.Ad-Hoc|Mixed Platforms.Build.0 = Debug|Any CPU
		{1CD058F6-A9F9-4956-98CD-C001E5BEE0BC}.Ad-Hoc|x64.ActiveCfg = Debug|Any CPU
		{1CD058F6-A9F9-4956-98CD-C001E5BEE0BC}.Ad-Hoc|x64.Build.0 = Debug|Any CPU
		{1CD058F6-A9F9-4956-98CD-C001E5BEE0BC}.Ad-Hoc|x86.ActiveCfg = Release|Any CPU
		{1CD058F6-A9F9-4956-98CD-C001E5BEE0BC}.Ad-Hoc|x86.Build.0 = Release|Any CPU
		{1CD058F6-A9F9-4956-98CD-C001E5BEE0BC}.AppStore|Any CPU.ActiveCfg = Release|Any CPU
		{1CD058F6-A9F9-4956-98CD-C001E5BEE0BC}.AppStore|Any CPU.Build.0 = Release|Any CPU
		{1CD058F6-A9F9-4956-98CD-C001E5BEE0BC}.AppStore|ARM.ActiveCfg = Release|Any CPU
		{1CD058F6-A9F9-4956-98CD-C001E5BEE0BC}.AppStore|ARM.Build.0 = Release|Any CPU
		{1CD058F6-A9F9-4956-98CD-C001E5BEE0BC}.AppStore|iPhone.ActiveCfg = Release|Any CPU
		{1CD058F6-A9F9-4956-98CD-C001E5BEE0BC}.AppStore|iPhone.Build.0 = Release|Any CPU
		{1CD058F6-A9F9-4956-98CD-C001E5BEE0BC}.AppStore|iPhoneSimulator.ActiveCfg = Release|Any CPU
		{1CD058F6-A9F9-4956-98CD-C001E5BEE0BC}.AppStore|iPhoneSimulator.Build.0 = Release|Any CPU
		{1CD058F6-A9F9-4956-98CD-C001E5BEE0BC}.AppStore|Mixed Platforms.ActiveCfg = Debug|Any CPU
		{1CD058F6-A9F9-4956-98CD-C001E5BEE0BC}.AppStore|Mixed Platforms.Build.0 = Debug|Any CPU
		{1CD058F6-A9F9-4956-98CD-C001E5BEE0BC}.AppStore|x64.ActiveCfg = Debug|Any CPU
		{1CD058F6-A9F9-4956-98CD-C001E5BEE0BC}.AppStore|x64.Build.0 = Debug|Any CPU
		{1CD058F6-A9F9-4956-98CD-C001E5BEE0BC}.AppStore|x86.ActiveCfg = Release|Any CPU
		{1CD058F6-A9F9-4956-98CD-C001E5BEE0BC}.AppStore|x86.Build.0 = Release|Any CPU
		{1CD058F6-A9F9-4956-98CD-C001E5BEE0BC}.Debug|Any CPU.ActiveCfg = Debug|Any CPU
		{1CD058F6-A9F9-4956-98CD-C001E5BEE0BC}.Debug|Any CPU.Build.0 = Debug|Any CPU
		{1CD058F6-A9F9-4956-98CD-C001E5BEE0BC}.Debug|ARM.ActiveCfg = Debug|Any CPU
		{1CD058F6-A9F9-4956-98CD-C001E5BEE0BC}.Debug|ARM.Build.0 = Debug|Any CPU
		{1CD058F6-A9F9-4956-98CD-C001E5BEE0BC}.Debug|iPhone.ActiveCfg = Debug|Any CPU
		{1CD058F6-A9F9-4956-98CD-C001E5BEE0BC}.Debug|iPhone.Build.0 = Debug|Any CPU
		{1CD058F6-A9F9-4956-98CD-C001E5BEE0BC}.Debug|iPhoneSimulator.ActiveCfg = Debug|Any CPU
		{1CD058F6-A9F9-4956-98CD-C001E5BEE0BC}.Debug|iPhoneSimulator.Build.0 = Debug|Any CPU
		{1CD058F6-A9F9-4956-98CD-C001E5BEE0BC}.Debug|Mixed Platforms.ActiveCfg = Debug|Any CPU
		{1CD058F6-A9F9-4956-98CD-C001E5BEE0BC}.Debug|Mixed Platforms.Build.0 = Debug|Any CPU
		{1CD058F6-A9F9-4956-98CD-C001E5BEE0BC}.Debug|x64.ActiveCfg = Debug|Any CPU
		{1CD058F6-A9F9-4956-98CD-C001E5BEE0BC}.Debug|x64.Build.0 = Debug|Any CPU
		{1CD058F6-A9F9-4956-98CD-C001E5BEE0BC}.Debug|x86.ActiveCfg = Debug|Any CPU
		{1CD058F6-A9F9-4956-98CD-C001E5BEE0BC}.Debug|x86.Build.0 = Debug|Any CPU
		{1CD058F6-A9F9-4956-98CD-C001E5BEE0BC}.Release|Any CPU.ActiveCfg = Release|Any CPU
		{1CD058F6-A9F9-4956-98CD-C001E5BEE0BC}.Release|Any CPU.Build.0 = Release|Any CPU
		{1CD058F6-A9F9-4956-98CD-C001E5BEE0BC}.Release|ARM.ActiveCfg = Release|Any CPU
		{1CD058F6-A9F9-4956-98CD-C001E5BEE0BC}.Release|ARM.Build.0 = Release|Any CPU
		{1CD058F6-A9F9-4956-98CD-C001E5BEE0BC}.Release|iPhone.ActiveCfg = Release|Any CPU
		{1CD058F6-A9F9-4956-98CD-C001E5BEE0BC}.Release|iPhone.Build.0 = Release|Any CPU
		{1CD058F6-A9F9-4956-98CD-C001E5BEE0BC}.Release|iPhoneSimulator.ActiveCfg = Release|Any CPU
		{1CD058F6-A9F9-4956-98CD-C001E5BEE0BC}.Release|iPhoneSimulator.Build.0 = Release|Any CPU
		{1CD058F6-A9F9-4956-98CD-C001E5BEE0BC}.Release|Mixed Platforms.ActiveCfg = Release|Any CPU
		{1CD058F6-A9F9-4956-98CD-C001E5BEE0BC}.Release|Mixed Platforms.Build.0 = Release|Any CPU
		{1CD058F6-A9F9-4956-98CD-C001E5BEE0BC}.Release|x64.ActiveCfg = Release|Any CPU
		{1CD058F6-A9F9-4956-98CD-C001E5BEE0BC}.Release|x64.Build.0 = Release|Any CPU
		{1CD058F6-A9F9-4956-98CD-C001E5BEE0BC}.Release|x86.ActiveCfg = Release|Any CPU
		{1CD058F6-A9F9-4956-98CD-C001E5BEE0BC}.Release|x86.Build.0 = Release|Any CPU
		{9D95E266-CE63-41FE-976E-2AA3ABF6564A}.Ad-Hoc|Any CPU.ActiveCfg = Release|Any CPU
		{9D95E266-CE63-41FE-976E-2AA3ABF6564A}.Ad-Hoc|Any CPU.Build.0 = Release|Any CPU
		{9D95E266-CE63-41FE-976E-2AA3ABF6564A}.Ad-Hoc|ARM.ActiveCfg = Release|Any CPU
		{9D95E266-CE63-41FE-976E-2AA3ABF6564A}.Ad-Hoc|ARM.Build.0 = Release|Any CPU
		{9D95E266-CE63-41FE-976E-2AA3ABF6564A}.Ad-Hoc|iPhone.ActiveCfg = Release|Any CPU
		{9D95E266-CE63-41FE-976E-2AA3ABF6564A}.Ad-Hoc|iPhone.Build.0 = Release|Any CPU
		{9D95E266-CE63-41FE-976E-2AA3ABF6564A}.Ad-Hoc|iPhoneSimulator.ActiveCfg = Release|Any CPU
		{9D95E266-CE63-41FE-976E-2AA3ABF6564A}.Ad-Hoc|iPhoneSimulator.Build.0 = Release|Any CPU
		{9D95E266-CE63-41FE-976E-2AA3ABF6564A}.Ad-Hoc|Mixed Platforms.ActiveCfg = Debug|Any CPU
		{9D95E266-CE63-41FE-976E-2AA3ABF6564A}.Ad-Hoc|Mixed Platforms.Build.0 = Debug|Any CPU
		{9D95E266-CE63-41FE-976E-2AA3ABF6564A}.Ad-Hoc|x64.ActiveCfg = Debug|Any CPU
		{9D95E266-CE63-41FE-976E-2AA3ABF6564A}.Ad-Hoc|x64.Build.0 = Debug|Any CPU
		{9D95E266-CE63-41FE-976E-2AA3ABF6564A}.Ad-Hoc|x86.ActiveCfg = Release|Any CPU
		{9D95E266-CE63-41FE-976E-2AA3ABF6564A}.Ad-Hoc|x86.Build.0 = Release|Any CPU
		{9D95E266-CE63-41FE-976E-2AA3ABF6564A}.AppStore|Any CPU.ActiveCfg = Release|Any CPU
		{9D95E266-CE63-41FE-976E-2AA3ABF6564A}.AppStore|Any CPU.Build.0 = Release|Any CPU
		{9D95E266-CE63-41FE-976E-2AA3ABF6564A}.AppStore|ARM.ActiveCfg = Release|Any CPU
		{9D95E266-CE63-41FE-976E-2AA3ABF6564A}.AppStore|ARM.Build.0 = Release|Any CPU
		{9D95E266-CE63-41FE-976E-2AA3ABF6564A}.AppStore|iPhone.ActiveCfg = Release|Any CPU
		{9D95E266-CE63-41FE-976E-2AA3ABF6564A}.AppStore|iPhone.Build.0 = Release|Any CPU
		{9D95E266-CE63-41FE-976E-2AA3ABF6564A}.AppStore|iPhoneSimulator.ActiveCfg = Release|Any CPU
		{9D95E266-CE63-41FE-976E-2AA3ABF6564A}.AppStore|iPhoneSimulator.Build.0 = Release|Any CPU
		{9D95E266-CE63-41FE-976E-2AA3ABF6564A}.AppStore|Mixed Platforms.ActiveCfg = Debug|Any CPU
		{9D95E266-CE63-41FE-976E-2AA3ABF6564A}.AppStore|Mixed Platforms.Build.0 = Debug|Any CPU
		{9D95E266-CE63-41FE-976E-2AA3ABF6564A}.AppStore|x64.ActiveCfg = Debug|Any CPU
		{9D95E266-CE63-41FE-976E-2AA3ABF6564A}.AppStore|x64.Build.0 = Debug|Any CPU
		{9D95E266-CE63-41FE-976E-2AA3ABF6564A}.AppStore|x86.ActiveCfg = Release|Any CPU
		{9D95E266-CE63-41FE-976E-2AA3ABF6564A}.AppStore|x86.Build.0 = Release|Any CPU
		{9D95E266-CE63-41FE-976E-2AA3ABF6564A}.Debug|Any CPU.ActiveCfg = Debug|Any CPU
		{9D95E266-CE63-41FE-976E-2AA3ABF6564A}.Debug|Any CPU.Build.0 = Debug|Any CPU
		{9D95E266-CE63-41FE-976E-2AA3ABF6564A}.Debug|ARM.ActiveCfg = Debug|Any CPU
		{9D95E266-CE63-41FE-976E-2AA3ABF6564A}.Debug|ARM.Build.0 = Debug|Any CPU
		{9D95E266-CE63-41FE-976E-2AA3ABF6564A}.Debug|iPhone.ActiveCfg = Debug|Any CPU
		{9D95E266-CE63-41FE-976E-2AA3ABF6564A}.Debug|iPhone.Build.0 = Debug|Any CPU
		{9D95E266-CE63-41FE-976E-2AA3ABF6564A}.Debug|iPhoneSimulator.ActiveCfg = Debug|Any CPU
		{9D95E266-CE63-41FE-976E-2AA3ABF6564A}.Debug|iPhoneSimulator.Build.0 = Debug|Any CPU
		{9D95E266-CE63-41FE-976E-2AA3ABF6564A}.Debug|Mixed Platforms.ActiveCfg = Debug|Any CPU
		{9D95E266-CE63-41FE-976E-2AA3ABF6564A}.Debug|Mixed Platforms.Build.0 = Debug|Any CPU
		{9D95E266-CE63-41FE-976E-2AA3ABF6564A}.Debug|x64.ActiveCfg = Debug|Any CPU
		{9D95E266-CE63-41FE-976E-2AA3ABF6564A}.Debug|x64.Build.0 = Debug|Any CPU
		{9D95E266-CE63-41FE-976E-2AA3ABF6564A}.Debug|x86.ActiveCfg = Debug|Any CPU
		{9D95E266-CE63-41FE-976E-2AA3ABF6564A}.Debug|x86.Build.0 = Debug|Any CPU
		{9D95E266-CE63-41FE-976E-2AA3ABF6564A}.Release|Any CPU.ActiveCfg = Release|Any CPU
		{9D95E266-CE63-41FE-976E-2AA3ABF6564A}.Release|Any CPU.Build.0 = Release|Any CPU
		{9D95E266-CE63-41FE-976E-2AA3ABF6564A}.Release|ARM.ActiveCfg = Release|Any CPU
		{9D95E266-CE63-41FE-976E-2AA3ABF6564A}.Release|ARM.Build.0 = Release|Any CPU
		{9D95E266-CE63-41FE-976E-2AA3ABF6564A}.Release|iPhone.ActiveCfg = Release|Any CPU
		{9D95E266-CE63-41FE-976E-2AA3ABF6564A}.Release|iPhone.Build.0 = Release|Any CPU
		{9D95E266-CE63-41FE-976E-2AA3ABF6564A}.Release|iPhoneSimulator.ActiveCfg = Release|Any CPU
		{9D95E266-CE63-41FE-976E-2AA3ABF6564A}.Release|iPhoneSimulator.Build.0 = Release|Any CPU
		{9D95E266-CE63-41FE-976E-2AA3ABF6564A}.Release|Mixed Platforms.ActiveCfg = Release|Any CPU
		{9D95E266-CE63-41FE-976E-2AA3ABF6564A}.Release|Mixed Platforms.Build.0 = Release|Any CPU
		{9D95E266-CE63-41FE-976E-2AA3ABF6564A}.Release|x64.ActiveCfg = Release|Any CPU
		{9D95E266-CE63-41FE-976E-2AA3ABF6564A}.Release|x64.Build.0 = Release|Any CPU
		{9D95E266-CE63-41FE-976E-2AA3ABF6564A}.Release|x86.ActiveCfg = Release|Any CPU
		{9D95E266-CE63-41FE-976E-2AA3ABF6564A}.Release|x86.Build.0 = Release|Any CPU
		{01108527-BD86-4172-8206-F5AAB861E293}.Ad-Hoc|Any CPU.ActiveCfg = Release|Any CPU
		{01108527-BD86-4172-8206-F5AAB861E293}.Ad-Hoc|Any CPU.Build.0 = Release|Any CPU
		{01108527-BD86-4172-8206-F5AAB861E293}.Ad-Hoc|ARM.ActiveCfg = Release|Any CPU
		{01108527-BD86-4172-8206-F5AAB861E293}.Ad-Hoc|ARM.Build.0 = Release|Any CPU
		{01108527-BD86-4172-8206-F5AAB861E293}.Ad-Hoc|iPhone.ActiveCfg = Release|Any CPU
		{01108527-BD86-4172-8206-F5AAB861E293}.Ad-Hoc|iPhone.Build.0 = Release|Any CPU
		{01108527-BD86-4172-8206-F5AAB861E293}.Ad-Hoc|iPhoneSimulator.ActiveCfg = Release|Any CPU
		{01108527-BD86-4172-8206-F5AAB861E293}.Ad-Hoc|iPhoneSimulator.Build.0 = Release|Any CPU
		{01108527-BD86-4172-8206-F5AAB861E293}.Ad-Hoc|Mixed Platforms.ActiveCfg = Debug|Any CPU
		{01108527-BD86-4172-8206-F5AAB861E293}.Ad-Hoc|Mixed Platforms.Build.0 = Debug|Any CPU
		{01108527-BD86-4172-8206-F5AAB861E293}.Ad-Hoc|x64.ActiveCfg = Release|Any CPU
		{01108527-BD86-4172-8206-F5AAB861E293}.Ad-Hoc|x64.Build.0 = Release|Any CPU
		{01108527-BD86-4172-8206-F5AAB861E293}.Ad-Hoc|x86.ActiveCfg = Release|Any CPU
		{01108527-BD86-4172-8206-F5AAB861E293}.Ad-Hoc|x86.Build.0 = Release|Any CPU
		{01108527-BD86-4172-8206-F5AAB861E293}.AppStore|Any CPU.ActiveCfg = Release|Any CPU
		{01108527-BD86-4172-8206-F5AAB861E293}.AppStore|Any CPU.Build.0 = Release|Any CPU
		{01108527-BD86-4172-8206-F5AAB861E293}.AppStore|ARM.ActiveCfg = Release|Any CPU
		{01108527-BD86-4172-8206-F5AAB861E293}.AppStore|ARM.Build.0 = Release|Any CPU
		{01108527-BD86-4172-8206-F5AAB861E293}.AppStore|iPhone.ActiveCfg = Release|Any CPU
		{01108527-BD86-4172-8206-F5AAB861E293}.AppStore|iPhone.Build.0 = Release|Any CPU
		{01108527-BD86-4172-8206-F5AAB861E293}.AppStore|iPhoneSimulator.ActiveCfg = Release|Any CPU
		{01108527-BD86-4172-8206-F5AAB861E293}.AppStore|iPhoneSimulator.Build.0 = Release|Any CPU
		{01108527-BD86-4172-8206-F5AAB861E293}.AppStore|Mixed Platforms.ActiveCfg = Debug|Any CPU
		{01108527-BD86-4172-8206-F5AAB861E293}.AppStore|Mixed Platforms.Build.0 = Debug|Any CPU
		{01108527-BD86-4172-8206-F5AAB861E293}.AppStore|x64.ActiveCfg = Release|Any CPU
		{01108527-BD86-4172-8206-F5AAB861E293}.AppStore|x64.Build.0 = Release|Any CPU
		{01108527-BD86-4172-8206-F5AAB861E293}.AppStore|x86.ActiveCfg = Release|Any CPU
		{01108527-BD86-4172-8206-F5AAB861E293}.AppStore|x86.Build.0 = Release|Any CPU
		{01108527-BD86-4172-8206-F5AAB861E293}.Debug|Any CPU.ActiveCfg = Debug|Any CPU
		{01108527-BD86-4172-8206-F5AAB861E293}.Debug|Any CPU.Build.0 = Debug|Any CPU
		{01108527-BD86-4172-8206-F5AAB861E293}.Debug|ARM.ActiveCfg = Debug|Any CPU
		{01108527-BD86-4172-8206-F5AAB861E293}.Debug|ARM.Build.0 = Debug|Any CPU
		{01108527-BD86-4172-8206-F5AAB861E293}.Debug|iPhone.ActiveCfg = Debug|Any CPU
		{01108527-BD86-4172-8206-F5AAB861E293}.Debug|iPhone.Build.0 = Debug|Any CPU
		{01108527-BD86-4172-8206-F5AAB861E293}.Debug|iPhoneSimulator.ActiveCfg = Debug|Any CPU
		{01108527-BD86-4172-8206-F5AAB861E293}.Debug|iPhoneSimulator.Build.0 = Debug|Any CPU
		{01108527-BD86-4172-8206-F5AAB861E293}.Debug|Mixed Platforms.ActiveCfg = Debug|Any CPU
		{01108527-BD86-4172-8206-F5AAB861E293}.Debug|Mixed Platforms.Build.0 = Debug|Any CPU
		{01108527-BD86-4172-8206-F5AAB861E293}.Debug|x64.ActiveCfg = Debug|Any CPU
		{01108527-BD86-4172-8206-F5AAB861E293}.Debug|x64.Build.0 = Debug|Any CPU
		{01108527-BD86-4172-8206-F5AAB861E293}.Debug|x86.ActiveCfg = Debug|Any CPU
		{01108527-BD86-4172-8206-F5AAB861E293}.Debug|x86.Build.0 = Debug|Any CPU
		{01108527-BD86-4172-8206-F5AAB861E293}.Release|Any CPU.ActiveCfg = Release|Any CPU
		{01108527-BD86-4172-8206-F5AAB861E293}.Release|Any CPU.Build.0 = Release|Any CPU
		{01108527-BD86-4172-8206-F5AAB861E293}.Release|ARM.ActiveCfg = Release|Any CPU
		{01108527-BD86-4172-8206-F5AAB861E293}.Release|ARM.Build.0 = Release|Any CPU
		{01108527-BD86-4172-8206-F5AAB861E293}.Release|iPhone.ActiveCfg = Release|Any CPU
		{01108527-BD86-4172-8206-F5AAB861E293}.Release|iPhone.Build.0 = Release|Any CPU
		{01108527-BD86-4172-8206-F5AAB861E293}.Release|iPhoneSimulator.ActiveCfg = Release|Any CPU
		{01108527-BD86-4172-8206-F5AAB861E293}.Release|iPhoneSimulator.Build.0 = Release|Any CPU
		{01108527-BD86-4172-8206-F5AAB861E293}.Release|Mixed Platforms.ActiveCfg = Release|Any CPU
		{01108527-BD86-4172-8206-F5AAB861E293}.Release|Mixed Platforms.Build.0 = Release|Any CPU
		{01108527-BD86-4172-8206-F5AAB861E293}.Release|x64.ActiveCfg = Release|Any CPU
		{01108527-BD86-4172-8206-F5AAB861E293}.Release|x64.Build.0 = Release|Any CPU
		{01108527-BD86-4172-8206-F5AAB861E293}.Release|x86.ActiveCfg = Release|Any CPU
		{01108527-BD86-4172-8206-F5AAB861E293}.Release|x86.Build.0 = Release|Any CPU
		{0C83443F-1196-425C-89F2-370C03C0A5D1}.Ad-Hoc|Any CPU.ActiveCfg = Release|Any CPU
		{0C83443F-1196-425C-89F2-370C03C0A5D1}.Ad-Hoc|Any CPU.Build.0 = Release|Any CPU
		{0C83443F-1196-425C-89F2-370C03C0A5D1}.Ad-Hoc|ARM.ActiveCfg = Release|Any CPU
		{0C83443F-1196-425C-89F2-370C03C0A5D1}.Ad-Hoc|ARM.Build.0 = Release|Any CPU
		{0C83443F-1196-425C-89F2-370C03C0A5D1}.Ad-Hoc|iPhone.ActiveCfg = Release|Any CPU
		{0C83443F-1196-425C-89F2-370C03C0A5D1}.Ad-Hoc|iPhone.Build.0 = Release|Any CPU
		{0C83443F-1196-425C-89F2-370C03C0A5D1}.Ad-Hoc|iPhoneSimulator.ActiveCfg = Release|Any CPU
		{0C83443F-1196-425C-89F2-370C03C0A5D1}.Ad-Hoc|iPhoneSimulator.Build.0 = Release|Any CPU
		{0C83443F-1196-425C-89F2-370C03C0A5D1}.Ad-Hoc|Mixed Platforms.ActiveCfg = Debug|Any CPU
		{0C83443F-1196-425C-89F2-370C03C0A5D1}.Ad-Hoc|Mixed Platforms.Build.0 = Debug|Any CPU
		{0C83443F-1196-425C-89F2-370C03C0A5D1}.Ad-Hoc|x64.ActiveCfg = Release|Any CPU
		{0C83443F-1196-425C-89F2-370C03C0A5D1}.Ad-Hoc|x64.Build.0 = Release|Any CPU
		{0C83443F-1196-425C-89F2-370C03C0A5D1}.Ad-Hoc|x86.ActiveCfg = Release|Any CPU
		{0C83443F-1196-425C-89F2-370C03C0A5D1}.Ad-Hoc|x86.Build.0 = Release|Any CPU
		{0C83443F-1196-425C-89F2-370C03C0A5D1}.AppStore|Any CPU.ActiveCfg = Release|Any CPU
		{0C83443F-1196-425C-89F2-370C03C0A5D1}.AppStore|Any CPU.Build.0 = Release|Any CPU
		{0C83443F-1196-425C-89F2-370C03C0A5D1}.AppStore|ARM.ActiveCfg = Release|Any CPU
		{0C83443F-1196-425C-89F2-370C03C0A5D1}.AppStore|ARM.Build.0 = Release|Any CPU
		{0C83443F-1196-425C-89F2-370C03C0A5D1}.AppStore|iPhone.ActiveCfg = Release|Any CPU
		{0C83443F-1196-425C-89F2-370C03C0A5D1}.AppStore|iPhone.Build.0 = Release|Any CPU
		{0C83443F-1196-425C-89F2-370C03C0A5D1}.AppStore|iPhoneSimulator.ActiveCfg = Release|Any CPU
		{0C83443F-1196-425C-89F2-370C03C0A5D1}.AppStore|iPhoneSimulator.Build.0 = Release|Any CPU
		{0C83443F-1196-425C-89F2-370C03C0A5D1}.AppStore|Mixed Platforms.ActiveCfg = Debug|Any CPU
		{0C83443F-1196-425C-89F2-370C03C0A5D1}.AppStore|Mixed Platforms.Build.0 = Debug|Any CPU
		{0C83443F-1196-425C-89F2-370C03C0A5D1}.AppStore|x64.ActiveCfg = Release|Any CPU
		{0C83443F-1196-425C-89F2-370C03C0A5D1}.AppStore|x64.Build.0 = Release|Any CPU
		{0C83443F-1196-425C-89F2-370C03C0A5D1}.AppStore|x86.ActiveCfg = Release|Any CPU
		{0C83443F-1196-425C-89F2-370C03C0A5D1}.AppStore|x86.Build.0 = Release|Any CPU
		{0C83443F-1196-425C-89F2-370C03C0A5D1}.Debug|Any CPU.ActiveCfg = Debug|Any CPU
		{0C83443F-1196-425C-89F2-370C03C0A5D1}.Debug|Any CPU.Build.0 = Debug|Any CPU
		{0C83443F-1196-425C-89F2-370C03C0A5D1}.Debug|ARM.ActiveCfg = Debug|Any CPU
		{0C83443F-1196-425C-89F2-370C03C0A5D1}.Debug|ARM.Build.0 = Debug|Any CPU
		{0C83443F-1196-425C-89F2-370C03C0A5D1}.Debug|iPhone.ActiveCfg = Debug|Any CPU
		{0C83443F-1196-425C-89F2-370C03C0A5D1}.Debug|iPhone.Build.0 = Debug|Any CPU
		{0C83443F-1196-425C-89F2-370C03C0A5D1}.Debug|iPhoneSimulator.ActiveCfg = Debug|Any CPU
		{0C83443F-1196-425C-89F2-370C03C0A5D1}.Debug|iPhoneSimulator.Build.0 = Debug|Any CPU
		{0C83443F-1196-425C-89F2-370C03C0A5D1}.Debug|Mixed Platforms.ActiveCfg = Debug|Any CPU
		{0C83443F-1196-425C-89F2-370C03C0A5D1}.Debug|Mixed Platforms.Build.0 = Debug|Any CPU
		{0C83443F-1196-425C-89F2-370C03C0A5D1}.Debug|x64.ActiveCfg = Debug|Any CPU
		{0C83443F-1196-425C-89F2-370C03C0A5D1}.Debug|x64.Build.0 = Debug|Any CPU
		{0C83443F-1196-425C-89F2-370C03C0A5D1}.Debug|x86.ActiveCfg = Debug|Any CPU
		{0C83443F-1196-425C-89F2-370C03C0A5D1}.Debug|x86.Build.0 = Debug|Any CPU
		{0C83443F-1196-425C-89F2-370C03C0A5D1}.Release|Any CPU.ActiveCfg = Release|Any CPU
		{0C83443F-1196-425C-89F2-370C03C0A5D1}.Release|Any CPU.Build.0 = Release|Any CPU
		{0C83443F-1196-425C-89F2-370C03C0A5D1}.Release|ARM.ActiveCfg = Release|Any CPU
		{0C83443F-1196-425C-89F2-370C03C0A5D1}.Release|ARM.Build.0 = Release|Any CPU
		{0C83443F-1196-425C-89F2-370C03C0A5D1}.Release|iPhone.ActiveCfg = Release|Any CPU
		{0C83443F-1196-425C-89F2-370C03C0A5D1}.Release|iPhone.Build.0 = Release|Any CPU
		{0C83443F-1196-425C-89F2-370C03C0A5D1}.Release|iPhoneSimulator.ActiveCfg = Release|Any CPU
		{0C83443F-1196-425C-89F2-370C03C0A5D1}.Release|iPhoneSimulator.Build.0 = Release|Any CPU
		{0C83443F-1196-425C-89F2-370C03C0A5D1}.Release|Mixed Platforms.ActiveCfg = Release|Any CPU
		{0C83443F-1196-425C-89F2-370C03C0A5D1}.Release|Mixed Platforms.Build.0 = Release|Any CPU
		{0C83443F-1196-425C-89F2-370C03C0A5D1}.Release|x64.ActiveCfg = Release|Any CPU
		{0C83443F-1196-425C-89F2-370C03C0A5D1}.Release|x64.Build.0 = Release|Any CPU
		{0C83443F-1196-425C-89F2-370C03C0A5D1}.Release|x86.ActiveCfg = Release|Any CPU
		{0C83443F-1196-425C-89F2-370C03C0A5D1}.Release|x86.Build.0 = Release|Any CPU
		{C16C92FF-ABAA-4BEF-AA25-9964C1007AD6}.Ad-Hoc|Any CPU.ActiveCfg = Release|Any CPU
		{C16C92FF-ABAA-4BEF-AA25-9964C1007AD6}.Ad-Hoc|Any CPU.Build.0 = Release|Any CPU
		{C16C92FF-ABAA-4BEF-AA25-9964C1007AD6}.Ad-Hoc|ARM.ActiveCfg = Release|Any CPU
		{C16C92FF-ABAA-4BEF-AA25-9964C1007AD6}.Ad-Hoc|ARM.Build.0 = Release|Any CPU
		{C16C92FF-ABAA-4BEF-AA25-9964C1007AD6}.Ad-Hoc|iPhone.ActiveCfg = Release|Any CPU
		{C16C92FF-ABAA-4BEF-AA25-9964C1007AD6}.Ad-Hoc|iPhone.Build.0 = Release|Any CPU
		{C16C92FF-ABAA-4BEF-AA25-9964C1007AD6}.Ad-Hoc|iPhoneSimulator.ActiveCfg = Release|Any CPU
		{C16C92FF-ABAA-4BEF-AA25-9964C1007AD6}.Ad-Hoc|iPhoneSimulator.Build.0 = Release|Any CPU
		{C16C92FF-ABAA-4BEF-AA25-9964C1007AD6}.Ad-Hoc|Mixed Platforms.ActiveCfg = Debug|Any CPU
		{C16C92FF-ABAA-4BEF-AA25-9964C1007AD6}.Ad-Hoc|Mixed Platforms.Build.0 = Debug|Any CPU
		{C16C92FF-ABAA-4BEF-AA25-9964C1007AD6}.Ad-Hoc|x64.ActiveCfg = Release|Any CPU
		{C16C92FF-ABAA-4BEF-AA25-9964C1007AD6}.Ad-Hoc|x64.Build.0 = Release|Any CPU
		{C16C92FF-ABAA-4BEF-AA25-9964C1007AD6}.Ad-Hoc|x86.ActiveCfg = Release|Any CPU
		{C16C92FF-ABAA-4BEF-AA25-9964C1007AD6}.Ad-Hoc|x86.Build.0 = Release|Any CPU
		{C16C92FF-ABAA-4BEF-AA25-9964C1007AD6}.AppStore|Any CPU.ActiveCfg = Release|Any CPU
		{C16C92FF-ABAA-4BEF-AA25-9964C1007AD6}.AppStore|Any CPU.Build.0 = Release|Any CPU
		{C16C92FF-ABAA-4BEF-AA25-9964C1007AD6}.AppStore|ARM.ActiveCfg = Release|Any CPU
		{C16C92FF-ABAA-4BEF-AA25-9964C1007AD6}.AppStore|ARM.Build.0 = Release|Any CPU
		{C16C92FF-ABAA-4BEF-AA25-9964C1007AD6}.AppStore|iPhone.ActiveCfg = Release|Any CPU
		{C16C92FF-ABAA-4BEF-AA25-9964C1007AD6}.AppStore|iPhone.Build.0 = Release|Any CPU
		{C16C92FF-ABAA-4BEF-AA25-9964C1007AD6}.AppStore|iPhoneSimulator.ActiveCfg = Release|Any CPU
		{C16C92FF-ABAA-4BEF-AA25-9964C1007AD6}.AppStore|iPhoneSimulator.Build.0 = Release|Any CPU
		{C16C92FF-ABAA-4BEF-AA25-9964C1007AD6}.AppStore|Mixed Platforms.ActiveCfg = Debug|Any CPU
		{C16C92FF-ABAA-4BEF-AA25-9964C1007AD6}.AppStore|Mixed Platforms.Build.0 = Debug|Any CPU
		{C16C92FF-ABAA-4BEF-AA25-9964C1007AD6}.AppStore|x64.ActiveCfg = Release|Any CPU
		{C16C92FF-ABAA-4BEF-AA25-9964C1007AD6}.AppStore|x64.Build.0 = Release|Any CPU
		{C16C92FF-ABAA-4BEF-AA25-9964C1007AD6}.AppStore|x86.ActiveCfg = Release|Any CPU
		{C16C92FF-ABAA-4BEF-AA25-9964C1007AD6}.AppStore|x86.Build.0 = Release|Any CPU
		{C16C92FF-ABAA-4BEF-AA25-9964C1007AD6}.Debug|Any CPU.ActiveCfg = Debug|Any CPU
		{C16C92FF-ABAA-4BEF-AA25-9964C1007AD6}.Debug|Any CPU.Build.0 = Debug|Any CPU
		{C16C92FF-ABAA-4BEF-AA25-9964C1007AD6}.Debug|ARM.ActiveCfg = Debug|Any CPU
		{C16C92FF-ABAA-4BEF-AA25-9964C1007AD6}.Debug|ARM.Build.0 = Debug|Any CPU
		{C16C92FF-ABAA-4BEF-AA25-9964C1007AD6}.Debug|iPhone.ActiveCfg = Debug|Any CPU
		{C16C92FF-ABAA-4BEF-AA25-9964C1007AD6}.Debug|iPhone.Build.0 = Debug|Any CPU
		{C16C92FF-ABAA-4BEF-AA25-9964C1007AD6}.Debug|iPhoneSimulator.ActiveCfg = Debug|Any CPU
		{C16C92FF-ABAA-4BEF-AA25-9964C1007AD6}.Debug|iPhoneSimulator.Build.0 = Debug|Any CPU
		{C16C92FF-ABAA-4BEF-AA25-9964C1007AD6}.Debug|Mixed Platforms.ActiveCfg = Debug|Any CPU
		{C16C92FF-ABAA-4BEF-AA25-9964C1007AD6}.Debug|Mixed Platforms.Build.0 = Debug|Any CPU
		{C16C92FF-ABAA-4BEF-AA25-9964C1007AD6}.Debug|x64.ActiveCfg = Debug|Any CPU
		{C16C92FF-ABAA-4BEF-AA25-9964C1007AD6}.Debug|x64.Build.0 = Debug|Any CPU
		{C16C92FF-ABAA-4BEF-AA25-9964C1007AD6}.Debug|x86.ActiveCfg = Debug|Any CPU
		{C16C92FF-ABAA-4BEF-AA25-9964C1007AD6}.Debug|x86.Build.0 = Debug|Any CPU
		{C16C92FF-ABAA-4BEF-AA25-9964C1007AD6}.Release|Any CPU.ActiveCfg = Release|Any CPU
		{C16C92FF-ABAA-4BEF-AA25-9964C1007AD6}.Release|Any CPU.Build.0 = Release|Any CPU
		{C16C92FF-ABAA-4BEF-AA25-9964C1007AD6}.Release|ARM.ActiveCfg = Release|Any CPU
		{C16C92FF-ABAA-4BEF-AA25-9964C1007AD6}.Release|ARM.Build.0 = Release|Any CPU
		{C16C92FF-ABAA-4BEF-AA25-9964C1007AD6}.Release|iPhone.ActiveCfg = Release|Any CPU
		{C16C92FF-ABAA-4BEF-AA25-9964C1007AD6}.Release|iPhone.Build.0 = Release|Any CPU
		{C16C92FF-ABAA-4BEF-AA25-9964C1007AD6}.Release|iPhoneSimulator.ActiveCfg = Release|Any CPU
		{C16C92FF-ABAA-4BEF-AA25-9964C1007AD6}.Release|iPhoneSimulator.Build.0 = Release|Any CPU
		{C16C92FF-ABAA-4BEF-AA25-9964C1007AD6}.Release|Mixed Platforms.ActiveCfg = Release|Any CPU
		{C16C92FF-ABAA-4BEF-AA25-9964C1007AD6}.Release|Mixed Platforms.Build.0 = Release|Any CPU
		{C16C92FF-ABAA-4BEF-AA25-9964C1007AD6}.Release|x64.ActiveCfg = Release|Any CPU
		{C16C92FF-ABAA-4BEF-AA25-9964C1007AD6}.Release|x64.Build.0 = Release|Any CPU
		{C16C92FF-ABAA-4BEF-AA25-9964C1007AD6}.Release|x86.ActiveCfg = Release|Any CPU
		{C16C92FF-ABAA-4BEF-AA25-9964C1007AD6}.Release|x86.Build.0 = Release|Any CPU
		{47AB0825-43D6-4640-A8D0-7FC77DDB9225}.Ad-Hoc|Any CPU.ActiveCfg = Release|Any CPU
		{47AB0825-43D6-4640-A8D0-7FC77DDB9225}.Ad-Hoc|Any CPU.Build.0 = Release|Any CPU
		{47AB0825-43D6-4640-A8D0-7FC77DDB9225}.Ad-Hoc|Any CPU.Deploy.0 = Release|Any CPU
		{47AB0825-43D6-4640-A8D0-7FC77DDB9225}.Ad-Hoc|ARM.ActiveCfg = Release|ARM
		{47AB0825-43D6-4640-A8D0-7FC77DDB9225}.Ad-Hoc|ARM.Build.0 = Release|ARM
		{47AB0825-43D6-4640-A8D0-7FC77DDB9225}.Ad-Hoc|ARM.Deploy.0 = Release|ARM
		{47AB0825-43D6-4640-A8D0-7FC77DDB9225}.Ad-Hoc|iPhone.ActiveCfg = Release|Any CPU
		{47AB0825-43D6-4640-A8D0-7FC77DDB9225}.Ad-Hoc|iPhone.Build.0 = Release|Any CPU
		{47AB0825-43D6-4640-A8D0-7FC77DDB9225}.Ad-Hoc|iPhone.Deploy.0 = Release|Any CPU
		{47AB0825-43D6-4640-A8D0-7FC77DDB9225}.Ad-Hoc|iPhoneSimulator.ActiveCfg = Release|Any CPU
		{47AB0825-43D6-4640-A8D0-7FC77DDB9225}.Ad-Hoc|iPhoneSimulator.Build.0 = Release|Any CPU
		{47AB0825-43D6-4640-A8D0-7FC77DDB9225}.Ad-Hoc|iPhoneSimulator.Deploy.0 = Release|Any CPU
		{47AB0825-43D6-4640-A8D0-7FC77DDB9225}.Ad-Hoc|Mixed Platforms.ActiveCfg = Debug|x86
		{47AB0825-43D6-4640-A8D0-7FC77DDB9225}.Ad-Hoc|Mixed Platforms.Build.0 = Debug|x86
		{47AB0825-43D6-4640-A8D0-7FC77DDB9225}.Ad-Hoc|Mixed Platforms.Deploy.0 = Debug|x86
		{47AB0825-43D6-4640-A8D0-7FC77DDB9225}.Ad-Hoc|x64.ActiveCfg = Release|x64
		{47AB0825-43D6-4640-A8D0-7FC77DDB9225}.Ad-Hoc|x64.Build.0 = Release|x64
		{47AB0825-43D6-4640-A8D0-7FC77DDB9225}.Ad-Hoc|x64.Deploy.0 = Release|x64
		{47AB0825-43D6-4640-A8D0-7FC77DDB9225}.Ad-Hoc|x86.ActiveCfg = Release|x86
		{47AB0825-43D6-4640-A8D0-7FC77DDB9225}.Ad-Hoc|x86.Build.0 = Release|x86
		{47AB0825-43D6-4640-A8D0-7FC77DDB9225}.Ad-Hoc|x86.Deploy.0 = Release|x86
		{47AB0825-43D6-4640-A8D0-7FC77DDB9225}.AppStore|Any CPU.ActiveCfg = Release|Any CPU
		{47AB0825-43D6-4640-A8D0-7FC77DDB9225}.AppStore|Any CPU.Build.0 = Release|Any CPU
		{47AB0825-43D6-4640-A8D0-7FC77DDB9225}.AppStore|Any CPU.Deploy.0 = Release|Any CPU
		{47AB0825-43D6-4640-A8D0-7FC77DDB9225}.AppStore|ARM.ActiveCfg = Release|ARM
		{47AB0825-43D6-4640-A8D0-7FC77DDB9225}.AppStore|ARM.Build.0 = Release|ARM
		{47AB0825-43D6-4640-A8D0-7FC77DDB9225}.AppStore|ARM.Deploy.0 = Release|ARM
		{47AB0825-43D6-4640-A8D0-7FC77DDB9225}.AppStore|iPhone.ActiveCfg = Release|Any CPU
		{47AB0825-43D6-4640-A8D0-7FC77DDB9225}.AppStore|iPhone.Build.0 = Release|Any CPU
		{47AB0825-43D6-4640-A8D0-7FC77DDB9225}.AppStore|iPhone.Deploy.0 = Release|Any CPU
		{47AB0825-43D6-4640-A8D0-7FC77DDB9225}.AppStore|iPhoneSimulator.ActiveCfg = Release|Any CPU
		{47AB0825-43D6-4640-A8D0-7FC77DDB9225}.AppStore|iPhoneSimulator.Build.0 = Release|Any CPU
		{47AB0825-43D6-4640-A8D0-7FC77DDB9225}.AppStore|iPhoneSimulator.Deploy.0 = Release|Any CPU
		{47AB0825-43D6-4640-A8D0-7FC77DDB9225}.AppStore|Mixed Platforms.ActiveCfg = Debug|x86
		{47AB0825-43D6-4640-A8D0-7FC77DDB9225}.AppStore|Mixed Platforms.Build.0 = Debug|x86
		{47AB0825-43D6-4640-A8D0-7FC77DDB9225}.AppStore|Mixed Platforms.Deploy.0 = Debug|x86
		{47AB0825-43D6-4640-A8D0-7FC77DDB9225}.AppStore|x64.ActiveCfg = Release|x64
		{47AB0825-43D6-4640-A8D0-7FC77DDB9225}.AppStore|x64.Build.0 = Release|x64
		{47AB0825-43D6-4640-A8D0-7FC77DDB9225}.AppStore|x64.Deploy.0 = Release|x64
		{47AB0825-43D6-4640-A8D0-7FC77DDB9225}.AppStore|x86.ActiveCfg = Release|x86
		{47AB0825-43D6-4640-A8D0-7FC77DDB9225}.AppStore|x86.Build.0 = Release|x86
		{47AB0825-43D6-4640-A8D0-7FC77DDB9225}.AppStore|x86.Deploy.0 = Release|x86
		{47AB0825-43D6-4640-A8D0-7FC77DDB9225}.Debug|Any CPU.ActiveCfg = Debug|Any CPU
		{47AB0825-43D6-4640-A8D0-7FC77DDB9225}.Debug|Any CPU.Build.0 = Debug|Any CPU
		{47AB0825-43D6-4640-A8D0-7FC77DDB9225}.Debug|Any CPU.Deploy.0 = Debug|Any CPU
		{47AB0825-43D6-4640-A8D0-7FC77DDB9225}.Debug|ARM.ActiveCfg = Debug|ARM
		{47AB0825-43D6-4640-A8D0-7FC77DDB9225}.Debug|ARM.Build.0 = Debug|ARM
		{47AB0825-43D6-4640-A8D0-7FC77DDB9225}.Debug|ARM.Deploy.0 = Debug|ARM
		{47AB0825-43D6-4640-A8D0-7FC77DDB9225}.Debug|iPhone.ActiveCfg = Debug|Any CPU
		{47AB0825-43D6-4640-A8D0-7FC77DDB9225}.Debug|iPhone.Build.0 = Debug|Any CPU
		{47AB0825-43D6-4640-A8D0-7FC77DDB9225}.Debug|iPhone.Deploy.0 = Debug|Any CPU
		{47AB0825-43D6-4640-A8D0-7FC77DDB9225}.Debug|iPhoneSimulator.ActiveCfg = Debug|Any CPU
		{47AB0825-43D6-4640-A8D0-7FC77DDB9225}.Debug|iPhoneSimulator.Build.0 = Debug|Any CPU
		{47AB0825-43D6-4640-A8D0-7FC77DDB9225}.Debug|iPhoneSimulator.Deploy.0 = Debug|Any CPU
		{47AB0825-43D6-4640-A8D0-7FC77DDB9225}.Debug|Mixed Platforms.ActiveCfg = Debug|x86
		{47AB0825-43D6-4640-A8D0-7FC77DDB9225}.Debug|Mixed Platforms.Build.0 = Debug|x86
		{47AB0825-43D6-4640-A8D0-7FC77DDB9225}.Debug|Mixed Platforms.Deploy.0 = Debug|x86
		{47AB0825-43D6-4640-A8D0-7FC77DDB9225}.Debug|x64.ActiveCfg = Debug|x64
		{47AB0825-43D6-4640-A8D0-7FC77DDB9225}.Debug|x64.Build.0 = Debug|x64
		{47AB0825-43D6-4640-A8D0-7FC77DDB9225}.Debug|x64.Deploy.0 = Debug|x64
		{47AB0825-43D6-4640-A8D0-7FC77DDB9225}.Debug|x86.ActiveCfg = Debug|x86
		{47AB0825-43D6-4640-A8D0-7FC77DDB9225}.Debug|x86.Build.0 = Debug|x86
		{47AB0825-43D6-4640-A8D0-7FC77DDB9225}.Debug|x86.Deploy.0 = Debug|x86
		{47AB0825-43D6-4640-A8D0-7FC77DDB9225}.Release|Any CPU.ActiveCfg = Release|Any CPU
		{47AB0825-43D6-4640-A8D0-7FC77DDB9225}.Release|Any CPU.Build.0 = Release|Any CPU
		{47AB0825-43D6-4640-A8D0-7FC77DDB9225}.Release|Any CPU.Deploy.0 = Release|Any CPU
		{47AB0825-43D6-4640-A8D0-7FC77DDB9225}.Release|ARM.ActiveCfg = Release|ARM
		{47AB0825-43D6-4640-A8D0-7FC77DDB9225}.Release|ARM.Build.0 = Release|ARM
		{47AB0825-43D6-4640-A8D0-7FC77DDB9225}.Release|ARM.Deploy.0 = Release|ARM
		{47AB0825-43D6-4640-A8D0-7FC77DDB9225}.Release|iPhone.ActiveCfg = Release|Any CPU
		{47AB0825-43D6-4640-A8D0-7FC77DDB9225}.Release|iPhone.Build.0 = Release|Any CPU
		{47AB0825-43D6-4640-A8D0-7FC77DDB9225}.Release|iPhone.Deploy.0 = Release|Any CPU
		{47AB0825-43D6-4640-A8D0-7FC77DDB9225}.Release|iPhoneSimulator.ActiveCfg = Release|Any CPU
		{47AB0825-43D6-4640-A8D0-7FC77DDB9225}.Release|iPhoneSimulator.Build.0 = Release|Any CPU
		{47AB0825-43D6-4640-A8D0-7FC77DDB9225}.Release|iPhoneSimulator.Deploy.0 = Release|Any CPU
		{47AB0825-43D6-4640-A8D0-7FC77DDB9225}.Release|Mixed Platforms.ActiveCfg = Release|x86
		{47AB0825-43D6-4640-A8D0-7FC77DDB9225}.Release|Mixed Platforms.Build.0 = Release|x86
		{47AB0825-43D6-4640-A8D0-7FC77DDB9225}.Release|Mixed Platforms.Deploy.0 = Release|x86
		{47AB0825-43D6-4640-A8D0-7FC77DDB9225}.Release|x64.ActiveCfg = Release|x64
		{47AB0825-43D6-4640-A8D0-7FC77DDB9225}.Release|x64.Build.0 = Release|x64
		{47AB0825-43D6-4640-A8D0-7FC77DDB9225}.Release|x64.Deploy.0 = Release|x64
		{47AB0825-43D6-4640-A8D0-7FC77DDB9225}.Release|x86.ActiveCfg = Release|x86
		{47AB0825-43D6-4640-A8D0-7FC77DDB9225}.Release|x86.Build.0 = Release|x86
		{47AB0825-43D6-4640-A8D0-7FC77DDB9225}.Release|x86.Deploy.0 = Release|x86
		{382FFE07-3D3E-4B9B-8AA9-FFF6A6478CA3}.Ad-Hoc|Any CPU.ActiveCfg = Release|Any CPU
		{382FFE07-3D3E-4B9B-8AA9-FFF6A6478CA3}.Ad-Hoc|Any CPU.Build.0 = Release|Any CPU
		{382FFE07-3D3E-4B9B-8AA9-FFF6A6478CA3}.Ad-Hoc|ARM.ActiveCfg = Release|Any CPU
		{382FFE07-3D3E-4B9B-8AA9-FFF6A6478CA3}.Ad-Hoc|ARM.Build.0 = Release|Any CPU
		{382FFE07-3D3E-4B9B-8AA9-FFF6A6478CA3}.Ad-Hoc|iPhone.ActiveCfg = Release|Any CPU
		{382FFE07-3D3E-4B9B-8AA9-FFF6A6478CA3}.Ad-Hoc|iPhone.Build.0 = Release|Any CPU
		{382FFE07-3D3E-4B9B-8AA9-FFF6A6478CA3}.Ad-Hoc|iPhoneSimulator.ActiveCfg = Release|Any CPU
		{382FFE07-3D3E-4B9B-8AA9-FFF6A6478CA3}.Ad-Hoc|iPhoneSimulator.Build.0 = Release|Any CPU
		{382FFE07-3D3E-4B9B-8AA9-FFF6A6478CA3}.Ad-Hoc|Mixed Platforms.ActiveCfg = Release|Any CPU
		{382FFE07-3D3E-4B9B-8AA9-FFF6A6478CA3}.Ad-Hoc|Mixed Platforms.Build.0 = Release|Any CPU
		{382FFE07-3D3E-4B9B-8AA9-FFF6A6478CA3}.Ad-Hoc|x64.ActiveCfg = Release|Any CPU
		{382FFE07-3D3E-4B9B-8AA9-FFF6A6478CA3}.Ad-Hoc|x64.Build.0 = Release|Any CPU
		{382FFE07-3D3E-4B9B-8AA9-FFF6A6478CA3}.Ad-Hoc|x86.ActiveCfg = Release|Any CPU
		{382FFE07-3D3E-4B9B-8AA9-FFF6A6478CA3}.Ad-Hoc|x86.Build.0 = Release|Any CPU
		{382FFE07-3D3E-4B9B-8AA9-FFF6A6478CA3}.AppStore|Any CPU.ActiveCfg = Release|Any CPU
		{382FFE07-3D3E-4B9B-8AA9-FFF6A6478CA3}.AppStore|Any CPU.Build.0 = Release|Any CPU
		{382FFE07-3D3E-4B9B-8AA9-FFF6A6478CA3}.AppStore|ARM.ActiveCfg = Release|Any CPU
		{382FFE07-3D3E-4B9B-8AA9-FFF6A6478CA3}.AppStore|ARM.Build.0 = Release|Any CPU
		{382FFE07-3D3E-4B9B-8AA9-FFF6A6478CA3}.AppStore|iPhone.ActiveCfg = Release|Any CPU
		{382FFE07-3D3E-4B9B-8AA9-FFF6A6478CA3}.AppStore|iPhone.Build.0 = Release|Any CPU
		{382FFE07-3D3E-4B9B-8AA9-FFF6A6478CA3}.AppStore|iPhoneSimulator.ActiveCfg = Release|Any CPU
		{382FFE07-3D3E-4B9B-8AA9-FFF6A6478CA3}.AppStore|iPhoneSimulator.Build.0 = Release|Any CPU
		{382FFE07-3D3E-4B9B-8AA9-FFF6A6478CA3}.AppStore|Mixed Platforms.ActiveCfg = Release|Any CPU
		{382FFE07-3D3E-4B9B-8AA9-FFF6A6478CA3}.AppStore|Mixed Platforms.Build.0 = Release|Any CPU
		{382FFE07-3D3E-4B9B-8AA9-FFF6A6478CA3}.AppStore|x64.ActiveCfg = Release|Any CPU
		{382FFE07-3D3E-4B9B-8AA9-FFF6A6478CA3}.AppStore|x64.Build.0 = Release|Any CPU
		{382FFE07-3D3E-4B9B-8AA9-FFF6A6478CA3}.AppStore|x86.ActiveCfg = Release|Any CPU
		{382FFE07-3D3E-4B9B-8AA9-FFF6A6478CA3}.AppStore|x86.Build.0 = Release|Any CPU
		{382FFE07-3D3E-4B9B-8AA9-FFF6A6478CA3}.Debug|Any CPU.ActiveCfg = Debug|Any CPU
		{382FFE07-3D3E-4B9B-8AA9-FFF6A6478CA3}.Debug|Any CPU.Build.0 = Debug|Any CPU
		{382FFE07-3D3E-4B9B-8AA9-FFF6A6478CA3}.Debug|ARM.ActiveCfg = Debug|Any CPU
		{382FFE07-3D3E-4B9B-8AA9-FFF6A6478CA3}.Debug|ARM.Build.0 = Debug|Any CPU
		{382FFE07-3D3E-4B9B-8AA9-FFF6A6478CA3}.Debug|iPhone.ActiveCfg = Debug|Any CPU
		{382FFE07-3D3E-4B9B-8AA9-FFF6A6478CA3}.Debug|iPhone.Build.0 = Debug|Any CPU
		{382FFE07-3D3E-4B9B-8AA9-FFF6A6478CA3}.Debug|iPhoneSimulator.ActiveCfg = Debug|Any CPU
		{382FFE07-3D3E-4B9B-8AA9-FFF6A6478CA3}.Debug|iPhoneSimulator.Build.0 = Debug|Any CPU
		{382FFE07-3D3E-4B9B-8AA9-FFF6A6478CA3}.Debug|Mixed Platforms.ActiveCfg = Debug|Any CPU
		{382FFE07-3D3E-4B9B-8AA9-FFF6A6478CA3}.Debug|Mixed Platforms.Build.0 = Debug|Any CPU
		{382FFE07-3D3E-4B9B-8AA9-FFF6A6478CA3}.Debug|x64.ActiveCfg = Debug|Any CPU
		{382FFE07-3D3E-4B9B-8AA9-FFF6A6478CA3}.Debug|x64.Build.0 = Debug|Any CPU
		{382FFE07-3D3E-4B9B-8AA9-FFF6A6478CA3}.Debug|x86.ActiveCfg = Debug|Any CPU
		{382FFE07-3D3E-4B9B-8AA9-FFF6A6478CA3}.Debug|x86.Build.0 = Debug|Any CPU
		{382FFE07-3D3E-4B9B-8AA9-FFF6A6478CA3}.Release|Any CPU.ActiveCfg = Release|Any CPU
		{382FFE07-3D3E-4B9B-8AA9-FFF6A6478CA3}.Release|Any CPU.Build.0 = Release|Any CPU
		{382FFE07-3D3E-4B9B-8AA9-FFF6A6478CA3}.Release|ARM.ActiveCfg = Release|Any CPU
		{382FFE07-3D3E-4B9B-8AA9-FFF6A6478CA3}.Release|ARM.Build.0 = Release|Any CPU
		{382FFE07-3D3E-4B9B-8AA9-FFF6A6478CA3}.Release|iPhone.ActiveCfg = Release|Any CPU
		{382FFE07-3D3E-4B9B-8AA9-FFF6A6478CA3}.Release|iPhone.Build.0 = Release|Any CPU
		{382FFE07-3D3E-4B9B-8AA9-FFF6A6478CA3}.Release|iPhoneSimulator.ActiveCfg = Release|Any CPU
		{382FFE07-3D3E-4B9B-8AA9-FFF6A6478CA3}.Release|iPhoneSimulator.Build.0 = Release|Any CPU
		{382FFE07-3D3E-4B9B-8AA9-FFF6A6478CA3}.Release|Mixed Platforms.ActiveCfg = Release|Any CPU
		{382FFE07-3D3E-4B9B-8AA9-FFF6A6478CA3}.Release|Mixed Platforms.Build.0 = Release|Any CPU
		{382FFE07-3D3E-4B9B-8AA9-FFF6A6478CA3}.Release|x64.ActiveCfg = Release|Any CPU
		{382FFE07-3D3E-4B9B-8AA9-FFF6A6478CA3}.Release|x64.Build.0 = Release|Any CPU
		{382FFE07-3D3E-4B9B-8AA9-FFF6A6478CA3}.Release|x86.ActiveCfg = Release|Any CPU
		{382FFE07-3D3E-4B9B-8AA9-FFF6A6478CA3}.Release|x86.Build.0 = Release|Any CPU
		{54969E75-E286-434C-9C4C-EA5AA82AFE4C}.Ad-Hoc|Any CPU.ActiveCfg = Release|Any CPU
		{54969E75-E286-434C-9C4C-EA5AA82AFE4C}.Ad-Hoc|Any CPU.Build.0 = Release|Any CPU
		{54969E75-E286-434C-9C4C-EA5AA82AFE4C}.Ad-Hoc|ARM.ActiveCfg = Release|Any CPU
		{54969E75-E286-434C-9C4C-EA5AA82AFE4C}.Ad-Hoc|ARM.Build.0 = Release|Any CPU
		{54969E75-E286-434C-9C4C-EA5AA82AFE4C}.Ad-Hoc|iPhone.ActiveCfg = Release|Any CPU
		{54969E75-E286-434C-9C4C-EA5AA82AFE4C}.Ad-Hoc|iPhone.Build.0 = Release|Any CPU
		{54969E75-E286-434C-9C4C-EA5AA82AFE4C}.Ad-Hoc|iPhoneSimulator.ActiveCfg = Release|Any CPU
		{54969E75-E286-434C-9C4C-EA5AA82AFE4C}.Ad-Hoc|iPhoneSimulator.Build.0 = Release|Any CPU
		{54969E75-E286-434C-9C4C-EA5AA82AFE4C}.Ad-Hoc|Mixed Platforms.ActiveCfg = Release|Any CPU
		{54969E75-E286-434C-9C4C-EA5AA82AFE4C}.Ad-Hoc|Mixed Platforms.Build.0 = Release|Any CPU
		{54969E75-E286-434C-9C4C-EA5AA82AFE4C}.Ad-Hoc|x64.ActiveCfg = Release|Any CPU
		{54969E75-E286-434C-9C4C-EA5AA82AFE4C}.Ad-Hoc|x64.Build.0 = Release|Any CPU
		{54969E75-E286-434C-9C4C-EA5AA82AFE4C}.Ad-Hoc|x86.ActiveCfg = Release|Any CPU
		{54969E75-E286-434C-9C4C-EA5AA82AFE4C}.Ad-Hoc|x86.Build.0 = Release|Any CPU
		{54969E75-E286-434C-9C4C-EA5AA82AFE4C}.AppStore|Any CPU.ActiveCfg = Release|Any CPU
		{54969E75-E286-434C-9C4C-EA5AA82AFE4C}.AppStore|Any CPU.Build.0 = Release|Any CPU
		{54969E75-E286-434C-9C4C-EA5AA82AFE4C}.AppStore|ARM.ActiveCfg = Release|Any CPU
		{54969E75-E286-434C-9C4C-EA5AA82AFE4C}.AppStore|ARM.Build.0 = Release|Any CPU
		{54969E75-E286-434C-9C4C-EA5AA82AFE4C}.AppStore|iPhone.ActiveCfg = Release|Any CPU
		{54969E75-E286-434C-9C4C-EA5AA82AFE4C}.AppStore|iPhone.Build.0 = Release|Any CPU
		{54969E75-E286-434C-9C4C-EA5AA82AFE4C}.AppStore|iPhoneSimulator.ActiveCfg = Release|Any CPU
		{54969E75-E286-434C-9C4C-EA5AA82AFE4C}.AppStore|iPhoneSimulator.Build.0 = Release|Any CPU
		{54969E75-E286-434C-9C4C-EA5AA82AFE4C}.AppStore|Mixed Platforms.ActiveCfg = Release|Any CPU
		{54969E75-E286-434C-9C4C-EA5AA82AFE4C}.AppStore|Mixed Platforms.Build.0 = Release|Any CPU
		{54969E75-E286-434C-9C4C-EA5AA82AFE4C}.AppStore|x64.ActiveCfg = Release|Any CPU
		{54969E75-E286-434C-9C4C-EA5AA82AFE4C}.AppStore|x64.Build.0 = Release|Any CPU
		{54969E75-E286-434C-9C4C-EA5AA82AFE4C}.AppStore|x86.ActiveCfg = Release|Any CPU
		{54969E75-E286-434C-9C4C-EA5AA82AFE4C}.AppStore|x86.Build.0 = Release|Any CPU
		{54969E75-E286-434C-9C4C-EA5AA82AFE4C}.Debug|Any CPU.ActiveCfg = Debug|Any CPU
		{54969E75-E286-434C-9C4C-EA5AA82AFE4C}.Debug|Any CPU.Build.0 = Debug|Any CPU
		{54969E75-E286-434C-9C4C-EA5AA82AFE4C}.Debug|ARM.ActiveCfg = Debug|Any CPU
		{54969E75-E286-434C-9C4C-EA5AA82AFE4C}.Debug|ARM.Build.0 = Debug|Any CPU
		{54969E75-E286-434C-9C4C-EA5AA82AFE4C}.Debug|iPhone.ActiveCfg = Debug|Any CPU
		{54969E75-E286-434C-9C4C-EA5AA82AFE4C}.Debug|iPhone.Build.0 = Debug|Any CPU
		{54969E75-E286-434C-9C4C-EA5AA82AFE4C}.Debug|iPhoneSimulator.ActiveCfg = Debug|Any CPU
		{54969E75-E286-434C-9C4C-EA5AA82AFE4C}.Debug|iPhoneSimulator.Build.0 = Debug|Any CPU
		{54969E75-E286-434C-9C4C-EA5AA82AFE4C}.Debug|Mixed Platforms.ActiveCfg = Debug|Any CPU
		{54969E75-E286-434C-9C4C-EA5AA82AFE4C}.Debug|Mixed Platforms.Build.0 = Debug|Any CPU
		{54969E75-E286-434C-9C4C-EA5AA82AFE4C}.Debug|x64.ActiveCfg = Debug|Any CPU
		{54969E75-E286-434C-9C4C-EA5AA82AFE4C}.Debug|x64.Build.0 = Debug|Any CPU
		{54969E75-E286-434C-9C4C-EA5AA82AFE4C}.Debug|x86.ActiveCfg = Debug|Any CPU
		{54969E75-E286-434C-9C4C-EA5AA82AFE4C}.Debug|x86.Build.0 = Debug|Any CPU
		{54969E75-E286-434C-9C4C-EA5AA82AFE4C}.Release|Any CPU.ActiveCfg = Release|Any CPU
		{54969E75-E286-434C-9C4C-EA5AA82AFE4C}.Release|Any CPU.Build.0 = Release|Any CPU
		{54969E75-E286-434C-9C4C-EA5AA82AFE4C}.Release|ARM.ActiveCfg = Release|Any CPU
		{54969E75-E286-434C-9C4C-EA5AA82AFE4C}.Release|ARM.Build.0 = Release|Any CPU
		{54969E75-E286-434C-9C4C-EA5AA82AFE4C}.Release|iPhone.ActiveCfg = Release|Any CPU
		{54969E75-E286-434C-9C4C-EA5AA82AFE4C}.Release|iPhone.Build.0 = Release|Any CPU
		{54969E75-E286-434C-9C4C-EA5AA82AFE4C}.Release|iPhoneSimulator.ActiveCfg = Release|Any CPU
		{54969E75-E286-434C-9C4C-EA5AA82AFE4C}.Release|iPhoneSimulator.Build.0 = Release|Any CPU
		{54969E75-E286-434C-9C4C-EA5AA82AFE4C}.Release|Mixed Platforms.ActiveCfg = Release|Any CPU
		{54969E75-E286-434C-9C4C-EA5AA82AFE4C}.Release|Mixed Platforms.Build.0 = Release|Any CPU
		{54969E75-E286-434C-9C4C-EA5AA82AFE4C}.Release|x64.ActiveCfg = Release|Any CPU
		{54969E75-E286-434C-9C4C-EA5AA82AFE4C}.Release|x64.Build.0 = Release|Any CPU
		{54969E75-E286-434C-9C4C-EA5AA82AFE4C}.Release|x86.ActiveCfg = Release|Any CPU
		{54969E75-E286-434C-9C4C-EA5AA82AFE4C}.Release|x86.Build.0 = Release|Any CPU
		{51658C77-2E00-4D4B-93BA-8A950FF281BE}.Ad-Hoc|Any CPU.ActiveCfg = Release|Any CPU
		{51658C77-2E00-4D4B-93BA-8A950FF281BE}.Ad-Hoc|Any CPU.Build.0 = Release|Any CPU
		{51658C77-2E00-4D4B-93BA-8A950FF281BE}.Ad-Hoc|ARM.ActiveCfg = Release|Any CPU
		{51658C77-2E00-4D4B-93BA-8A950FF281BE}.Ad-Hoc|ARM.Build.0 = Release|Any CPU
		{51658C77-2E00-4D4B-93BA-8A950FF281BE}.Ad-Hoc|iPhone.ActiveCfg = Release|Any CPU
		{51658C77-2E00-4D4B-93BA-8A950FF281BE}.Ad-Hoc|iPhone.Build.0 = Release|Any CPU
		{51658C77-2E00-4D4B-93BA-8A950FF281BE}.Ad-Hoc|iPhoneSimulator.ActiveCfg = Release|Any CPU
		{51658C77-2E00-4D4B-93BA-8A950FF281BE}.Ad-Hoc|iPhoneSimulator.Build.0 = Release|Any CPU
		{51658C77-2E00-4D4B-93BA-8A950FF281BE}.Ad-Hoc|Mixed Platforms.ActiveCfg = Release|Any CPU
		{51658C77-2E00-4D4B-93BA-8A950FF281BE}.Ad-Hoc|Mixed Platforms.Build.0 = Release|Any CPU
		{51658C77-2E00-4D4B-93BA-8A950FF281BE}.Ad-Hoc|x64.ActiveCfg = Release|Any CPU
		{51658C77-2E00-4D4B-93BA-8A950FF281BE}.Ad-Hoc|x64.Build.0 = Release|Any CPU
		{51658C77-2E00-4D4B-93BA-8A950FF281BE}.Ad-Hoc|x86.ActiveCfg = Release|Any CPU
		{51658C77-2E00-4D4B-93BA-8A950FF281BE}.Ad-Hoc|x86.Build.0 = Release|Any CPU
		{51658C77-2E00-4D4B-93BA-8A950FF281BE}.AppStore|Any CPU.ActiveCfg = Release|Any CPU
		{51658C77-2E00-4D4B-93BA-8A950FF281BE}.AppStore|Any CPU.Build.0 = Release|Any CPU
		{51658C77-2E00-4D4B-93BA-8A950FF281BE}.AppStore|ARM.ActiveCfg = Release|Any CPU
		{51658C77-2E00-4D4B-93BA-8A950FF281BE}.AppStore|ARM.Build.0 = Release|Any CPU
		{51658C77-2E00-4D4B-93BA-8A950FF281BE}.AppStore|iPhone.ActiveCfg = Release|Any CPU
		{51658C77-2E00-4D4B-93BA-8A950FF281BE}.AppStore|iPhone.Build.0 = Release|Any CPU
		{51658C77-2E00-4D4B-93BA-8A950FF281BE}.AppStore|iPhoneSimulator.ActiveCfg = Release|Any CPU
		{51658C77-2E00-4D4B-93BA-8A950FF281BE}.AppStore|iPhoneSimulator.Build.0 = Release|Any CPU
		{51658C77-2E00-4D4B-93BA-8A950FF281BE}.AppStore|Mixed Platforms.ActiveCfg = Release|Any CPU
		{51658C77-2E00-4D4B-93BA-8A950FF281BE}.AppStore|Mixed Platforms.Build.0 = Release|Any CPU
		{51658C77-2E00-4D4B-93BA-8A950FF281BE}.AppStore|x64.ActiveCfg = Release|Any CPU
		{51658C77-2E00-4D4B-93BA-8A950FF281BE}.AppStore|x64.Build.0 = Release|Any CPU
		{51658C77-2E00-4D4B-93BA-8A950FF281BE}.AppStore|x86.ActiveCfg = Release|Any CPU
		{51658C77-2E00-4D4B-93BA-8A950FF281BE}.AppStore|x86.Build.0 = Release|Any CPU
		{51658C77-2E00-4D4B-93BA-8A950FF281BE}.Debug|Any CPU.ActiveCfg = Debug|Any CPU
		{51658C77-2E00-4D4B-93BA-8A950FF281BE}.Debug|Any CPU.Build.0 = Debug|Any CPU
		{51658C77-2E00-4D4B-93BA-8A950FF281BE}.Debug|ARM.ActiveCfg = Debug|Any CPU
		{51658C77-2E00-4D4B-93BA-8A950FF281BE}.Debug|ARM.Build.0 = Debug|Any CPU
		{51658C77-2E00-4D4B-93BA-8A950FF281BE}.Debug|iPhone.ActiveCfg = Debug|Any CPU
		{51658C77-2E00-4D4B-93BA-8A950FF281BE}.Debug|iPhone.Build.0 = Debug|Any CPU
		{51658C77-2E00-4D4B-93BA-8A950FF281BE}.Debug|iPhoneSimulator.ActiveCfg = Debug|Any CPU
		{51658C77-2E00-4D4B-93BA-8A950FF281BE}.Debug|iPhoneSimulator.Build.0 = Debug|Any CPU
		{51658C77-2E00-4D4B-93BA-8A950FF281BE}.Debug|Mixed Platforms.ActiveCfg = Debug|Any CPU
		{51658C77-2E00-4D4B-93BA-8A950FF281BE}.Debug|Mixed Platforms.Build.0 = Debug|Any CPU
		{51658C77-2E00-4D4B-93BA-8A950FF281BE}.Debug|x64.ActiveCfg = Debug|Any CPU
		{51658C77-2E00-4D4B-93BA-8A950FF281BE}.Debug|x64.Build.0 = Debug|Any CPU
		{51658C77-2E00-4D4B-93BA-8A950FF281BE}.Debug|x86.ActiveCfg = Debug|Any CPU
		{51658C77-2E00-4D4B-93BA-8A950FF281BE}.Debug|x86.Build.0 = Debug|Any CPU
		{51658C77-2E00-4D4B-93BA-8A950FF281BE}.Release|Any CPU.ActiveCfg = Release|Any CPU
		{51658C77-2E00-4D4B-93BA-8A950FF281BE}.Release|Any CPU.Build.0 = Release|Any CPU
		{51658C77-2E00-4D4B-93BA-8A950FF281BE}.Release|ARM.ActiveCfg = Release|Any CPU
		{51658C77-2E00-4D4B-93BA-8A950FF281BE}.Release|ARM.Build.0 = Release|Any CPU
		{51658C77-2E00-4D4B-93BA-8A950FF281BE}.Release|iPhone.ActiveCfg = Release|Any CPU
		{51658C77-2E00-4D4B-93BA-8A950FF281BE}.Release|iPhone.Build.0 = Release|Any CPU
		{51658C77-2E00-4D4B-93BA-8A950FF281BE}.Release|iPhoneSimulator.ActiveCfg = Release|Any CPU
		{51658C77-2E00-4D4B-93BA-8A950FF281BE}.Release|iPhoneSimulator.Build.0 = Release|Any CPU
		{51658C77-2E00-4D4B-93BA-8A950FF281BE}.Release|Mixed Platforms.ActiveCfg = Release|Any CPU
		{51658C77-2E00-4D4B-93BA-8A950FF281BE}.Release|Mixed Platforms.Build.0 = Release|Any CPU
		{51658C77-2E00-4D4B-93BA-8A950FF281BE}.Release|x64.ActiveCfg = Release|Any CPU
		{51658C77-2E00-4D4B-93BA-8A950FF281BE}.Release|x64.Build.0 = Release|Any CPU
		{51658C77-2E00-4D4B-93BA-8A950FF281BE}.Release|x86.ActiveCfg = Release|Any CPU
		{51658C77-2E00-4D4B-93BA-8A950FF281BE}.Release|x86.Build.0 = Release|Any CPU
		{252E0151-D2CE-4DFD-945D-5E8689EE9689}.Ad-Hoc|Any CPU.ActiveCfg = Release|Any CPU
		{252E0151-D2CE-4DFD-945D-5E8689EE9689}.Ad-Hoc|Any CPU.Build.0 = Release|Any CPU
		{252E0151-D2CE-4DFD-945D-5E8689EE9689}.Ad-Hoc|ARM.ActiveCfg = Release|Any CPU
		{252E0151-D2CE-4DFD-945D-5E8689EE9689}.Ad-Hoc|ARM.Build.0 = Release|Any CPU
		{252E0151-D2CE-4DFD-945D-5E8689EE9689}.Ad-Hoc|iPhone.ActiveCfg = Release|Any CPU
		{252E0151-D2CE-4DFD-945D-5E8689EE9689}.Ad-Hoc|iPhone.Build.0 = Release|Any CPU
		{252E0151-D2CE-4DFD-945D-5E8689EE9689}.Ad-Hoc|iPhoneSimulator.ActiveCfg = Release|Any CPU
		{252E0151-D2CE-4DFD-945D-5E8689EE9689}.Ad-Hoc|iPhoneSimulator.Build.0 = Release|Any CPU
		{252E0151-D2CE-4DFD-945D-5E8689EE9689}.Ad-Hoc|Mixed Platforms.ActiveCfg = Release|Any CPU
		{252E0151-D2CE-4DFD-945D-5E8689EE9689}.Ad-Hoc|Mixed Platforms.Build.0 = Release|Any CPU
		{252E0151-D2CE-4DFD-945D-5E8689EE9689}.Ad-Hoc|x64.ActiveCfg = Release|Any CPU
		{252E0151-D2CE-4DFD-945D-5E8689EE9689}.Ad-Hoc|x64.Build.0 = Release|Any CPU
		{252E0151-D2CE-4DFD-945D-5E8689EE9689}.Ad-Hoc|x86.ActiveCfg = Release|Any CPU
		{252E0151-D2CE-4DFD-945D-5E8689EE9689}.Ad-Hoc|x86.Build.0 = Release|Any CPU
		{252E0151-D2CE-4DFD-945D-5E8689EE9689}.AppStore|Any CPU.ActiveCfg = Release|Any CPU
		{252E0151-D2CE-4DFD-945D-5E8689EE9689}.AppStore|Any CPU.Build.0 = Release|Any CPU
		{252E0151-D2CE-4DFD-945D-5E8689EE9689}.AppStore|ARM.ActiveCfg = Release|Any CPU
		{252E0151-D2CE-4DFD-945D-5E8689EE9689}.AppStore|ARM.Build.0 = Release|Any CPU
		{252E0151-D2CE-4DFD-945D-5E8689EE9689}.AppStore|iPhone.ActiveCfg = Release|Any CPU
		{252E0151-D2CE-4DFD-945D-5E8689EE9689}.AppStore|iPhone.Build.0 = Release|Any CPU
		{252E0151-D2CE-4DFD-945D-5E8689EE9689}.AppStore|iPhoneSimulator.ActiveCfg = Release|Any CPU
		{252E0151-D2CE-4DFD-945D-5E8689EE9689}.AppStore|iPhoneSimulator.Build.0 = Release|Any CPU
		{252E0151-D2CE-4DFD-945D-5E8689EE9689}.AppStore|Mixed Platforms.ActiveCfg = Release|Any CPU
		{252E0151-D2CE-4DFD-945D-5E8689EE9689}.AppStore|Mixed Platforms.Build.0 = Release|Any CPU
		{252E0151-D2CE-4DFD-945D-5E8689EE9689}.AppStore|x64.ActiveCfg = Release|Any CPU
		{252E0151-D2CE-4DFD-945D-5E8689EE9689}.AppStore|x64.Build.0 = Release|Any CPU
		{252E0151-D2CE-4DFD-945D-5E8689EE9689}.AppStore|x86.ActiveCfg = Release|Any CPU
		{252E0151-D2CE-4DFD-945D-5E8689EE9689}.AppStore|x86.Build.0 = Release|Any CPU
		{252E0151-D2CE-4DFD-945D-5E8689EE9689}.Debug|Any CPU.ActiveCfg = Debug|Any CPU
		{252E0151-D2CE-4DFD-945D-5E8689EE9689}.Debug|Any CPU.Build.0 = Debug|Any CPU
		{252E0151-D2CE-4DFD-945D-5E8689EE9689}.Debug|ARM.ActiveCfg = Debug|Any CPU
		{252E0151-D2CE-4DFD-945D-5E8689EE9689}.Debug|ARM.Build.0 = Debug|Any CPU
		{252E0151-D2CE-4DFD-945D-5E8689EE9689}.Debug|iPhone.ActiveCfg = Debug|Any CPU
		{252E0151-D2CE-4DFD-945D-5E8689EE9689}.Debug|iPhone.Build.0 = Debug|Any CPU
		{252E0151-D2CE-4DFD-945D-5E8689EE9689}.Debug|iPhoneSimulator.ActiveCfg = Debug|Any CPU
		{252E0151-D2CE-4DFD-945D-5E8689EE9689}.Debug|iPhoneSimulator.Build.0 = Debug|Any CPU
		{252E0151-D2CE-4DFD-945D-5E8689EE9689}.Debug|Mixed Platforms.ActiveCfg = Debug|Any CPU
		{252E0151-D2CE-4DFD-945D-5E8689EE9689}.Debug|Mixed Platforms.Build.0 = Debug|Any CPU
		{252E0151-D2CE-4DFD-945D-5E8689EE9689}.Debug|x64.ActiveCfg = Debug|Any CPU
		{252E0151-D2CE-4DFD-945D-5E8689EE9689}.Debug|x64.Build.0 = Debug|Any CPU
		{252E0151-D2CE-4DFD-945D-5E8689EE9689}.Debug|x86.ActiveCfg = Debug|Any CPU
		{252E0151-D2CE-4DFD-945D-5E8689EE9689}.Debug|x86.Build.0 = Debug|Any CPU
		{252E0151-D2CE-4DFD-945D-5E8689EE9689}.Release|Any CPU.ActiveCfg = Release|Any CPU
		{252E0151-D2CE-4DFD-945D-5E8689EE9689}.Release|Any CPU.Build.0 = Release|Any CPU
		{252E0151-D2CE-4DFD-945D-5E8689EE9689}.Release|ARM.ActiveCfg = Release|Any CPU
		{252E0151-D2CE-4DFD-945D-5E8689EE9689}.Release|ARM.Build.0 = Release|Any CPU
		{252E0151-D2CE-4DFD-945D-5E8689EE9689}.Release|iPhone.ActiveCfg = Release|Any CPU
		{252E0151-D2CE-4DFD-945D-5E8689EE9689}.Release|iPhone.Build.0 = Release|Any CPU
		{252E0151-D2CE-4DFD-945D-5E8689EE9689}.Release|iPhoneSimulator.ActiveCfg = Release|Any CPU
		{252E0151-D2CE-4DFD-945D-5E8689EE9689}.Release|iPhoneSimulator.Build.0 = Release|Any CPU
		{252E0151-D2CE-4DFD-945D-5E8689EE9689}.Release|Mixed Platforms.ActiveCfg = Release|Any CPU
		{252E0151-D2CE-4DFD-945D-5E8689EE9689}.Release|Mixed Platforms.Build.0 = Release|Any CPU
		{252E0151-D2CE-4DFD-945D-5E8689EE9689}.Release|x64.ActiveCfg = Release|Any CPU
		{252E0151-D2CE-4DFD-945D-5E8689EE9689}.Release|x64.Build.0 = Release|Any CPU
		{252E0151-D2CE-4DFD-945D-5E8689EE9689}.Release|x86.ActiveCfg = Release|Any CPU
		{252E0151-D2CE-4DFD-945D-5E8689EE9689}.Release|x86.Build.0 = Release|Any CPU
	EndGlobalSection
	GlobalSection(SolutionProperties) = preSolution
		HideSolutionNode = FALSE
	EndGlobalSection
	GlobalSection(NestedProjects) = preSolution
		{9D95E266-CE63-41FE-976E-2AA3ABF6564A} = {4BBB5683-D611-4181-A67B-F924FAF58427}
		{01108527-BD86-4172-8206-F5AAB861E293} = {4BBB5683-D611-4181-A67B-F924FAF58427}
		{0C83443F-1196-425C-89F2-370C03C0A5D1} = {4BBB5683-D611-4181-A67B-F924FAF58427}
		{C16C92FF-ABAA-4BEF-AA25-9964C1007AD6} = {4BBB5683-D611-4181-A67B-F924FAF58427}
		{382FFE07-3D3E-4B9B-8AA9-FFF6A6478CA3} = {79A24B6B-CAAB-4641-A777-6DCA7B0CC2D2}
		{54969E75-E286-434C-9C4C-EA5AA82AFE4C} = {79A24B6B-CAAB-4641-A777-6DCA7B0CC2D2}
		{51658C77-2E00-4D4B-93BA-8A950FF281BE} = {902CD485-79E3-4DCB-B4B4-250F1761175E}
		{252E0151-D2CE-4DFD-945D-5E8689EE9689} = {902CD485-79E3-4DCB-B4B4-250F1761175E}
	EndGlobalSection
EndGlobal
