
Microsoft Visual Studio Solution File, Format Version 12.00
# Visual Studio 14
VisualStudioVersion = 14.0.22823.1
MinimumVisualStudioVersion = 10.0.40219.1
Project("{FAE04EC0-301F-11D3-BF4B-00C04F79EFBC}") = "Pegasus.Phone.XF.WinPhone", "Pegasus.Phone.XF\Pegasus.Phone.XF.WinPhone\Pegasus.Phone.XF.WinPhone.csproj", "{D3782DF7-5F0C-4A30-B403-58B3C7DF037F}"
EndProject
Project("{FAE04EC0-301F-11D3-BF4B-00C04F79EFBC}") = "Pegasus.Phone.XF.iOS", "Pegasus.Phone.XF\Pegasus.Phone.XF.iOS\Pegasus.Phone.XF.iOS.csproj", "{15FBD54F-2265-4169-98DB-48B54942584D}"
EndProject
Project("{FAE04EC0-301F-11D3-BF4B-00C04F79EFBC}") = "Pegasus.Phone.XF.Droid", "Pegasus.Phone.XF\Pegasus.Phone.XF.Droid\Pegasus.Phone.XF.Droid.csproj", "{1BCD305A-1CFC-4A8A-BBF9-922418B6B10B}"
EndProject
Project("{D954291E-2A0B-460D-934E-DC6B0785DB48}") = "Pegasus.Phone.XF", "Pegasus.Phone.XF\Pegasus.Phone.XF\Pegasus.Phone.XF.shproj", "{1DEE1854-10EB-4253-B1AA-D9C8B2C8021C}"
EndProject
Project("{FAE04EC0-301F-11D3-BF4B-00C04F79EFBC}") = "Piraeus.ServiceModel.Protocols.Coap.Phone", "Piraeus.ServiceModel.Protocols.Coap.Phone\Piraeus.ServiceModel.Protocols.Coap.Phone.csproj", "{F4297D99-D786-4F0D-944B-77EA9E4B13A9}"
EndProject
Project("{FAE04EC0-301F-11D3-BF4B-00C04F79EFBC}") = "Piraeus.ServiceModel.Protocols.Coap.Phone.PCLTimer", "Piraeus.ServiceModel.Protocols.Coap.Phone.PCLTimer\Piraeus.ServiceModel.Protocols.Coap.Phone.PCLTimer.csproj", "{990C1D79-A460-40B9-AA26-F8790FE3BD6B}"
EndProject
Project("{FAE04EC0-301F-11D3-BF4B-00C04F79EFBC}") = "WebSocketTestClient", "WebSocketTestClient\WebSocketTestClient.csproj", "{C16C92FF-ABAA-4BEF-AA25-9964C1007AD6}"
EndProject
Project("{FAE04EC0-301F-11D3-BF4B-00C04F79EFBC}") = "Pegasus.Data", "..\Shared\Pegasus.Data\Pegasus.Data.csproj", "{F3033E0C-1DB5-406E-B6A7-E1C794FAD7F3}"
EndProject
Project("{D954291E-2A0B-460D-934E-DC6B0785DB48}") = "Piraeus.Web.WebSockets", "Piraeus.Web.WebSockets\Piraeus.Web.WebSockets.shproj", "{FD89263E-A395-487B-906F-401E37E7ADCB}"
EndProject
Project("{FAE04EC0-301F-11D3-BF4B-00C04F79EFBC}") = "Pegasus.Phone.XF.WinPhone81", "Pegasus.Phone.XF\Pegasus.Phone.XF.WinPhone81\Pegasus.Phone.XF.WinPhone81.csproj", "{1E9127A6-A3CF-4F94-92FE-13FB4252DA0E}"
EndProject
Project("{2150E333-8FDC-42A3-9474-1A3956D46DE8}") = "WebSocket4Net", "WebSocket4Net", "{F9C354AC-286D-4FDC-A0D2-B0CA6254EF6C}"
EndProject
Project("{FAE04EC0-301F-11D3-BF4B-00C04F79EFBC}") = "WebSocket4Net.Net45", "..\..\websocket4net\WebSocket4Net\WebSocket4Net.Net45.csproj", "{6920447F-76B1-4739-822E-9CE3A2882718}"
EndProject
Project("{FAE04EC0-301F-11D3-BF4B-00C04F79EFBC}") = "WebSocket4Net.MonoTouch", "..\..\websocket4net\WebSocket4Net.MonoTouch\WebSocket4Net.MonoTouch.csproj", "{3A42609F-0DC8-4F4E-9069-8D7782592577}"
EndProject
Global
	GlobalSection(SharedMSBuildProjectFiles) = preSolution
		Pegasus.Phone.XF\Pegasus.Phone.XF\Pegasus.Phone.XF.projitems*{1bcd305a-1cfc-4a8a-bbf9-922418b6b10b}*SharedItemsImports = 4
		Piraeus.Web.WebSockets\Piraeus.Web.WebSockets.projitems*{1bcd305a-1cfc-4a8a-bbf9-922418b6b10b}*SharedItemsImports = 4
		Pegasus.Phone.XF\Pegasus.Phone.XF\Pegasus.Phone.XF.projitems*{1dee1854-10eb-4253-b1aa-d9c8b2c8021c}*SharedItemsImports = 13
		Pegasus.Phone.XF\Pegasus.Phone.XF\Pegasus.Phone.XF.projitems*{d3782df7-5f0c-4a30-b403-58b3c7df037f}*SharedItemsImports = 4
		Piraeus.Web.WebSockets\Piraeus.Web.WebSockets.projitems*{c16c92ff-abaa-4bef-aa25-9964c1007ad6}*SharedItemsImports = 4
		Piraeus.Web.WebSockets\Piraeus.Web.WebSockets.projitems*{fd89263e-a395-487b-906f-401e37e7adcb}*SharedItemsImports = 13
	EndGlobalSection
	GlobalSection(SolutionConfigurationPlatforms) = preSolution
		Ad-Hoc|Any CPU = Ad-Hoc|Any CPU
		Ad-Hoc|ARM = Ad-Hoc|ARM
		Ad-Hoc|iPhone = Ad-Hoc|iPhone
		Ad-Hoc|iPhoneSimulator = Ad-Hoc|iPhoneSimulator
		Ad-Hoc|x86 = Ad-Hoc|x86
		AppStore|Any CPU = AppStore|Any CPU
		AppStore|ARM = AppStore|ARM
		AppStore|iPhone = AppStore|iPhone
		AppStore|iPhoneSimulator = AppStore|iPhoneSimulator
		AppStore|x86 = AppStore|x86
		Debug|Any CPU = Debug|Any CPU
		Debug|ARM = Debug|ARM
		Debug|iPhone = Debug|iPhone
		Debug|iPhoneSimulator = Debug|iPhoneSimulator
		Debug|x86 = Debug|x86
		Release|Any CPU = Release|Any CPU
		Release|ARM = Release|ARM
		Release|iPhone = Release|iPhone
		Release|iPhoneSimulator = Release|iPhoneSimulator
		Release|x86 = Release|x86
	EndGlobalSection
	GlobalSection(ProjectConfigurationPlatforms) = postSolution
		{D3782DF7-5F0C-4A30-B403-58B3C7DF037F}.Ad-Hoc|Any CPU.ActiveCfg = Release|Any CPU
		{D3782DF7-5F0C-4A30-B403-58B3C7DF037F}.Ad-Hoc|Any CPU.Build.0 = Release|Any CPU
		{D3782DF7-5F0C-4A30-B403-58B3C7DF037F}.Ad-Hoc|Any CPU.Deploy.0 = Release|Any CPU
		{D3782DF7-5F0C-4A30-B403-58B3C7DF037F}.Ad-Hoc|ARM.ActiveCfg = Release|ARM
		{D3782DF7-5F0C-4A30-B403-58B3C7DF037F}.Ad-Hoc|ARM.Build.0 = Release|ARM
		{D3782DF7-5F0C-4A30-B403-58B3C7DF037F}.Ad-Hoc|ARM.Deploy.0 = Release|ARM
		{D3782DF7-5F0C-4A30-B403-58B3C7DF037F}.Ad-Hoc|iPhone.ActiveCfg = Release|Any CPU
		{D3782DF7-5F0C-4A30-B403-58B3C7DF037F}.Ad-Hoc|iPhone.Build.0 = Release|Any CPU
		{D3782DF7-5F0C-4A30-B403-58B3C7DF037F}.Ad-Hoc|iPhone.Deploy.0 = Release|Any CPU
		{D3782DF7-5F0C-4A30-B403-58B3C7DF037F}.Ad-Hoc|iPhoneSimulator.ActiveCfg = Release|Any CPU
		{D3782DF7-5F0C-4A30-B403-58B3C7DF037F}.Ad-Hoc|iPhoneSimulator.Build.0 = Release|Any CPU
		{D3782DF7-5F0C-4A30-B403-58B3C7DF037F}.Ad-Hoc|iPhoneSimulator.Deploy.0 = Release|Any CPU
		{D3782DF7-5F0C-4A30-B403-58B3C7DF037F}.Ad-Hoc|x86.ActiveCfg = Release|x86
		{D3782DF7-5F0C-4A30-B403-58B3C7DF037F}.Ad-Hoc|x86.Build.0 = Release|x86
		{D3782DF7-5F0C-4A30-B403-58B3C7DF037F}.Ad-Hoc|x86.Deploy.0 = Release|x86
		{D3782DF7-5F0C-4A30-B403-58B3C7DF037F}.AppStore|Any CPU.ActiveCfg = Release|Any CPU
		{D3782DF7-5F0C-4A30-B403-58B3C7DF037F}.AppStore|Any CPU.Build.0 = Release|Any CPU
		{D3782DF7-5F0C-4A30-B403-58B3C7DF037F}.AppStore|Any CPU.Deploy.0 = Release|Any CPU
		{D3782DF7-5F0C-4A30-B403-58B3C7DF037F}.AppStore|ARM.ActiveCfg = Release|ARM
		{D3782DF7-5F0C-4A30-B403-58B3C7DF037F}.AppStore|ARM.Build.0 = Release|ARM
		{D3782DF7-5F0C-4A30-B403-58B3C7DF037F}.AppStore|ARM.Deploy.0 = Release|ARM
		{D3782DF7-5F0C-4A30-B403-58B3C7DF037F}.AppStore|iPhone.ActiveCfg = Release|Any CPU
		{D3782DF7-5F0C-4A30-B403-58B3C7DF037F}.AppStore|iPhone.Build.0 = Release|Any CPU
		{D3782DF7-5F0C-4A30-B403-58B3C7DF037F}.AppStore|iPhone.Deploy.0 = Release|Any CPU
		{D3782DF7-5F0C-4A30-B403-58B3C7DF037F}.AppStore|iPhoneSimulator.ActiveCfg = Release|Any CPU
		{D3782DF7-5F0C-4A30-B403-58B3C7DF037F}.AppStore|iPhoneSimulator.Build.0 = Release|Any CPU
		{D3782DF7-5F0C-4A30-B403-58B3C7DF037F}.AppStore|iPhoneSimulator.Deploy.0 = Release|Any CPU
		{D3782DF7-5F0C-4A30-B403-58B3C7DF037F}.AppStore|x86.ActiveCfg = Release|x86
		{D3782DF7-5F0C-4A30-B403-58B3C7DF037F}.AppStore|x86.Build.0 = Release|x86
		{D3782DF7-5F0C-4A30-B403-58B3C7DF037F}.AppStore|x86.Deploy.0 = Release|x86
		{D3782DF7-5F0C-4A30-B403-58B3C7DF037F}.Debug|Any CPU.ActiveCfg = Debug|Any CPU
		{D3782DF7-5F0C-4A30-B403-58B3C7DF037F}.Debug|Any CPU.Build.0 = Debug|Any CPU
		{D3782DF7-5F0C-4A30-B403-58B3C7DF037F}.Debug|Any CPU.Deploy.0 = Debug|Any CPU
		{D3782DF7-5F0C-4A30-B403-58B3C7DF037F}.Debug|ARM.ActiveCfg = Debug|ARM
		{D3782DF7-5F0C-4A30-B403-58B3C7DF037F}.Debug|ARM.Build.0 = Debug|ARM
		{D3782DF7-5F0C-4A30-B403-58B3C7DF037F}.Debug|ARM.Deploy.0 = Debug|ARM
		{D3782DF7-5F0C-4A30-B403-58B3C7DF037F}.Debug|iPhone.ActiveCfg = Debug|Any CPU
		{D3782DF7-5F0C-4A30-B403-58B3C7DF037F}.Debug|iPhone.Build.0 = Debug|Any CPU
		{D3782DF7-5F0C-4A30-B403-58B3C7DF037F}.Debug|iPhone.Deploy.0 = Debug|Any CPU
		{D3782DF7-5F0C-4A30-B403-58B3C7DF037F}.Debug|iPhoneSimulator.ActiveCfg = Debug|Any CPU
		{D3782DF7-5F0C-4A30-B403-58B3C7DF037F}.Debug|iPhoneSimulator.Build.0 = Debug|Any CPU
		{D3782DF7-5F0C-4A30-B403-58B3C7DF037F}.Debug|iPhoneSimulator.Deploy.0 = Debug|Any CPU
		{D3782DF7-5F0C-4A30-B403-58B3C7DF037F}.Debug|x86.ActiveCfg = Debug|x86
		{D3782DF7-5F0C-4A30-B403-58B3C7DF037F}.Debug|x86.Build.0 = Debug|x86
		{D3782DF7-5F0C-4A30-B403-58B3C7DF037F}.Debug|x86.Deploy.0 = Debug|x86
		{D3782DF7-5F0C-4A30-B403-58B3C7DF037F}.Release|Any CPU.ActiveCfg = Release|Any CPU
		{D3782DF7-5F0C-4A30-B403-58B3C7DF037F}.Release|Any CPU.Build.0 = Release|Any CPU
		{D3782DF7-5F0C-4A30-B403-58B3C7DF037F}.Release|Any CPU.Deploy.0 = Release|Any CPU
		{D3782DF7-5F0C-4A30-B403-58B3C7DF037F}.Release|ARM.ActiveCfg = Release|ARM
		{D3782DF7-5F0C-4A30-B403-58B3C7DF037F}.Release|ARM.Build.0 = Release|ARM
		{D3782DF7-5F0C-4A30-B403-58B3C7DF037F}.Release|ARM.Deploy.0 = Release|ARM
		{D3782DF7-5F0C-4A30-B403-58B3C7DF037F}.Release|iPhone.ActiveCfg = Release|Any CPU
		{D3782DF7-5F0C-4A30-B403-58B3C7DF037F}.Release|iPhone.Build.0 = Release|Any CPU
		{D3782DF7-5F0C-4A30-B403-58B3C7DF037F}.Release|iPhone.Deploy.0 = Release|Any CPU
		{D3782DF7-5F0C-4A30-B403-58B3C7DF037F}.Release|iPhoneSimulator.ActiveCfg = Release|Any CPU
		{D3782DF7-5F0C-4A30-B403-58B3C7DF037F}.Release|iPhoneSimulator.Build.0 = Release|Any CPU
		{D3782DF7-5F0C-4A30-B403-58B3C7DF037F}.Release|iPhoneSimulator.Deploy.0 = Release|Any CPU
		{D3782DF7-5F0C-4A30-B403-58B3C7DF037F}.Release|x86.ActiveCfg = Release|x86
		{D3782DF7-5F0C-4A30-B403-58B3C7DF037F}.Release|x86.Build.0 = Release|x86
		{D3782DF7-5F0C-4A30-B403-58B3C7DF037F}.Release|x86.Deploy.0 = Release|x86
		{15FBD54F-2265-4169-98DB-48B54942584D}.Ad-Hoc|Any CPU.ActiveCfg = Ad-Hoc|iPhone
		{15FBD54F-2265-4169-98DB-48B54942584D}.Ad-Hoc|ARM.ActiveCfg = Ad-Hoc|iPhone
		{15FBD54F-2265-4169-98DB-48B54942584D}.Ad-Hoc|iPhone.ActiveCfg = Ad-Hoc|iPhone
		{15FBD54F-2265-4169-98DB-48B54942584D}.Ad-Hoc|iPhone.Build.0 = Ad-Hoc|iPhone
		{15FBD54F-2265-4169-98DB-48B54942584D}.Ad-Hoc|iPhoneSimulator.ActiveCfg = Ad-Hoc|iPhoneSimulator
		{15FBD54F-2265-4169-98DB-48B54942584D}.Ad-Hoc|iPhoneSimulator.Build.0 = Ad-Hoc|iPhoneSimulator
		{15FBD54F-2265-4169-98DB-48B54942584D}.Ad-Hoc|x86.ActiveCfg = Ad-Hoc|iPhone
		{15FBD54F-2265-4169-98DB-48B54942584D}.AppStore|Any CPU.ActiveCfg = AppStore|iPhone
		{15FBD54F-2265-4169-98DB-48B54942584D}.AppStore|ARM.ActiveCfg = AppStore|iPhone
		{15FBD54F-2265-4169-98DB-48B54942584D}.AppStore|iPhone.ActiveCfg = AppStore|iPhone
		{15FBD54F-2265-4169-98DB-48B54942584D}.AppStore|iPhone.Build.0 = AppStore|iPhone
		{15FBD54F-2265-4169-98DB-48B54942584D}.AppStore|iPhoneSimulator.ActiveCfg = AppStore|iPhoneSimulator
		{15FBD54F-2265-4169-98DB-48B54942584D}.AppStore|iPhoneSimulator.Build.0 = AppStore|iPhoneSimulator
		{15FBD54F-2265-4169-98DB-48B54942584D}.AppStore|x86.ActiveCfg = AppStore|iPhone
		{15FBD54F-2265-4169-98DB-48B54942584D}.Debug|Any CPU.ActiveCfg = Debug|iPhone
		{15FBD54F-2265-4169-98DB-48B54942584D}.Debug|ARM.ActiveCfg = Debug|iPhone
		{15FBD54F-2265-4169-98DB-48B54942584D}.Debug|iPhone.ActiveCfg = Debug|iPhone
		{15FBD54F-2265-4169-98DB-48B54942584D}.Debug|iPhone.Build.0 = Debug|iPhone
		{15FBD54F-2265-4169-98DB-48B54942584D}.Debug|iPhoneSimulator.ActiveCfg = Debug|iPhoneSimulator
		{15FBD54F-2265-4169-98DB-48B54942584D}.Debug|iPhoneSimulator.Build.0 = Debug|iPhoneSimulator
		{15FBD54F-2265-4169-98DB-48B54942584D}.Debug|x86.ActiveCfg = Debug|iPhone
		{15FBD54F-2265-4169-98DB-48B54942584D}.Release|Any CPU.ActiveCfg = Release|iPhone
		{15FBD54F-2265-4169-98DB-48B54942584D}.Release|ARM.ActiveCfg = Release|iPhone
		{15FBD54F-2265-4169-98DB-48B54942584D}.Release|iPhone.ActiveCfg = Release|iPhone
		{15FBD54F-2265-4169-98DB-48B54942584D}.Release|iPhone.Build.0 = Release|iPhone
		{15FBD54F-2265-4169-98DB-48B54942584D}.Release|iPhoneSimulator.ActiveCfg = Release|iPhoneSimulator
		{15FBD54F-2265-4169-98DB-48B54942584D}.Release|iPhoneSimulator.Build.0 = Release|iPhoneSimulator
		{15FBD54F-2265-4169-98DB-48B54942584D}.Release|x86.ActiveCfg = Release|iPhone
		{1BCD305A-1CFC-4A8A-BBF9-922418B6B10B}.Ad-Hoc|Any CPU.ActiveCfg = Release|Any CPU
		{1BCD305A-1CFC-4A8A-BBF9-922418B6B10B}.Ad-Hoc|Any CPU.Build.0 = Release|Any CPU
		{1BCD305A-1CFC-4A8A-BBF9-922418B6B10B}.Ad-Hoc|Any CPU.Deploy.0 = Release|Any CPU
		{1BCD305A-1CFC-4A8A-BBF9-922418B6B10B}.Ad-Hoc|ARM.ActiveCfg = Release|Any CPU
		{1BCD305A-1CFC-4A8A-BBF9-922418B6B10B}.Ad-Hoc|ARM.Build.0 = Release|Any CPU
		{1BCD305A-1CFC-4A8A-BBF9-922418B6B10B}.Ad-Hoc|ARM.Deploy.0 = Release|Any CPU
		{1BCD305A-1CFC-4A8A-BBF9-922418B6B10B}.Ad-Hoc|iPhone.ActiveCfg = Release|Any CPU
		{1BCD305A-1CFC-4A8A-BBF9-922418B6B10B}.Ad-Hoc|iPhone.Build.0 = Release|Any CPU
		{1BCD305A-1CFC-4A8A-BBF9-922418B6B10B}.Ad-Hoc|iPhone.Deploy.0 = Release|Any CPU
		{1BCD305A-1CFC-4A8A-BBF9-922418B6B10B}.Ad-Hoc|iPhoneSimulator.ActiveCfg = Release|Any CPU
		{1BCD305A-1CFC-4A8A-BBF9-922418B6B10B}.Ad-Hoc|iPhoneSimulator.Build.0 = Release|Any CPU
		{1BCD305A-1CFC-4A8A-BBF9-922418B6B10B}.Ad-Hoc|iPhoneSimulator.Deploy.0 = Release|Any CPU
		{1BCD305A-1CFC-4A8A-BBF9-922418B6B10B}.Ad-Hoc|x86.ActiveCfg = Release|Any CPU
		{1BCD305A-1CFC-4A8A-BBF9-922418B6B10B}.Ad-Hoc|x86.Build.0 = Release|Any CPU
		{1BCD305A-1CFC-4A8A-BBF9-922418B6B10B}.Ad-Hoc|x86.Deploy.0 = Release|Any CPU
		{1BCD305A-1CFC-4A8A-BBF9-922418B6B10B}.AppStore|Any CPU.ActiveCfg = Release|Any CPU
		{1BCD305A-1CFC-4A8A-BBF9-922418B6B10B}.AppStore|Any CPU.Build.0 = Release|Any CPU
		{1BCD305A-1CFC-4A8A-BBF9-922418B6B10B}.AppStore|Any CPU.Deploy.0 = Release|Any CPU
		{1BCD305A-1CFC-4A8A-BBF9-922418B6B10B}.AppStore|ARM.ActiveCfg = Release|Any CPU
		{1BCD305A-1CFC-4A8A-BBF9-922418B6B10B}.AppStore|ARM.Build.0 = Release|Any CPU
		{1BCD305A-1CFC-4A8A-BBF9-922418B6B10B}.AppStore|ARM.Deploy.0 = Release|Any CPU
		{1BCD305A-1CFC-4A8A-BBF9-922418B6B10B}.AppStore|iPhone.ActiveCfg = Release|Any CPU
		{1BCD305A-1CFC-4A8A-BBF9-922418B6B10B}.AppStore|iPhone.Build.0 = Release|Any CPU
		{1BCD305A-1CFC-4A8A-BBF9-922418B6B10B}.AppStore|iPhone.Deploy.0 = Release|Any CPU
		{1BCD305A-1CFC-4A8A-BBF9-922418B6B10B}.AppStore|iPhoneSimulator.ActiveCfg = Release|Any CPU
		{1BCD305A-1CFC-4A8A-BBF9-922418B6B10B}.AppStore|iPhoneSimulator.Build.0 = Release|Any CPU
		{1BCD305A-1CFC-4A8A-BBF9-922418B6B10B}.AppStore|iPhoneSimulator.Deploy.0 = Release|Any CPU
		{1BCD305A-1CFC-4A8A-BBF9-922418B6B10B}.AppStore|x86.ActiveCfg = Release|Any CPU
		{1BCD305A-1CFC-4A8A-BBF9-922418B6B10B}.AppStore|x86.Build.0 = Release|Any CPU
		{1BCD305A-1CFC-4A8A-BBF9-922418B6B10B}.AppStore|x86.Deploy.0 = Release|Any CPU
		{1BCD305A-1CFC-4A8A-BBF9-922418B6B10B}.Debug|Any CPU.ActiveCfg = Debug|Any CPU
		{1BCD305A-1CFC-4A8A-BBF9-922418B6B10B}.Debug|Any CPU.Build.0 = Debug|Any CPU
		{1BCD305A-1CFC-4A8A-BBF9-922418B6B10B}.Debug|Any CPU.Deploy.0 = Debug|Any CPU
		{1BCD305A-1CFC-4A8A-BBF9-922418B6B10B}.Debug|ARM.ActiveCfg = Debug|Any CPU
		{1BCD305A-1CFC-4A8A-BBF9-922418B6B10B}.Debug|ARM.Build.0 = Debug|Any CPU
		{1BCD305A-1CFC-4A8A-BBF9-922418B6B10B}.Debug|ARM.Deploy.0 = Debug|Any CPU
		{1BCD305A-1CFC-4A8A-BBF9-922418B6B10B}.Debug|iPhone.ActiveCfg = Debug|Any CPU
		{1BCD305A-1CFC-4A8A-BBF9-922418B6B10B}.Debug|iPhone.Build.0 = Debug|Any CPU
		{1BCD305A-1CFC-4A8A-BBF9-922418B6B10B}.Debug|iPhone.Deploy.0 = Debug|Any CPU
		{1BCD305A-1CFC-4A8A-BBF9-922418B6B10B}.Debug|iPhoneSimulator.ActiveCfg = Debug|Any CPU
		{1BCD305A-1CFC-4A8A-BBF9-922418B6B10B}.Debug|iPhoneSimulator.Build.0 = Debug|Any CPU
		{1BCD305A-1CFC-4A8A-BBF9-922418B6B10B}.Debug|iPhoneSimulator.Deploy.0 = Debug|Any CPU
		{1BCD305A-1CFC-4A8A-BBF9-922418B6B10B}.Debug|x86.ActiveCfg = Debug|Any CPU
		{1BCD305A-1CFC-4A8A-BBF9-922418B6B10B}.Debug|x86.Build.0 = Debug|Any CPU
		{1BCD305A-1CFC-4A8A-BBF9-922418B6B10B}.Debug|x86.Deploy.0 = Debug|Any CPU
		{1BCD305A-1CFC-4A8A-BBF9-922418B6B10B}.Release|Any CPU.ActiveCfg = Release|Any CPU
		{1BCD305A-1CFC-4A8A-BBF9-922418B6B10B}.Release|Any CPU.Build.0 = Release|Any CPU
		{1BCD305A-1CFC-4A8A-BBF9-922418B6B10B}.Release|Any CPU.Deploy.0 = Release|Any CPU
		{1BCD305A-1CFC-4A8A-BBF9-922418B6B10B}.Release|ARM.ActiveCfg = Release|Any CPU
		{1BCD305A-1CFC-4A8A-BBF9-922418B6B10B}.Release|ARM.Build.0 = Release|Any CPU
		{1BCD305A-1CFC-4A8A-BBF9-922418B6B10B}.Release|ARM.Deploy.0 = Release|Any CPU
		{1BCD305A-1CFC-4A8A-BBF9-922418B6B10B}.Release|iPhone.ActiveCfg = Release|Any CPU
		{1BCD305A-1CFC-4A8A-BBF9-922418B6B10B}.Release|iPhone.Build.0 = Release|Any CPU
		{1BCD305A-1CFC-4A8A-BBF9-922418B6B10B}.Release|iPhone.Deploy.0 = Release|Any CPU
		{1BCD305A-1CFC-4A8A-BBF9-922418B6B10B}.Release|iPhoneSimulator.ActiveCfg = Release|Any CPU
		{1BCD305A-1CFC-4A8A-BBF9-922418B6B10B}.Release|iPhoneSimulator.Build.0 = Release|Any CPU
		{1BCD305A-1CFC-4A8A-BBF9-922418B6B10B}.Release|iPhoneSimulator.Deploy.0 = Release|Any CPU
		{1BCD305A-1CFC-4A8A-BBF9-922418B6B10B}.Release|x86.ActiveCfg = Release|Any CPU
		{1BCD305A-1CFC-4A8A-BBF9-922418B6B10B}.Release|x86.Build.0 = Release|Any CPU
		{1BCD305A-1CFC-4A8A-BBF9-922418B6B10B}.Release|x86.Deploy.0 = Release|Any CPU
		{F4297D99-D786-4F0D-944B-77EA9E4B13A9}.Ad-Hoc|Any CPU.ActiveCfg = Release|Any CPU
		{F4297D99-D786-4F0D-944B-77EA9E4B13A9}.Ad-Hoc|Any CPU.Build.0 = Release|Any CPU
		{F4297D99-D786-4F0D-944B-77EA9E4B13A9}.Ad-Hoc|ARM.ActiveCfg = Release|Any CPU
		{F4297D99-D786-4F0D-944B-77EA9E4B13A9}.Ad-Hoc|ARM.Build.0 = Release|Any CPU
		{F4297D99-D786-4F0D-944B-77EA9E4B13A9}.Ad-Hoc|iPhone.ActiveCfg = Release|Any CPU
		{F4297D99-D786-4F0D-944B-77EA9E4B13A9}.Ad-Hoc|iPhone.Build.0 = Release|Any CPU
		{F4297D99-D786-4F0D-944B-77EA9E4B13A9}.Ad-Hoc|iPhoneSimulator.ActiveCfg = Release|Any CPU
		{F4297D99-D786-4F0D-944B-77EA9E4B13A9}.Ad-Hoc|iPhoneSimulator.Build.0 = Release|Any CPU
		{F4297D99-D786-4F0D-944B-77EA9E4B13A9}.Ad-Hoc|x86.ActiveCfg = Release|Any CPU
		{F4297D99-D786-4F0D-944B-77EA9E4B13A9}.Ad-Hoc|x86.Build.0 = Release|Any CPU
		{F4297D99-D786-4F0D-944B-77EA9E4B13A9}.AppStore|Any CPU.ActiveCfg = Release|Any CPU
		{F4297D99-D786-4F0D-944B-77EA9E4B13A9}.AppStore|Any CPU.Build.0 = Release|Any CPU
		{F4297D99-D786-4F0D-944B-77EA9E4B13A9}.AppStore|ARM.ActiveCfg = Release|Any CPU
		{F4297D99-D786-4F0D-944B-77EA9E4B13A9}.AppStore|ARM.Build.0 = Release|Any CPU
		{F4297D99-D786-4F0D-944B-77EA9E4B13A9}.AppStore|iPhone.ActiveCfg = Release|Any CPU
		{F4297D99-D786-4F0D-944B-77EA9E4B13A9}.AppStore|iPhone.Build.0 = Release|Any CPU
		{F4297D99-D786-4F0D-944B-77EA9E4B13A9}.AppStore|iPhoneSimulator.ActiveCfg = Release|Any CPU
		{F4297D99-D786-4F0D-944B-77EA9E4B13A9}.AppStore|iPhoneSimulator.Build.0 = Release|Any CPU
		{F4297D99-D786-4F0D-944B-77EA9E4B13A9}.AppStore|x86.ActiveCfg = Release|Any CPU
		{F4297D99-D786-4F0D-944B-77EA9E4B13A9}.AppStore|x86.Build.0 = Release|Any CPU
		{F4297D99-D786-4F0D-944B-77EA9E4B13A9}.Debug|Any CPU.ActiveCfg = Debug|Any CPU
		{F4297D99-D786-4F0D-944B-77EA9E4B13A9}.Debug|Any CPU.Build.0 = Debug|Any CPU
		{F4297D99-D786-4F0D-944B-77EA9E4B13A9}.Debug|ARM.ActiveCfg = Debug|Any CPU
		{F4297D99-D786-4F0D-944B-77EA9E4B13A9}.Debug|ARM.Build.0 = Debug|Any CPU
		{F4297D99-D786-4F0D-944B-77EA9E4B13A9}.Debug|iPhone.ActiveCfg = Debug|Any CPU
		{F4297D99-D786-4F0D-944B-77EA9E4B13A9}.Debug|iPhone.Build.0 = Debug|Any CPU
		{F4297D99-D786-4F0D-944B-77EA9E4B13A9}.Debug|iPhoneSimulator.ActiveCfg = Debug|Any CPU
		{F4297D99-D786-4F0D-944B-77EA9E4B13A9}.Debug|iPhoneSimulator.Build.0 = Debug|Any CPU
		{F4297D99-D786-4F0D-944B-77EA9E4B13A9}.Debug|x86.ActiveCfg = Debug|Any CPU
		{F4297D99-D786-4F0D-944B-77EA9E4B13A9}.Debug|x86.Build.0 = Debug|Any CPU
		{F4297D99-D786-4F0D-944B-77EA9E4B13A9}.Release|Any CPU.ActiveCfg = Release|Any CPU
		{F4297D99-D786-4F0D-944B-77EA9E4B13A9}.Release|Any CPU.Build.0 = Release|Any CPU
		{F4297D99-D786-4F0D-944B-77EA9E4B13A9}.Release|ARM.ActiveCfg = Release|Any CPU
		{F4297D99-D786-4F0D-944B-77EA9E4B13A9}.Release|ARM.Build.0 = Release|Any CPU
		{F4297D99-D786-4F0D-944B-77EA9E4B13A9}.Release|iPhone.ActiveCfg = Release|Any CPU
		{F4297D99-D786-4F0D-944B-77EA9E4B13A9}.Release|iPhone.Build.0 = Release|Any CPU
		{F4297D99-D786-4F0D-944B-77EA9E4B13A9}.Release|iPhoneSimulator.ActiveCfg = Release|Any CPU
		{F4297D99-D786-4F0D-944B-77EA9E4B13A9}.Release|iPhoneSimulator.Build.0 = Release|Any CPU
		{F4297D99-D786-4F0D-944B-77EA9E4B13A9}.Release|x86.ActiveCfg = Release|Any CPU
		{F4297D99-D786-4F0D-944B-77EA9E4B13A9}.Release|x86.Build.0 = Release|Any CPU
		{990C1D79-A460-40B9-AA26-F8790FE3BD6B}.Ad-Hoc|Any CPU.ActiveCfg = Release|Any CPU
		{990C1D79-A460-40B9-AA26-F8790FE3BD6B}.Ad-Hoc|Any CPU.Build.0 = Release|Any CPU
		{990C1D79-A460-40B9-AA26-F8790FE3BD6B}.Ad-Hoc|ARM.ActiveCfg = Release|Any CPU
		{990C1D79-A460-40B9-AA26-F8790FE3BD6B}.Ad-Hoc|ARM.Build.0 = Release|Any CPU
		{990C1D79-A460-40B9-AA26-F8790FE3BD6B}.Ad-Hoc|iPhone.ActiveCfg = Release|Any CPU
		{990C1D79-A460-40B9-AA26-F8790FE3BD6B}.Ad-Hoc|iPhone.Build.0 = Release|Any CPU
		{990C1D79-A460-40B9-AA26-F8790FE3BD6B}.Ad-Hoc|iPhoneSimulator.ActiveCfg = Release|Any CPU
		{990C1D79-A460-40B9-AA26-F8790FE3BD6B}.Ad-Hoc|iPhoneSimulator.Build.0 = Release|Any CPU
		{990C1D79-A460-40B9-AA26-F8790FE3BD6B}.Ad-Hoc|x86.ActiveCfg = Release|Any CPU
		{990C1D79-A460-40B9-AA26-F8790FE3BD6B}.Ad-Hoc|x86.Build.0 = Release|Any CPU
		{990C1D79-A460-40B9-AA26-F8790FE3BD6B}.AppStore|Any CPU.ActiveCfg = Release|Any CPU
		{990C1D79-A460-40B9-AA26-F8790FE3BD6B}.AppStore|Any CPU.Build.0 = Release|Any CPU
		{990C1D79-A460-40B9-AA26-F8790FE3BD6B}.AppStore|ARM.ActiveCfg = Release|Any CPU
		{990C1D79-A460-40B9-AA26-F8790FE3BD6B}.AppStore|ARM.Build.0 = Release|Any CPU
		{990C1D79-A460-40B9-AA26-F8790FE3BD6B}.AppStore|iPhone.ActiveCfg = Release|Any CPU
		{990C1D79-A460-40B9-AA26-F8790FE3BD6B}.AppStore|iPhone.Build.0 = Release|Any CPU
		{990C1D79-A460-40B9-AA26-F8790FE3BD6B}.AppStore|iPhoneSimulator.ActiveCfg = Release|Any CPU
		{990C1D79-A460-40B9-AA26-F8790FE3BD6B}.AppStore|iPhoneSimulator.Build.0 = Release|Any CPU
		{990C1D79-A460-40B9-AA26-F8790FE3BD6B}.AppStore|x86.ActiveCfg = Release|Any CPU
		{990C1D79-A460-40B9-AA26-F8790FE3BD6B}.AppStore|x86.Build.0 = Release|Any CPU
		{990C1D79-A460-40B9-AA26-F8790FE3BD6B}.Debug|Any CPU.ActiveCfg = Debug|Any CPU
		{990C1D79-A460-40B9-AA26-F8790FE3BD6B}.Debug|Any CPU.Build.0 = Debug|Any CPU
		{990C1D79-A460-40B9-AA26-F8790FE3BD6B}.Debug|ARM.ActiveCfg = Debug|Any CPU
		{990C1D79-A460-40B9-AA26-F8790FE3BD6B}.Debug|ARM.Build.0 = Debug|Any CPU
		{990C1D79-A460-40B9-AA26-F8790FE3BD6B}.Debug|iPhone.ActiveCfg = Debug|Any CPU
		{990C1D79-A460-40B9-AA26-F8790FE3BD6B}.Debug|iPhone.Build.0 = Debug|Any CPU
		{990C1D79-A460-40B9-AA26-F8790FE3BD6B}.Debug|iPhoneSimulator.ActiveCfg = Debug|Any CPU
		{990C1D79-A460-40B9-AA26-F8790FE3BD6B}.Debug|iPhoneSimulator.Build.0 = Debug|Any CPU
		{990C1D79-A460-40B9-AA26-F8790FE3BD6B}.Debug|x86.ActiveCfg = Debug|Any CPU
		{990C1D79-A460-40B9-AA26-F8790FE3BD6B}.Debug|x86.Build.0 = Debug|Any CPU
		{990C1D79-A460-40B9-AA26-F8790FE3BD6B}.Release|Any CPU.ActiveCfg = Release|Any CPU
		{990C1D79-A460-40B9-AA26-F8790FE3BD6B}.Release|Any CPU.Build.0 = Release|Any CPU
		{990C1D79-A460-40B9-AA26-F8790FE3BD6B}.Release|ARM.ActiveCfg = Release|Any CPU
		{990C1D79-A460-40B9-AA26-F8790FE3BD6B}.Release|ARM.Build.0 = Release|Any CPU
		{990C1D79-A460-40B9-AA26-F8790FE3BD6B}.Release|iPhone.ActiveCfg = Release|Any CPU
		{990C1D79-A460-40B9-AA26-F8790FE3BD6B}.Release|iPhone.Build.0 = Release|Any CPU
		{990C1D79-A460-40B9-AA26-F8790FE3BD6B}.Release|iPhoneSimulator.ActiveCfg = Release|Any CPU
		{990C1D79-A460-40B9-AA26-F8790FE3BD6B}.Release|iPhoneSimulator.Build.0 = Release|Any CPU
		{990C1D79-A460-40B9-AA26-F8790FE3BD6B}.Release|x86.ActiveCfg = Release|Any CPU
		{990C1D79-A460-40B9-AA26-F8790FE3BD6B}.Release|x86.Build.0 = Release|Any CPU
		{C16C92FF-ABAA-4BEF-AA25-9964C1007AD6}.Ad-Hoc|Any CPU.ActiveCfg = Release|Any CPU
		{C16C92FF-ABAA-4BEF-AA25-9964C1007AD6}.Ad-Hoc|Any CPU.Build.0 = Release|Any CPU
		{C16C92FF-ABAA-4BEF-AA25-9964C1007AD6}.Ad-Hoc|ARM.ActiveCfg = Release|Any CPU
		{C16C92FF-ABAA-4BEF-AA25-9964C1007AD6}.Ad-Hoc|ARM.Build.0 = Release|Any CPU
		{C16C92FF-ABAA-4BEF-AA25-9964C1007AD6}.Ad-Hoc|iPhone.ActiveCfg = Release|Any CPU
		{C16C92FF-ABAA-4BEF-AA25-9964C1007AD6}.Ad-Hoc|iPhone.Build.0 = Release|Any CPU
		{C16C92FF-ABAA-4BEF-AA25-9964C1007AD6}.Ad-Hoc|iPhoneSimulator.ActiveCfg = Release|Any CPU
		{C16C92FF-ABAA-4BEF-AA25-9964C1007AD6}.Ad-Hoc|iPhoneSimulator.Build.0 = Release|Any CPU
		{C16C92FF-ABAA-4BEF-AA25-9964C1007AD6}.Ad-Hoc|x86.ActiveCfg = Release|Any CPU
		{C16C92FF-ABAA-4BEF-AA25-9964C1007AD6}.Ad-Hoc|x86.Build.0 = Release|Any CPU
		{C16C92FF-ABAA-4BEF-AA25-9964C1007AD6}.AppStore|Any CPU.ActiveCfg = Release|Any CPU
		{C16C92FF-ABAA-4BEF-AA25-9964C1007AD6}.AppStore|Any CPU.Build.0 = Release|Any CPU
		{C16C92FF-ABAA-4BEF-AA25-9964C1007AD6}.AppStore|ARM.ActiveCfg = Release|Any CPU
		{C16C92FF-ABAA-4BEF-AA25-9964C1007AD6}.AppStore|ARM.Build.0 = Release|Any CPU
		{C16C92FF-ABAA-4BEF-AA25-9964C1007AD6}.AppStore|iPhone.ActiveCfg = Release|Any CPU
		{C16C92FF-ABAA-4BEF-AA25-9964C1007AD6}.AppStore|iPhone.Build.0 = Release|Any CPU
		{C16C92FF-ABAA-4BEF-AA25-9964C1007AD6}.AppStore|iPhoneSimulator.ActiveCfg = Release|Any CPU
		{C16C92FF-ABAA-4BEF-AA25-9964C1007AD6}.AppStore|iPhoneSimulator.Build.0 = Release|Any CPU
		{C16C92FF-ABAA-4BEF-AA25-9964C1007AD6}.AppStore|x86.ActiveCfg = Release|Any CPU
		{C16C92FF-ABAA-4BEF-AA25-9964C1007AD6}.AppStore|x86.Build.0 = Release|Any CPU
		{C16C92FF-ABAA-4BEF-AA25-9964C1007AD6}.Debug|Any CPU.ActiveCfg = Debug|Any CPU
		{C16C92FF-ABAA-4BEF-AA25-9964C1007AD6}.Debug|Any CPU.Build.0 = Debug|Any CPU
		{C16C92FF-ABAA-4BEF-AA25-9964C1007AD6}.Debug|ARM.ActiveCfg = Debug|Any CPU
		{C16C92FF-ABAA-4BEF-AA25-9964C1007AD6}.Debug|ARM.Build.0 = Debug|Any CPU
		{C16C92FF-ABAA-4BEF-AA25-9964C1007AD6}.Debug|iPhone.ActiveCfg = Debug|Any CPU
		{C16C92FF-ABAA-4BEF-AA25-9964C1007AD6}.Debug|iPhone.Build.0 = Debug|Any CPU
		{C16C92FF-ABAA-4BEF-AA25-9964C1007AD6}.Debug|iPhoneSimulator.ActiveCfg = Debug|Any CPU
		{C16C92FF-ABAA-4BEF-AA25-9964C1007AD6}.Debug|iPhoneSimulator.Build.0 = Debug|Any CPU
		{C16C92FF-ABAA-4BEF-AA25-9964C1007AD6}.Debug|x86.ActiveCfg = Debug|Any CPU
		{C16C92FF-ABAA-4BEF-AA25-9964C1007AD6}.Debug|x86.Build.0 = Debug|Any CPU
		{C16C92FF-ABAA-4BEF-AA25-9964C1007AD6}.Release|Any CPU.ActiveCfg = Release|Any CPU
		{C16C92FF-ABAA-4BEF-AA25-9964C1007AD6}.Release|Any CPU.Build.0 = Release|Any CPU
		{C16C92FF-ABAA-4BEF-AA25-9964C1007AD6}.Release|ARM.ActiveCfg = Release|Any CPU
		{C16C92FF-ABAA-4BEF-AA25-9964C1007AD6}.Release|ARM.Build.0 = Release|Any CPU
		{C16C92FF-ABAA-4BEF-AA25-9964C1007AD6}.Release|iPhone.ActiveCfg = Release|Any CPU
		{C16C92FF-ABAA-4BEF-AA25-9964C1007AD6}.Release|iPhone.Build.0 = Release|Any CPU
		{C16C92FF-ABAA-4BEF-AA25-9964C1007AD6}.Release|iPhoneSimulator.ActiveCfg = Release|Any CPU
		{C16C92FF-ABAA-4BEF-AA25-9964C1007AD6}.Release|iPhoneSimulator.Build.0 = Release|Any CPU
		{C16C92FF-ABAA-4BEF-AA25-9964C1007AD6}.Release|x86.ActiveCfg = Release|Any CPU
		{C16C92FF-ABAA-4BEF-AA25-9964C1007AD6}.Release|x86.Build.0 = Release|Any CPU
		{F3033E0C-1DB5-406E-B6A7-E1C794FAD7F3}.Ad-Hoc|Any CPU.ActiveCfg = Release|Any CPU
		{F3033E0C-1DB5-406E-B6A7-E1C794FAD7F3}.Ad-Hoc|Any CPU.Build.0 = Release|Any CPU
		{F3033E0C-1DB5-406E-B6A7-E1C794FAD7F3}.Ad-Hoc|ARM.ActiveCfg = Release|Any CPU
		{F3033E0C-1DB5-406E-B6A7-E1C794FAD7F3}.Ad-Hoc|ARM.Build.0 = Release|Any CPU
		{F3033E0C-1DB5-406E-B6A7-E1C794FAD7F3}.Ad-Hoc|iPhone.ActiveCfg = Release|Any CPU
		{F3033E0C-1DB5-406E-B6A7-E1C794FAD7F3}.Ad-Hoc|iPhone.Build.0 = Release|Any CPU
		{F3033E0C-1DB5-406E-B6A7-E1C794FAD7F3}.Ad-Hoc|iPhoneSimulator.ActiveCfg = Release|Any CPU
		{F3033E0C-1DB5-406E-B6A7-E1C794FAD7F3}.Ad-Hoc|iPhoneSimulator.Build.0 = Release|Any CPU
		{F3033E0C-1DB5-406E-B6A7-E1C794FAD7F3}.Ad-Hoc|x86.ActiveCfg = Release|Any CPU
		{F3033E0C-1DB5-406E-B6A7-E1C794FAD7F3}.Ad-Hoc|x86.Build.0 = Release|Any CPU
		{F3033E0C-1DB5-406E-B6A7-E1C794FAD7F3}.AppStore|Any CPU.ActiveCfg = Release|Any CPU
		{F3033E0C-1DB5-406E-B6A7-E1C794FAD7F3}.AppStore|Any CPU.Build.0 = Release|Any CPU
		{F3033E0C-1DB5-406E-B6A7-E1C794FAD7F3}.AppStore|ARM.ActiveCfg = Release|Any CPU
		{F3033E0C-1DB5-406E-B6A7-E1C794FAD7F3}.AppStore|ARM.Build.0 = Release|Any CPU
		{F3033E0C-1DB5-406E-B6A7-E1C794FAD7F3}.AppStore|iPhone.ActiveCfg = Release|Any CPU
		{F3033E0C-1DB5-406E-B6A7-E1C794FAD7F3}.AppStore|iPhone.Build.0 = Release|Any CPU
		{F3033E0C-1DB5-406E-B6A7-E1C794FAD7F3}.AppStore|iPhoneSimulator.ActiveCfg = Release|Any CPU
		{F3033E0C-1DB5-406E-B6A7-E1C794FAD7F3}.AppStore|iPhoneSimulator.Build.0 = Release|Any CPU
		{F3033E0C-1DB5-406E-B6A7-E1C794FAD7F3}.AppStore|x86.ActiveCfg = Release|Any CPU
		{F3033E0C-1DB5-406E-B6A7-E1C794FAD7F3}.AppStore|x86.Build.0 = Release|Any CPU
		{F3033E0C-1DB5-406E-B6A7-E1C794FAD7F3}.Debug|Any CPU.ActiveCfg = Debug|Any CPU
		{F3033E0C-1DB5-406E-B6A7-E1C794FAD7F3}.Debug|Any CPU.Build.0 = Debug|Any CPU
		{F3033E0C-1DB5-406E-B6A7-E1C794FAD7F3}.Debug|ARM.ActiveCfg = Debug|Any CPU
		{F3033E0C-1DB5-406E-B6A7-E1C794FAD7F3}.Debug|ARM.Build.0 = Debug|Any CPU
		{F3033E0C-1DB5-406E-B6A7-E1C794FAD7F3}.Debug|iPhone.ActiveCfg = Debug|Any CPU
		{F3033E0C-1DB5-406E-B6A7-E1C794FAD7F3}.Debug|iPhone.Build.0 = Debug|Any CPU
		{F3033E0C-1DB5-406E-B6A7-E1C794FAD7F3}.Debug|iPhoneSimulator.ActiveCfg = Debug|Any CPU
		{F3033E0C-1DB5-406E-B6A7-E1C794FAD7F3}.Debug|iPhoneSimulator.Build.0 = Debug|Any CPU
		{F3033E0C-1DB5-406E-B6A7-E1C794FAD7F3}.Debug|x86.ActiveCfg = Debug|Any CPU
		{F3033E0C-1DB5-406E-B6A7-E1C794FAD7F3}.Debug|x86.Build.0 = Debug|Any CPU
		{F3033E0C-1DB5-406E-B6A7-E1C794FAD7F3}.Release|Any CPU.ActiveCfg = Release|Any CPU
		{F3033E0C-1DB5-406E-B6A7-E1C794FAD7F3}.Release|Any CPU.Build.0 = Release|Any CPU
		{F3033E0C-1DB5-406E-B6A7-E1C794FAD7F3}.Release|ARM.ActiveCfg = Release|Any CPU
		{F3033E0C-1DB5-406E-B6A7-E1C794FAD7F3}.Release|ARM.Build.0 = Release|Any CPU
		{F3033E0C-1DB5-406E-B6A7-E1C794FAD7F3}.Release|iPhone.ActiveCfg = Release|Any CPU
		{F3033E0C-1DB5-406E-B6A7-E1C794FAD7F3}.Release|iPhone.Build.0 = Release|Any CPU
		{F3033E0C-1DB5-406E-B6A7-E1C794FAD7F3}.Release|iPhoneSimulator.ActiveCfg = Release|Any CPU
		{F3033E0C-1DB5-406E-B6A7-E1C794FAD7F3}.Release|iPhoneSimulator.Build.0 = Release|Any CPU
		{F3033E0C-1DB5-406E-B6A7-E1C794FAD7F3}.Release|x86.ActiveCfg = Release|Any CPU
		{F3033E0C-1DB5-406E-B6A7-E1C794FAD7F3}.Release|x86.Build.0 = Release|Any CPU
		{1E9127A6-A3CF-4F94-92FE-13FB4252DA0E}.Ad-Hoc|Any CPU.ActiveCfg = Release|Any CPU
		{1E9127A6-A3CF-4F94-92FE-13FB4252DA0E}.Ad-Hoc|Any CPU.Build.0 = Release|Any CPU
		{1E9127A6-A3CF-4F94-92FE-13FB4252DA0E}.Ad-Hoc|Any CPU.Deploy.0 = Release|Any CPU
		{1E9127A6-A3CF-4F94-92FE-13FB4252DA0E}.Ad-Hoc|ARM.ActiveCfg = Release|ARM
		{1E9127A6-A3CF-4F94-92FE-13FB4252DA0E}.Ad-Hoc|ARM.Build.0 = Release|ARM
		{1E9127A6-A3CF-4F94-92FE-13FB4252DA0E}.Ad-Hoc|ARM.Deploy.0 = Release|ARM
		{1E9127A6-A3CF-4F94-92FE-13FB4252DA0E}.Ad-Hoc|iPhone.ActiveCfg = Release|Any CPU
		{1E9127A6-A3CF-4F94-92FE-13FB4252DA0E}.Ad-Hoc|iPhone.Build.0 = Release|Any CPU
		{1E9127A6-A3CF-4F94-92FE-13FB4252DA0E}.Ad-Hoc|iPhone.Deploy.0 = Release|Any CPU
		{1E9127A6-A3CF-4F94-92FE-13FB4252DA0E}.Ad-Hoc|iPhoneSimulator.ActiveCfg = Release|Any CPU
		{1E9127A6-A3CF-4F94-92FE-13FB4252DA0E}.Ad-Hoc|iPhoneSimulator.Build.0 = Release|Any CPU
		{1E9127A6-A3CF-4F94-92FE-13FB4252DA0E}.Ad-Hoc|iPhoneSimulator.Deploy.0 = Release|Any CPU
		{1E9127A6-A3CF-4F94-92FE-13FB4252DA0E}.Ad-Hoc|x86.ActiveCfg = Release|x86
		{1E9127A6-A3CF-4F94-92FE-13FB4252DA0E}.Ad-Hoc|x86.Build.0 = Release|x86
		{1E9127A6-A3CF-4F94-92FE-13FB4252DA0E}.Ad-Hoc|x86.Deploy.0 = Release|x86
		{1E9127A6-A3CF-4F94-92FE-13FB4252DA0E}.AppStore|Any CPU.ActiveCfg = Release|Any CPU
		{1E9127A6-A3CF-4F94-92FE-13FB4252DA0E}.AppStore|Any CPU.Build.0 = Release|Any CPU
		{1E9127A6-A3CF-4F94-92FE-13FB4252DA0E}.AppStore|Any CPU.Deploy.0 = Release|Any CPU
		{1E9127A6-A3CF-4F94-92FE-13FB4252DA0E}.AppStore|ARM.ActiveCfg = Release|ARM
		{1E9127A6-A3CF-4F94-92FE-13FB4252DA0E}.AppStore|ARM.Build.0 = Release|ARM
		{1E9127A6-A3CF-4F94-92FE-13FB4252DA0E}.AppStore|ARM.Deploy.0 = Release|ARM
		{1E9127A6-A3CF-4F94-92FE-13FB4252DA0E}.AppStore|iPhone.ActiveCfg = Release|Any CPU
		{1E9127A6-A3CF-4F94-92FE-13FB4252DA0E}.AppStore|iPhone.Build.0 = Release|Any CPU
		{1E9127A6-A3CF-4F94-92FE-13FB4252DA0E}.AppStore|iPhone.Deploy.0 = Release|Any CPU
		{1E9127A6-A3CF-4F94-92FE-13FB4252DA0E}.AppStore|iPhoneSimulator.ActiveCfg = Release|Any CPU
		{1E9127A6-A3CF-4F94-92FE-13FB4252DA0E}.AppStore|iPhoneSimulator.Build.0 = Release|Any CPU
		{1E9127A6-A3CF-4F94-92FE-13FB4252DA0E}.AppStore|iPhoneSimulator.Deploy.0 = Release|Any CPU
		{1E9127A6-A3CF-4F94-92FE-13FB4252DA0E}.AppStore|x86.ActiveCfg = Release|x86
		{1E9127A6-A3CF-4F94-92FE-13FB4252DA0E}.AppStore|x86.Build.0 = Release|x86
		{1E9127A6-A3CF-4F94-92FE-13FB4252DA0E}.AppStore|x86.Deploy.0 = Release|x86
		{1E9127A6-A3CF-4F94-92FE-13FB4252DA0E}.Debug|Any CPU.ActiveCfg = Debug|Any CPU
		{1E9127A6-A3CF-4F94-92FE-13FB4252DA0E}.Debug|Any CPU.Build.0 = Debug|Any CPU
		{1E9127A6-A3CF-4F94-92FE-13FB4252DA0E}.Debug|Any CPU.Deploy.0 = Debug|Any CPU
		{1E9127A6-A3CF-4F94-92FE-13FB4252DA0E}.Debug|ARM.ActiveCfg = Debug|ARM
		{1E9127A6-A3CF-4F94-92FE-13FB4252DA0E}.Debug|ARM.Build.0 = Debug|ARM
		{1E9127A6-A3CF-4F94-92FE-13FB4252DA0E}.Debug|ARM.Deploy.0 = Debug|ARM
		{1E9127A6-A3CF-4F94-92FE-13FB4252DA0E}.Debug|iPhone.ActiveCfg = Debug|Any CPU
		{1E9127A6-A3CF-4F94-92FE-13FB4252DA0E}.Debug|iPhone.Build.0 = Debug|Any CPU
		{1E9127A6-A3CF-4F94-92FE-13FB4252DA0E}.Debug|iPhone.Deploy.0 = Debug|Any CPU
		{1E9127A6-A3CF-4F94-92FE-13FB4252DA0E}.Debug|iPhoneSimulator.ActiveCfg = Debug|Any CPU
		{1E9127A6-A3CF-4F94-92FE-13FB4252DA0E}.Debug|iPhoneSimulator.Build.0 = Debug|Any CPU
		{1E9127A6-A3CF-4F94-92FE-13FB4252DA0E}.Debug|iPhoneSimulator.Deploy.0 = Debug|Any CPU
		{1E9127A6-A3CF-4F94-92FE-13FB4252DA0E}.Debug|x86.ActiveCfg = Debug|x86
		{1E9127A6-A3CF-4F94-92FE-13FB4252DA0E}.Debug|x86.Build.0 = Debug|x86
		{1E9127A6-A3CF-4F94-92FE-13FB4252DA0E}.Debug|x86.Deploy.0 = Debug|x86
		{1E9127A6-A3CF-4F94-92FE-13FB4252DA0E}.Release|Any CPU.ActiveCfg = Release|Any CPU
		{1E9127A6-A3CF-4F94-92FE-13FB4252DA0E}.Release|Any CPU.Build.0 = Release|Any CPU
		{1E9127A6-A3CF-4F94-92FE-13FB4252DA0E}.Release|Any CPU.Deploy.0 = Release|Any CPU
		{1E9127A6-A3CF-4F94-92FE-13FB4252DA0E}.Release|ARM.ActiveCfg = Release|ARM
		{1E9127A6-A3CF-4F94-92FE-13FB4252DA0E}.Release|ARM.Build.0 = Release|ARM
		{1E9127A6-A3CF-4F94-92FE-13FB4252DA0E}.Release|ARM.Deploy.0 = Release|ARM
		{1E9127A6-A3CF-4F94-92FE-13FB4252DA0E}.Release|iPhone.ActiveCfg = Release|Any CPU
		{1E9127A6-A3CF-4F94-92FE-13FB4252DA0E}.Release|iPhone.Build.0 = Release|Any CPU
		{1E9127A6-A3CF-4F94-92FE-13FB4252DA0E}.Release|iPhone.Deploy.0 = Release|Any CPU
		{1E9127A6-A3CF-4F94-92FE-13FB4252DA0E}.Release|iPhoneSimulator.ActiveCfg = Release|Any CPU
		{1E9127A6-A3CF-4F94-92FE-13FB4252DA0E}.Release|iPhoneSimulator.Build.0 = Release|Any CPU
		{1E9127A6-A3CF-4F94-92FE-13FB4252DA0E}.Release|iPhoneSimulator.Deploy.0 = Release|Any CPU
		{1E9127A6-A3CF-4F94-92FE-13FB4252DA0E}.Release|x86.ActiveCfg = Release|x86
		{1E9127A6-A3CF-4F94-92FE-13FB4252DA0E}.Release|x86.Build.0 = Release|x86
		{1E9127A6-A3CF-4F94-92FE-13FB4252DA0E}.Release|x86.Deploy.0 = Release|x86
		{6920447F-76B1-4739-822E-9CE3A2882718}.Ad-Hoc|Any CPU.ActiveCfg = Release|Any CPU
		{6920447F-76B1-4739-822E-9CE3A2882718}.Ad-Hoc|Any CPU.Build.0 = Release|Any CPU
		{6920447F-76B1-4739-822E-9CE3A2882718}.Ad-Hoc|ARM.ActiveCfg = Release|Any CPU
		{6920447F-76B1-4739-822E-9CE3A2882718}.Ad-Hoc|ARM.Build.0 = Release|Any CPU
		{6920447F-76B1-4739-822E-9CE3A2882718}.Ad-Hoc|iPhone.ActiveCfg = Release|Any CPU
		{6920447F-76B1-4739-822E-9CE3A2882718}.Ad-Hoc|iPhone.Build.0 = Release|Any CPU
		{6920447F-76B1-4739-822E-9CE3A2882718}.Ad-Hoc|iPhoneSimulator.ActiveCfg = Release|Any CPU
		{6920447F-76B1-4739-822E-9CE3A2882718}.Ad-Hoc|iPhoneSimulator.Build.0 = Release|Any CPU
		{6920447F-76B1-4739-822E-9CE3A2882718}.Ad-Hoc|x86.ActiveCfg = Release|Any CPU
		{6920447F-76B1-4739-822E-9CE3A2882718}.Ad-Hoc|x86.Build.0 = Release|Any CPU
		{6920447F-76B1-4739-822E-9CE3A2882718}.AppStore|Any CPU.ActiveCfg = Release|Any CPU
		{6920447F-76B1-4739-822E-9CE3A2882718}.AppStore|Any CPU.Build.0 = Release|Any CPU
		{6920447F-76B1-4739-822E-9CE3A2882718}.AppStore|ARM.ActiveCfg = Release|Any CPU
		{6920447F-76B1-4739-822E-9CE3A2882718}.AppStore|ARM.Build.0 = Release|Any CPU
		{6920447F-76B1-4739-822E-9CE3A2882718}.AppStore|iPhone.ActiveCfg = Release|Any CPU
		{6920447F-76B1-4739-822E-9CE3A2882718}.AppStore|iPhone.Build.0 = Release|Any CPU
		{6920447F-76B1-4739-822E-9CE3A2882718}.AppStore|iPhoneSimulator.ActiveCfg = Release|Any CPU
		{6920447F-76B1-4739-822E-9CE3A2882718}.AppStore|iPhoneSimulator.Build.0 = Release|Any CPU
		{6920447F-76B1-4739-822E-9CE3A2882718}.AppStore|x86.ActiveCfg = Release|Any CPU
		{6920447F-76B1-4739-822E-9CE3A2882718}.AppStore|x86.Build.0 = Release|Any CPU
		{6920447F-76B1-4739-822E-9CE3A2882718}.Debug|Any CPU.ActiveCfg = Debug|Any CPU
		{6920447F-76B1-4739-822E-9CE3A2882718}.Debug|Any CPU.Build.0 = Debug|Any CPU
		{6920447F-76B1-4739-822E-9CE3A2882718}.Debug|ARM.ActiveCfg = Debug|Any CPU
		{6920447F-76B1-4739-822E-9CE3A2882718}.Debug|ARM.Build.0 = Debug|Any CPU
		{6920447F-76B1-4739-822E-9CE3A2882718}.Debug|iPhone.ActiveCfg = Debug|Any CPU
		{6920447F-76B1-4739-822E-9CE3A2882718}.Debug|iPhone.Build.0 = Debug|Any CPU
		{6920447F-76B1-4739-822E-9CE3A2882718}.Debug|iPhoneSimulator.ActiveCfg = Debug|Any CPU
		{6920447F-76B1-4739-822E-9CE3A2882718}.Debug|iPhoneSimulator.Build.0 = Debug|Any CPU
		{6920447F-76B1-4739-822E-9CE3A2882718}.Debug|x86.ActiveCfg = Debug|Any CPU
		{6920447F-76B1-4739-822E-9CE3A2882718}.Debug|x86.Build.0 = Debug|Any CPU
		{6920447F-76B1-4739-822E-9CE3A2882718}.Release|Any CPU.ActiveCfg = Release|Any CPU
		{6920447F-76B1-4739-822E-9CE3A2882718}.Release|Any CPU.Build.0 = Release|Any CPU
		{6920447F-76B1-4739-822E-9CE3A2882718}.Release|ARM.ActiveCfg = Release|Any CPU
		{6920447F-76B1-4739-822E-9CE3A2882718}.Release|ARM.Build.0 = Release|Any CPU
		{6920447F-76B1-4739-822E-9CE3A2882718}.Release|iPhone.ActiveCfg = Release|Any CPU
		{6920447F-76B1-4739-822E-9CE3A2882718}.Release|iPhone.Build.0 = Release|Any CPU
		{6920447F-76B1-4739-822E-9CE3A2882718}.Release|iPhoneSimulator.ActiveCfg = Release|Any CPU
		{6920447F-76B1-4739-822E-9CE3A2882718}.Release|iPhoneSimulator.Build.0 = Release|Any CPU
		{6920447F-76B1-4739-822E-9CE3A2882718}.Release|x86.ActiveCfg = Release|Any CPU
		{6920447F-76B1-4739-822E-9CE3A2882718}.Release|x86.Build.0 = Release|Any CPU
		{3A42609F-0DC8-4F4E-9069-8D7782592577}.Ad-Hoc|Any CPU.ActiveCfg = Release|Any CPU
		{3A42609F-0DC8-4F4E-9069-8D7782592577}.Ad-Hoc|Any CPU.Build.0 = Release|Any CPU
		{3A42609F-0DC8-4F4E-9069-8D7782592577}.Ad-Hoc|ARM.ActiveCfg = Release|Any CPU
		{3A42609F-0DC8-4F4E-9069-8D7782592577}.Ad-Hoc|ARM.Build.0 = Release|Any CPU
		{3A42609F-0DC8-4F4E-9069-8D7782592577}.Ad-Hoc|iPhone.ActiveCfg = Release|Any CPU
		{3A42609F-0DC8-4F4E-9069-8D7782592577}.Ad-Hoc|iPhone.Build.0 = Release|Any CPU
		{3A42609F-0DC8-4F4E-9069-8D7782592577}.Ad-Hoc|iPhoneSimulator.ActiveCfg = Release|Any CPU
		{3A42609F-0DC8-4F4E-9069-8D7782592577}.Ad-Hoc|iPhoneSimulator.Build.0 = Release|Any CPU
		{3A42609F-0DC8-4F4E-9069-8D7782592577}.Ad-Hoc|x86.ActiveCfg = Release|Any CPU
		{3A42609F-0DC8-4F4E-9069-8D7782592577}.Ad-Hoc|x86.Build.0 = Release|Any CPU
		{3A42609F-0DC8-4F4E-9069-8D7782592577}.AppStore|Any CPU.ActiveCfg = Release|Any CPU
		{3A42609F-0DC8-4F4E-9069-8D7782592577}.AppStore|Any CPU.Build.0 = Release|Any CPU
		{3A42609F-0DC8-4F4E-9069-8D7782592577}.AppStore|ARM.ActiveCfg = Release|Any CPU
		{3A42609F-0DC8-4F4E-9069-8D7782592577}.AppStore|ARM.Build.0 = Release|Any CPU
		{3A42609F-0DC8-4F4E-9069-8D7782592577}.AppStore|iPhone.ActiveCfg = Release|Any CPU
		{3A42609F-0DC8-4F4E-9069-8D7782592577}.AppStore|iPhone.Build.0 = Release|Any CPU
		{3A42609F-0DC8-4F4E-9069-8D7782592577}.AppStore|iPhoneSimulator.ActiveCfg = Release|Any CPU
		{3A42609F-0DC8-4F4E-9069-8D7782592577}.AppStore|iPhoneSimulator.Build.0 = Release|Any CPU
		{3A42609F-0DC8-4F4E-9069-8D7782592577}.AppStore|x86.ActiveCfg = Release|Any CPU
		{3A42609F-0DC8-4F4E-9069-8D7782592577}.AppStore|x86.Build.0 = Release|Any CPU
		{3A42609F-0DC8-4F4E-9069-8D7782592577}.Debug|Any CPU.ActiveCfg = Debug|Any CPU
		{3A42609F-0DC8-4F4E-9069-8D7782592577}.Debug|Any CPU.Build.0 = Debug|Any CPU
		{3A42609F-0DC8-4F4E-9069-8D7782592577}.Debug|ARM.ActiveCfg = Debug|Any CPU
		{3A42609F-0DC8-4F4E-9069-8D7782592577}.Debug|ARM.Build.0 = Debug|Any CPU
		{3A42609F-0DC8-4F4E-9069-8D7782592577}.Debug|iPhone.ActiveCfg = Debug|Any CPU
		{3A42609F-0DC8-4F4E-9069-8D7782592577}.Debug|iPhone.Build.0 = Debug|Any CPU
		{3A42609F-0DC8-4F4E-9069-8D7782592577}.Debug|iPhoneSimulator.ActiveCfg = Debug|Any CPU
		{3A42609F-0DC8-4F4E-9069-8D7782592577}.Debug|iPhoneSimulator.Build.0 = Debug|Any CPU
		{3A42609F-0DC8-4F4E-9069-8D7782592577}.Debug|x86.ActiveCfg = Debug|Any CPU
		{3A42609F-0DC8-4F4E-9069-8D7782592577}.Debug|x86.Build.0 = Debug|Any CPU
		{3A42609F-0DC8-4F4E-9069-8D7782592577}.Release|Any CPU.ActiveCfg = Release|Any CPU
		{3A42609F-0DC8-4F4E-9069-8D7782592577}.Release|Any CPU.Build.0 = Release|Any CPU
		{3A42609F-0DC8-4F4E-9069-8D7782592577}.Release|ARM.ActiveCfg = Release|Any CPU
		{3A42609F-0DC8-4F4E-9069-8D7782592577}.Release|ARM.Build.0 = Release|Any CPU
		{3A42609F-0DC8-4F4E-9069-8D7782592577}.Release|iPhone.ActiveCfg = Release|Any CPU
		{3A42609F-0DC8-4F4E-9069-8D7782592577}.Release|iPhone.Build.0 = Release|Any CPU
		{3A42609F-0DC8-4F4E-9069-8D7782592577}.Release|iPhoneSimulator.ActiveCfg = Release|Any CPU
		{3A42609F-0DC8-4F4E-9069-8D7782592577}.Release|iPhoneSimulator.Build.0 = Release|Any CPU
		{3A42609F-0DC8-4F4E-9069-8D7782592577}.Release|x86.ActiveCfg = Release|Any CPU
		{3A42609F-0DC8-4F4E-9069-8D7782592577}.Release|x86.Build.0 = Release|Any CPU
	EndGlobalSection
	GlobalSection(SolutionProperties) = preSolution
		HideSolutionNode = FALSE
	EndGlobalSection
	GlobalSection(NestedProjects) = preSolution
		{6920447F-76B1-4739-822E-9CE3A2882718} = {F9C354AC-286D-4FDC-A0D2-B0CA6254EF6C}
		{3A42609F-0DC8-4F4E-9069-8D7782592577} = {F9C354AC-286D-4FDC-A0D2-B0CA6254EF6C}
	EndGlobalSection
EndGlobal
